// !$*UTF8*$!
{
	archiveVersion = 1;
	classes = {
	};
	objectVersion = 52;
	objects = {

/* Begin PBXBuildFile section */
		5A3CB7C524E25CFF00A9212B /* RhythmicApp.swift in Sources */ = {isa = PBXBuildFile; fileRef = 5A3CB7C424E25CFF00A9212B /* RhythmicApp.swift */; };
		5A3CB7C724E25CFF00A9212B /* ContentView.swift in Sources */ = {isa = PBXBuildFile; fileRef = 5A3CB7C624E25CFF00A9212B /* ContentView.swift */; };
		5A3CB7C924E25D0000A9212B /* Assets.xcassets in Resources */ = {isa = PBXBuildFile; fileRef = 5A3CB7C824E25D0000A9212B /* Assets.xcassets */; };
		5A3CB7CC24E25D0000A9212B /* Preview Assets.xcassets in Resources */ = {isa = PBXBuildFile; fileRef = 5A3CB7CB24E25D0000A9212B /* Preview Assets.xcassets */; };
		5A3CB7D724E25D0000A9212B /* RhythmicTests.swift in Sources */ = {isa = PBXBuildFile; fileRef = 5A3CB7D624E25D0000A9212B /* RhythmicTests.swift */; };
		5A3CB7E224E25D0000A9212B /* RhythmicUITests.swift in Sources */ = {isa = PBXBuildFile; fileRef = 5A3CB7E124E25D0000A9212B /* RhythmicUITests.swift */; };
		5A3CB7F024E25DA200A9212B /* ExperimentalView.swift in Sources */ = {isa = PBXBuildFile; fileRef = 5A3CB7EF24E25DA200A9212B /* ExperimentalView.swift */; };
		5A3CB7F324E25E7200A9212B /* FileKit in Frameworks */ = {isa = PBXBuildFile; productRef = 5A3CB7F224E25E7200A9212B /* FileKit */; };
/* End PBXBuildFile section */

/* Begin PBXContainerItemProxy section */
		5A3CB7D324E25D0000A9212B /* PBXContainerItemProxy */ = {
			isa = PBXContainerItemProxy;
			containerPortal = 5A3CB7B924E25CFF00A9212B /* Project object */;
			proxyType = 1;
			remoteGlobalIDString = 5A3CB7C024E25CFF00A9212B;
			remoteInfo = Rhythmic;
		};
		5A3CB7DE24E25D0000A9212B /* PBXContainerItemProxy */ = {
			isa = PBXContainerItemProxy;
			containerPortal = 5A3CB7B924E25CFF00A9212B /* Project object */;
			proxyType = 1;
			remoteGlobalIDString = 5A3CB7C024E25CFF00A9212B;
			remoteInfo = Rhythmic;
		};
/* End PBXContainerItemProxy section */

/* Begin PBXFileReference section */
		5A3CB7C124E25CFF00A9212B /* Rhythmic.app */ = {isa = PBXFileReference; explicitFileType = wrapper.application; includeInIndex = 0; path = Rhythmic.app; sourceTree = BUILT_PRODUCTS_DIR; };
		5A3CB7C424E25CFF00A9212B /* RhythmicApp.swift */ = {isa = PBXFileReference; lastKnownFileType = sourcecode.swift; path = RhythmicApp.swift; sourceTree = "<group>"; };
		5A3CB7C624E25CFF00A9212B /* ContentView.swift */ = {isa = PBXFileReference; lastKnownFileType = sourcecode.swift; path = ContentView.swift; sourceTree = "<group>"; };
		5A3CB7C824E25D0000A9212B /* Assets.xcassets */ = {isa = PBXFileReference; lastKnownFileType = folder.assetcatalog; path = Assets.xcassets; sourceTree = "<group>"; };
		5A3CB7CB24E25D0000A9212B /* Preview Assets.xcassets */ = {isa = PBXFileReference; lastKnownFileType = folder.assetcatalog; path = "Preview Assets.xcassets"; sourceTree = "<group>"; };
		5A3CB7CD24E25D0000A9212B /* Info.plist */ = {isa = PBXFileReference; lastKnownFileType = text.plist.xml; path = Info.plist; sourceTree = "<group>"; };
		5A3CB7D224E25D0000A9212B /* RhythmicTests.xctest */ = {isa = PBXFileReference; explicitFileType = wrapper.cfbundle; includeInIndex = 0; path = RhythmicTests.xctest; sourceTree = BUILT_PRODUCTS_DIR; };
		5A3CB7D624E25D0000A9212B /* RhythmicTests.swift */ = {isa = PBXFileReference; lastKnownFileType = sourcecode.swift; path = RhythmicTests.swift; sourceTree = "<group>"; };
		5A3CB7D824E25D0000A9212B /* Info.plist */ = {isa = PBXFileReference; lastKnownFileType = text.plist.xml; path = Info.plist; sourceTree = "<group>"; };
		5A3CB7DD24E25D0000A9212B /* RhythmicUITests.xctest */ = {isa = PBXFileReference; explicitFileType = wrapper.cfbundle; includeInIndex = 0; path = RhythmicUITests.xctest; sourceTree = BUILT_PRODUCTS_DIR; };
		5A3CB7E124E25D0000A9212B /* RhythmicUITests.swift */ = {isa = PBXFileReference; lastKnownFileType = sourcecode.swift; path = RhythmicUITests.swift; sourceTree = "<group>"; };
		5A3CB7E324E25D0000A9212B /* Info.plist */ = {isa = PBXFileReference; lastKnownFileType = text.plist.xml; path = Info.plist; sourceTree = "<group>"; };
		5A3CB7EF24E25DA200A9212B /* ExperimentalView.swift */ = {isa = PBXFileReference; fileEncoding = 4; lastKnownFileType = sourcecode.swift; path = ExperimentalView.swift; sourceTree = "<group>"; };
/* End PBXFileReference section */

/* Begin PBXFrameworksBuildPhase section */
		5A3CB7BE24E25CFF00A9212B /* Frameworks */ = {
			isa = PBXFrameworksBuildPhase;
			buildActionMask = 2147483647;
			files = (
				5A3CB7F324E25E7200A9212B /* FileKit in Frameworks */,
			);
			runOnlyForDeploymentPostprocessing = 0;
		};
		5A3CB7CF24E25D0000A9212B /* Frameworks */ = {
			isa = PBXFrameworksBuildPhase;
			buildActionMask = 2147483647;
			files = (
			);
			runOnlyForDeploymentPostprocessing = 0;
		};
		5A3CB7DA24E25D0000A9212B /* Frameworks */ = {
			isa = PBXFrameworksBuildPhase;
			buildActionMask = 2147483647;
			files = (
			);
			runOnlyForDeploymentPostprocessing = 0;
		};
/* End PBXFrameworksBuildPhase section */

/* Begin PBXGroup section */
		5A3CB7B824E25CFF00A9212B = {
			isa = PBXGroup;
			children = (
				5A3CB7C324E25CFF00A9212B /* Rhythmic */,
				5A3CB7D524E25D0000A9212B /* RhythmicTests */,
				5A3CB7E024E25D0000A9212B /* RhythmicUITests */,
				5A3CB7C224E25CFF00A9212B /* Products */,
			);
			sourceTree = "<group>";
		};
		5A3CB7C224E25CFF00A9212B /* Products */ = {
			isa = PBXGroup;
			children = (
				5A3CB7C124E25CFF00A9212B /* Rhythmic.app */,
				5A3CB7D224E25D0000A9212B /* RhythmicTests.xctest */,
				5A3CB7DD24E25D0000A9212B /* RhythmicUITests.xctest */,
			);
			name = Products;
			sourceTree = "<group>";
		};
		5A3CB7C324E25CFF00A9212B /* Rhythmic */ = {
			isa = PBXGroup;
			children = (
				5A3CB7F724E25EC800A9212B /* Model */,
				5A3CB7C424E25CFF00A9212B /* RhythmicApp.swift */,
				5A3CB7C624E25CFF00A9212B /* ContentView.swift */,
				5A3CB7EF24E25DA200A9212B /* ExperimentalView.swift */,
				5A3CB7C824E25D0000A9212B /* Assets.xcassets */,
				5A3CB7CD24E25D0000A9212B /* Info.plist */,
				5A3CB7CA24E25D0000A9212B /* Preview Content */,
			);
			path = Rhythmic;
			sourceTree = "<group>";
		};
		5A3CB7CA24E25D0000A9212B /* Preview Content */ = {
			isa = PBXGroup;
			children = (
				5A3CB7CB24E25D0000A9212B /* Preview Assets.xcassets */,
			);
			path = "Preview Content";
			sourceTree = "<group>";
		};
		5A3CB7D524E25D0000A9212B /* RhythmicTests */ = {
			isa = PBXGroup;
			children = (
				5A3CB7D624E25D0000A9212B /* RhythmicTests.swift */,
				5A3CB7F424E25E7C00A9212B /* Model Tests */,
				5A3CB7D824E25D0000A9212B /* Info.plist */,
			);
			path = RhythmicTests;
			sourceTree = "<group>";
		};
		5A3CB7E024E25D0000A9212B /* RhythmicUITests */ = {
			isa = PBXGroup;
			children = (
				5A3CB7E124E25D0000A9212B /* RhythmicUITests.swift */,
				5A3CB7E324E25D0000A9212B /* Info.plist */,
			);
			path = RhythmicUITests;
			sourceTree = "<group>";
		};
		5A3CB7F424E25E7C00A9212B /* Model Tests */ = {
			isa = PBXGroup;
			children = (
			);
			path = "Model Tests";
			sourceTree = "<group>";
		};
		5A3CB7F724E25EC800A9212B /* Model */ = {
			isa = PBXGroup;
			children = (
			);
			path = Model;
			sourceTree = "<group>";
		};
/* End PBXGroup section */

/* Begin PBXNativeTarget section */
		5A3CB7C024E25CFF00A9212B /* Rhythmic */ = {
			isa = PBXNativeTarget;
			buildConfigurationList = 5A3CB7E624E25D0000A9212B /* Build configuration list for PBXNativeTarget "Rhythmic" */;
			buildPhases = (
				5A3CB7BD24E25CFF00A9212B /* Sources */,
				5A3CB7BE24E25CFF00A9212B /* Frameworks */,
				5A3CB7BF24E25CFF00A9212B /* Resources */,
			);
			buildRules = (
			);
			dependencies = (
			);
			name = Rhythmic;
			packageProductDependencies = (
				5A3CB7F224E25E7200A9212B /* FileKit */,
			);
			productName = Rhythmic;
			productReference = 5A3CB7C124E25CFF00A9212B /* Rhythmic.app */;
			productType = "com.apple.product-type.application";
		};
		5A3CB7D124E25D0000A9212B /* RhythmicTests */ = {
			isa = PBXNativeTarget;
			buildConfigurationList = 5A3CB7E924E25D0000A9212B /* Build configuration list for PBXNativeTarget "RhythmicTests" */;
			buildPhases = (
				5A3CB7CE24E25D0000A9212B /* Sources */,
				5A3CB7CF24E25D0000A9212B /* Frameworks */,
				5A3CB7D024E25D0000A9212B /* Resources */,
			);
			buildRules = (
			);
			dependencies = (
				5A3CB7D424E25D0000A9212B /* PBXTargetDependency */,
			);
			name = RhythmicTests;
			productName = RhythmicTests;
			productReference = 5A3CB7D224E25D0000A9212B /* RhythmicTests.xctest */;
			productType = "com.apple.product-type.bundle.unit-test";
		};
		5A3CB7DC24E25D0000A9212B /* RhythmicUITests */ = {
			isa = PBXNativeTarget;
			buildConfigurationList = 5A3CB7EC24E25D0000A9212B /* Build configuration list for PBXNativeTarget "RhythmicUITests" */;
			buildPhases = (
				5A3CB7D924E25D0000A9212B /* Sources */,
				5A3CB7DA24E25D0000A9212B /* Frameworks */,
				5A3CB7DB24E25D0000A9212B /* Resources */,
			);
			buildRules = (
			);
			dependencies = (
				5A3CB7DF24E25D0000A9212B /* PBXTargetDependency */,
			);
			name = RhythmicUITests;
			productName = RhythmicUITests;
			productReference = 5A3CB7DD24E25D0000A9212B /* RhythmicUITests.xctest */;
			productType = "com.apple.product-type.bundle.ui-testing";
		};
/* End PBXNativeTarget section */

/* Begin PBXProject section */
		5A3CB7B924E25CFF00A9212B /* Project object */ = {
			isa = PBXProject;
			attributes = {
				LastSwiftUpdateCheck = 1200;
				LastUpgradeCheck = 1200;
				TargetAttributes = {
					5A3CB7C024E25CFF00A9212B = {
						CreatedOnToolsVersion = 12.0;
					};
					5A3CB7D124E25D0000A9212B = {
						CreatedOnToolsVersion = 12.0;
						TestTargetID = 5A3CB7C024E25CFF00A9212B;
					};
					5A3CB7DC24E25D0000A9212B = {
						CreatedOnToolsVersion = 12.0;
						TestTargetID = 5A3CB7C024E25CFF00A9212B;
					};
				};
			};
			buildConfigurationList = 5A3CB7BC24E25CFF00A9212B /* Build configuration list for PBXProject "Rhythmic" */;
			compatibilityVersion = "Xcode 9.3";
			developmentRegion = en;
			hasScannedForEncodings = 0;
			knownRegions = (
				en,
				Base,
			);
			mainGroup = 5A3CB7B824E25CFF00A9212B;
			packageReferences = (
				5A3CB7F124E25E7200A9212B /* XCRemoteSwiftPackageReference "FileKit" */,
			);
			productRefGroup = 5A3CB7C224E25CFF00A9212B /* Products */;
			projectDirPath = "";
			projectRoot = "";
			targets = (
				5A3CB7C024E25CFF00A9212B /* Rhythmic */,
				5A3CB7D124E25D0000A9212B /* RhythmicTests */,
				5A3CB7DC24E25D0000A9212B /* RhythmicUITests */,
			);
		};
/* End PBXProject section */

/* Begin PBXResourcesBuildPhase section */
		5A3CB7BF24E25CFF00A9212B /* Resources */ = {
			isa = PBXResourcesBuildPhase;
			buildActionMask = 2147483647;
			files = (
				5A3CB7CC24E25D0000A9212B /* Preview Assets.xcassets in Resources */,
				5A3CB7C924E25D0000A9212B /* Assets.xcassets in Resources */,
			);
			runOnlyForDeploymentPostprocessing = 0;
		};
		5A3CB7D024E25D0000A9212B /* Resources */ = {
			isa = PBXResourcesBuildPhase;
			buildActionMask = 2147483647;
			files = (
			);
			runOnlyForDeploymentPostprocessing = 0;
		};
		5A3CB7DB24E25D0000A9212B /* Resources */ = {
			isa = PBXResourcesBuildPhase;
			buildActionMask = 2147483647;
			files = (
			);
			runOnlyForDeploymentPostprocessing = 0;
		};
/* End PBXResourcesBuildPhase section */

/* Begin PBXSourcesBuildPhase section */
		5A3CB7BD24E25CFF00A9212B /* Sources */ = {
			isa = PBXSourcesBuildPhase;
			buildActionMask = 2147483647;
			files = (
				5A3CB7C724E25CFF00A9212B /* ContentView.swift in Sources */,
				5A3CB7F024E25DA200A9212B /* ExperimentalView.swift in Sources */,
				5A3CB7C524E25CFF00A9212B /* RhythmicApp.swift in Sources */,
			);
			runOnlyForDeploymentPostprocessing = 0;
		};
		5A3CB7CE24E25D0000A9212B /* Sources */ = {
			isa = PBXSourcesBuildPhase;
			buildActionMask = 2147483647;
			files = (
				5A3CB7D724E25D0000A9212B /* RhythmicTests.swift in Sources */,
			);
			runOnlyForDeploymentPostprocessing = 0;
		};
		5A3CB7D924E25D0000A9212B /* Sources */ = {
			isa = PBXSourcesBuildPhase;
			buildActionMask = 2147483647;
			files = (
				5A3CB7E224E25D0000A9212B /* RhythmicUITests.swift in Sources */,
			);
			runOnlyForDeploymentPostprocessing = 0;
		};
/* End PBXSourcesBuildPhase section */

/* Begin PBXTargetDependency section */
		5A3CB7D424E25D0000A9212B /* PBXTargetDependency */ = {
			isa = PBXTargetDependency;
			target = 5A3CB7C024E25CFF00A9212B /* Rhythmic */;
			targetProxy = 5A3CB7D324E25D0000A9212B /* PBXContainerItemProxy */;
		};
		5A3CB7DF24E25D0000A9212B /* PBXTargetDependency */ = {
			isa = PBXTargetDependency;
			target = 5A3CB7C024E25CFF00A9212B /* Rhythmic */;
			targetProxy = 5A3CB7DE24E25D0000A9212B /* PBXContainerItemProxy */;
		};
/* End PBXTargetDependency section */

/* Begin XCBuildConfiguration section */
		5A3CB7E424E25D0000A9212B /* Debug */ = {
			isa = XCBuildConfiguration;
			buildSettings = {
				ALWAYS_SEARCH_USER_PATHS = NO;
				CLANG_ANALYZER_NONNULL = YES;
				CLANG_ANALYZER_NUMBER_OBJECT_CONVERSION = YES_AGGRESSIVE;
				CLANG_CXX_LANGUAGE_STANDARD = "gnu++14";
				CLANG_CXX_LIBRARY = "libc++";
				CLANG_ENABLE_MODULES = YES;
				CLANG_ENABLE_OBJC_ARC = YES;
				CLANG_ENABLE_OBJC_WEAK = YES;
				CLANG_WARN_BLOCK_CAPTURE_AUTORELEASING = YES;
				CLANG_WARN_BOOL_CONVERSION = YES;
				CLANG_WARN_COMMA = YES;
				CLANG_WARN_CONSTANT_CONVERSION = YES;
				CLANG_WARN_DEPRECATED_OBJC_IMPLEMENTATIONS = YES;
				CLANG_WARN_DIRECT_OBJC_ISA_USAGE = YES_ERROR;
				CLANG_WARN_DOCUMENTATION_COMMENTS = YES;
				CLANG_WARN_EMPTY_BODY = YES;
				CLANG_WARN_ENUM_CONVERSION = YES;
				CLANG_WARN_INFINITE_RECURSION = YES;
				CLANG_WARN_INT_CONVERSION = YES;
				CLANG_WARN_NON_LITERAL_NULL_CONVERSION = YES;
				CLANG_WARN_OBJC_IMPLICIT_RETAIN_SELF = YES;
				CLANG_WARN_OBJC_LITERAL_CONVERSION = YES;
				CLANG_WARN_OBJC_ROOT_CLASS = YES_ERROR;
				CLANG_WARN_QUOTED_INCLUDE_IN_FRAMEWORK_HEADER = YES;
				CLANG_WARN_RANGE_LOOP_ANALYSIS = YES;
				CLANG_WARN_STRICT_PROTOTYPES = YES;
				CLANG_WARN_SUSPICIOUS_MOVE = YES;
				CLANG_WARN_UNGUARDED_AVAILABILITY = YES_AGGRESSIVE;
				CLANG_WARN_UNREACHABLE_CODE = YES;
				CLANG_WARN__DUPLICATE_METHOD_MATCH = YES;
				COPY_PHASE_STRIP = NO;
				DEBUG_INFORMATION_FORMAT = dwarf;
				ENABLE_STRICT_OBJC_MSGSEND = YES;
				ENABLE_TESTABILITY = YES;
				GCC_C_LANGUAGE_STANDARD = gnu11;
				GCC_DYNAMIC_NO_PIC = NO;
				GCC_NO_COMMON_BLOCKS = YES;
				GCC_OPTIMIZATION_LEVEL = 0;
				GCC_PREPROCESSOR_DEFINITIONS = (
					"DEBUG=1",
					"$(inherited)",
				);
				GCC_WARN_64_TO_32_BIT_CONVERSION = YES;
				GCC_WARN_ABOUT_RETURN_TYPE = YES_ERROR;
				GCC_WARN_UNDECLARED_SELECTOR = YES;
				GCC_WARN_UNINITIALIZED_AUTOS = YES_AGGRESSIVE;
				GCC_WARN_UNUSED_FUNCTION = YES;
				GCC_WARN_UNUSED_VARIABLE = YES;
				IPHONEOS_DEPLOYMENT_TARGET = 14.0;
				MTL_ENABLE_DEBUG_INFO = INCLUDE_SOURCE;
				MTL_FAST_MATH = YES;
				ONLY_ACTIVE_ARCH = YES;
				SDKROOT = iphoneos;
				SWIFT_ACTIVE_COMPILATION_CONDITIONS = DEBUG;
				SWIFT_OPTIMIZATION_LEVEL = "-Onone";
			};
			name = Debug;
		};
		5A3CB7E524E25D0000A9212B /* Release */ = {
			isa = XCBuildConfiguration;
			buildSettings = {
				ALWAYS_SEARCH_USER_PATHS = NO;
				CLANG_ANALYZER_NONNULL = YES;
				CLANG_ANALYZER_NUMBER_OBJECT_CONVERSION = YES_AGGRESSIVE;
				CLANG_CXX_LANGUAGE_STANDARD = "gnu++14";
				CLANG_CXX_LIBRARY = "libc++";
				CLANG_ENABLE_MODULES = YES;
				CLANG_ENABLE_OBJC_ARC = YES;
				CLANG_ENABLE_OBJC_WEAK = YES;
				CLANG_WARN_BLOCK_CAPTURE_AUTORELEASING = YES;
				CLANG_WARN_BOOL_CONVERSION = YES;
				CLANG_WARN_COMMA = YES;
				CLANG_WARN_CONSTANT_CONVERSION = YES;
				CLANG_WARN_DEPRECATED_OBJC_IMPLEMENTATIONS = YES;
				CLANG_WARN_DIRECT_OBJC_ISA_USAGE = YES_ERROR;
				CLANG_WARN_DOCUMENTATION_COMMENTS = YES;
				CLANG_WARN_EMPTY_BODY = YES;
				CLANG_WARN_ENUM_CONVERSION = YES;
				CLANG_WARN_INFINITE_RECURSION = YES;
				CLANG_WARN_INT_CONVERSION = YES;
				CLANG_WARN_NON_LITERAL_NULL_CONVERSION = YES;
				CLANG_WARN_OBJC_IMPLICIT_RETAIN_SELF = YES;
				CLANG_WARN_OBJC_LITERAL_CONVERSION = YES;
				CLANG_WARN_OBJC_ROOT_CLASS = YES_ERROR;
				CLANG_WARN_QUOTED_INCLUDE_IN_FRAMEWORK_HEADER = YES;
				CLANG_WARN_RANGE_LOOP_ANALYSIS = YES;
				CLANG_WARN_STRICT_PROTOTYPES = YES;
				CLANG_WARN_SUSPICIOUS_MOVE = YES;
				CLANG_WARN_UNGUARDED_AVAILABILITY = YES_AGGRESSIVE;
				CLANG_WARN_UNREACHABLE_CODE = YES;
				CLANG_WARN__DUPLICATE_METHOD_MATCH = YES;
				COPY_PHASE_STRIP = NO;
				DEBUG_INFORMATION_FORMAT = "dwarf-with-dsym";
				ENABLE_NS_ASSERTIONS = NO;
				ENABLE_STRICT_OBJC_MSGSEND = YES;
				GCC_C_LANGUAGE_STANDARD = gnu11;
				GCC_NO_COMMON_BLOCKS = YES;
				GCC_WARN_64_TO_32_BIT_CONVERSION = YES;
				GCC_WARN_ABOUT_RETURN_TYPE = YES_ERROR;
				GCC_WARN_UNDECLARED_SELECTOR = YES;
				GCC_WARN_UNINITIALIZED_AUTOS = YES_AGGRESSIVE;
				GCC_WARN_UNUSED_FUNCTION = YES;
				GCC_WARN_UNUSED_VARIABLE = YES;
				IPHONEOS_DEPLOYMENT_TARGET = 14.0;
				MTL_ENABLE_DEBUG_INFO = NO;
				MTL_FAST_MATH = YES;
				SDKROOT = iphoneos;
				SWIFT_COMPILATION_MODE = wholemodule;
				SWIFT_OPTIMIZATION_LEVEL = "-O";
				VALIDATE_PRODUCT = YES;
			};
			name = Release;
		};
		5A3CB7E724E25D0000A9212B /* Debug */ = {
			isa = XCBuildConfiguration;
			buildSettings = {
				ASSETCATALOG_COMPILER_APPICON_NAME = AppIcon;
				ASSETCATALOG_COMPILER_GLOBAL_ACCENT_COLOR_NAME = AccentColor;
				CODE_SIGN_STYLE = Automatic;
				DEVELOPMENT_ASSET_PATHS = "\"Rhythmic/Preview Content\"";
				DEVELOPMENT_TEAM = TN69P7NFS6;
				ENABLE_PREVIEWS = YES;
				INFOPLIST_FILE = Rhythmic/Info.plist;
				IPHONEOS_DEPLOYMENT_TARGET = 14.0;
				LD_RUNPATH_SEARCH_PATHS = (
					"$(inherited)",
					"@executable_path/Frameworks",
				);
				PRODUCT_BUNDLE_IDENTIFIER = com.huntereisler.Rhythmic;
				PRODUCT_NAME = "$(TARGET_NAME)";
				SWIFT_VERSION = 5.0;
				TARGETED_DEVICE_FAMILY = "1,2";
			};
			name = Debug;
		};
		5A3CB7E824E25D0000A9212B /* Release */ = {
			isa = XCBuildConfiguration;
			buildSettings = {
				ASSETCATALOG_COMPILER_APPICON_NAME = AppIcon;
				ASSETCATALOG_COMPILER_GLOBAL_ACCENT_COLOR_NAME = AccentColor;
				CODE_SIGN_STYLE = Automatic;
				DEVELOPMENT_ASSET_PATHS = "\"Rhythmic/Preview Content\"";
				DEVELOPMENT_TEAM = TN69P7NFS6;
				ENABLE_PREVIEWS = YES;
				INFOPLIST_FILE = Rhythmic/Info.plist;
				IPHONEOS_DEPLOYMENT_TARGET = 14.0;
				LD_RUNPATH_SEARCH_PATHS = (
					"$(inherited)",
					"@executable_path/Frameworks",
				);
				PRODUCT_BUNDLE_IDENTIFIER = com.huntereisler.Rhythmic;
				PRODUCT_NAME = "$(TARGET_NAME)";
				SWIFT_VERSION = 5.0;
				TARGETED_DEVICE_FAMILY = "1,2";
			};
			name = Release;
		};
		5A3CB7EA24E25D0000A9212B /* Debug */ = {
			isa = XCBuildConfiguration;
			buildSettings = {
				ALWAYS_EMBED_SWIFT_STANDARD_LIBRARIES = YES;
				BUNDLE_LOADER = "$(TEST_HOST)";
				CODE_SIGN_STYLE = Automatic;
				DEVELOPMENT_TEAM = TN69P7NFS6;
				INFOPLIST_FILE = RhythmicTests/Info.plist;
				IPHONEOS_DEPLOYMENT_TARGET = 14.0;
				LD_RUNPATH_SEARCH_PATHS = (
					"$(inherited)",
					"@executable_path/Frameworks",
					"@loader_path/Frameworks",
				);
				PRODUCT_BUNDLE_IDENTIFIER = com.huntereisler.RhythmicTests;
				PRODUCT_NAME = "$(TARGET_NAME)";
				SWIFT_VERSION = 5.0;
				TARGETED_DEVICE_FAMILY = "1,2";
				TEST_HOST = "$(BUILT_PRODUCTS_DIR)/Rhythmic.app/Rhythmic";
			};
			name = Debug;
		};
		5A3CB7EB24E25D0000A9212B /* Release */ = {
			isa = XCBuildConfiguration;
			buildSettings = {
				ALWAYS_EMBED_SWIFT_STANDARD_LIBRARIES = YES;
				BUNDLE_LOADER = "$(TEST_HOST)";
				CODE_SIGN_STYLE = Automatic;
				DEVELOPMENT_TEAM = TN69P7NFS6;
				INFOPLIST_FILE = RhythmicTests/Info.plist;
				IPHONEOS_DEPLOYMENT_TARGET = 14.0;
				LD_RUNPATH_SEARCH_PATHS = (
					"$(inherited)",
					"@executable_path/Frameworks",
					"@loader_path/Frameworks",
				);
				PRODUCT_BUNDLE_IDENTIFIER = com.huntereisler.RhythmicTests;
				PRODUCT_NAME = "$(TARGET_NAME)";
				SWIFT_VERSION = 5.0;
				TARGETED_DEVICE_FAMILY = "1,2";
				TEST_HOST = "$(BUILT_PRODUCTS_DIR)/Rhythmic.app/Rhythmic";
			};
			name = Release;
		};
		5A3CB7ED24E25D0000A9212B /* Debug */ = {
			isa = XCBuildConfiguration;
			buildSettings = {
				ALWAYS_EMBED_SWIFT_STANDARD_LIBRARIES = YES;
				CODE_SIGN_STYLE = Automatic;
				DEVELOPMENT_TEAM = TN69P7NFS6;
				INFOPLIST_FILE = RhythmicUITests/Info.plist;
				LD_RUNPATH_SEARCH_PATHS = (
					"$(inherited)",
					"@executable_path/Frameworks",
					"@loader_path/Frameworks",
				);
				PRODUCT_BUNDLE_IDENTIFIER = com.huntereisler.RhythmicUITests;
				PRODUCT_NAME = "$(TARGET_NAME)";
				SWIFT_VERSION = 5.0;
				TARGETED_DEVICE_FAMILY = "1,2";
				TEST_TARGET_NAME = Rhythmic;
			};
			name = Debug;
		};
		5A3CB7EE24E25D0000A9212B /* Release */ = {
			isa = XCBuildConfiguration;
			buildSettings = {
				ALWAYS_EMBED_SWIFT_STANDARD_LIBRARIES = YES;
				CODE_SIGN_STYLE = Automatic;
				DEVELOPMENT_TEAM = TN69P7NFS6;
				INFOPLIST_FILE = RhythmicUITests/Info.plist;
				LD_RUNPATH_SEARCH_PATHS = (
					"$(inherited)",
					"@executable_path/Frameworks",
					"@loader_path/Frameworks",
				);
				PRODUCT_BUNDLE_IDENTIFIER = com.huntereisler.RhythmicUITests;
				PRODUCT_NAME = "$(TARGET_NAME)";
				SWIFT_VERSION = 5.0;
				TARGETED_DEVICE_FAMILY = "1,2";
				TEST_TARGET_NAME = Rhythmic;
			};
			name = Release;
		};
/* End XCBuildConfiguration section */

/* Begin XCConfigurationList section */
		5A3CB7BC24E25CFF00A9212B /* Build configuration list for PBXProject "Rhythmic" */ = {
			isa = XCConfigurationList;
			buildConfigurations = (
				5A3CB7E424E25D0000A9212B /* Debug */,
				5A3CB7E524E25D0000A9212B /* Release */,
			);
			defaultConfigurationIsVisible = 0;
			defaultConfigurationName = Release;
		};
		5A3CB7E624E25D0000A9212B /* Build configuration list for PBXNativeTarget "Rhythmic" */ = {
			isa = XCConfigurationList;
			buildConfigurations = (
				5A3CB7E724E25D0000A9212B /* Debug */,
				5A3CB7E824E25D0000A9212B /* Release */,
			);
			defaultConfigurationIsVisible = 0;
			defaultConfigurationName = Release;
		};
		5A3CB7E924E25D0000A9212B /* Build configuration list for PBXNativeTarget "RhythmicTests" */ = {
			isa = XCConfigurationList;
			buildConfigurations = (
				5A3CB7EA24E25D0000A9212B /* Debug */,
				5A3CB7EB24E25D0000A9212B /* Release */,
			);
			defaultConfigurationIsVisible = 0;
			defaultConfigurationName = Release;
		};
		5A3CB7EC24E25D0000A9212B /* Build configuration list for PBXNativeTarget "RhythmicUITests" */ = {
			isa = XCConfigurationList;
			buildConfigurations = (
				5A3CB7ED24E25D0000A9212B /* Debug */,
				5A3CB7EE24E25D0000A9212B /* Release */,
			);
			defaultConfigurationIsVisible = 0;
			defaultConfigurationName = Release;
		};
/* End XCConfigurationList section */

/* Begin XCRemoteSwiftPackageReference section */
		5A3CB7F124E25E7200A9212B /* XCRemoteSwiftPackageReference "FileKit" */ = {
			isa = XCRemoteSwiftPackageReference;
			repositoryURL = "https://github.com/nvzqz/FileKit";
			requirement = {
				kind = upToNextMajorVersion;
				minimumVersion = 6.0.0;
			};
		};
/* End XCRemoteSwiftPackageReference section */

/* Begin XCSwiftPackageProductDependency section */
		5A3CB7F224E25E7200A9212B /* FileKit */ = {
			isa = XCSwiftPackageProductDependency;
			package = 5A3CB7F124E25E7200A9212B /* XCRemoteSwiftPackageReference "FileKit" */;
			productName = FileKit;
		};
/* End XCSwiftPackageProductDependency section */
	};
	rootObject = 5A3CB7B924E25CFF00A9212B /* Project object */;
}
