// !$*UTF8*$!
{
	archiveVersion = 1;
	classes = {
	};
	objectVersion = 46;
	objects = {

/* Begin PBXBuildFile section */
		5A017D3D1FDA395F0030103B /* It's Time.mp3 in Resources */ = {isa = PBXBuildFile; fileRef = 5A017D3C1FDA395F0030103B /* It's Time.mp3 */; };
		5A017D3F1FDA531F0030103B /* Good Old Days (feat. Kesha).mp3 in Resources */ = {isa = PBXBuildFile; fileRef = 5A017D3E1FDA531F0030103B /* Good Old Days (feat. Kesha).mp3 */; };
		5A0B3FED1F74CEF100A60D9F /* Tracks.plist in Resources */ = {isa = PBXBuildFile; fileRef = 5A0B3FEC1F74CEF100A60D9F /* Tracks.plist */; };
		5A0D0F2B202393E60086F50E /* Working Man.mp3 in Resources */ = {isa = PBXBuildFile; fileRef = 5A0D0F2A202393E60086F50E /* Working Man.mp3 */; };
		5A0D0F2D2027A2BF0086F50E /* Fallen.mp3 in Resources */ = {isa = PBXBuildFile; fileRef = 5A0D0F2C2027A2BF0086F50E /* Fallen.mp3 */; };
		5A0D0F2F202808600086F50E /* My Fault.mp3 in Resources */ = {isa = PBXBuildFile; fileRef = 5A0D0F2E202808600086F50E /* My Fault.mp3 */; };
		5A0D0F322028086B0086F50E /* Round and Round.mp3 in Resources */ = {isa = PBXBuildFile; fileRef = 5A0D0F302028086A0086F50E /* Round and Round.mp3 */; };
		5A0D0F332028086B0086F50E /* America.mp3 in Resources */ = {isa = PBXBuildFile; fileRef = 5A0D0F312028086B0086F50E /* America.mp3 */; };
		5A0D0F35202EB7AA0086F50E /* Feel Again.mp3 in Resources */ = {isa = PBXBuildFile; fileRef = 5A0D0F34202EB7AA0086F50E /* Feel Again.mp3 */; };
		5A15980F200BFE4A00CD4E36 /* Knocking at the Door.mp3 in Resources */ = {isa = PBXBuildFile; fileRef = 5A15980E200BFE4A00CD4E36 /* Knocking at the Door.mp3 */; };
		5A159811200E9BAE00CD4E36 /* Whatever It Takes.mp3 in Resources */ = {isa = PBXBuildFile; fileRef = 5A159810200E9BAE00CD4E36 /* Whatever It Takes.mp3 */; };
		5A3049491EAF18D10000A144 /* If I Lose Myself.mp3 in Resources */ = {isa = PBXBuildFile; fileRef = 5A3049481EAF18D10000A144 /* If I Lose Myself.mp3 */; };
		5A3CD1B01F6A57920015683B /* Battle of the Heroes.mp3 in Resources */ = {isa = PBXBuildFile; fileRef = 5A3CD1A61F6A57920015683B /* Battle of the Heroes.mp3 */; };
		5A3CD1B11F6A57920015683B /* Beyond Main Theme.mp3 in Resources */ = {isa = PBXBuildFile; fileRef = 5A3CD1A71F6A57920015683B /* Beyond Main Theme.mp3 */; };
		5A3CD1B21F6A57920015683B /* Counting Stars Instrumental.mp3 in Resources */ = {isa = PBXBuildFile; fileRef = 5A3CD1A81F6A57920015683B /* Counting Stars Instrumental.mp3 */; };
		5A3CD1B31F6A57920015683B /* Enterprising Young Men.mp3 in Resources */ = {isa = PBXBuildFile; fileRef = 5A3CD1A91F6A57920015683B /* Enterprising Young Men.mp3 */; };
		5A3CD1B41F6A57920015683B /* Feel Again Instrumental.mp3 in Resources */ = {isa = PBXBuildFile; fileRef = 5A3CD1AA1F6A57920015683B /* Feel Again Instrumental.mp3 */; };
		5A3CD1B51F6A57920015683B /* Jedi Steps and Finale.mp3 in Resources */ = {isa = PBXBuildFile; fileRef = 5A3CD1AB1F6A57920015683B /* Jedi Steps and Finale.mp3 */; };
		5A3CD1B61F6A57920015683B /* Main Star Wars.mp3 in Resources */ = {isa = PBXBuildFile; fileRef = 5A3CD1AC1F6A57920015683B /* Main Star Wars.mp3 */; };
		5A3CD1B71F6A57920015683B /* Star Trek Main Theme.mp3 in Resources */ = {isa = PBXBuildFile; fileRef = 5A3CD1AD1F6A57920015683B /* Star Trek Main Theme.mp3 */; };
		5A3CD1B81F6A57920015683B /* The Force Suite.mp3 in Resources */ = {isa = PBXBuildFile; fileRef = 5A3CD1AE1F6A57920015683B /* The Force Suite.mp3 */; };
		5A3CD1B91F6A57920015683B /* The Force Theme.mp3 in Resources */ = {isa = PBXBuildFile; fileRef = 5A3CD1AF1F6A57920015683B /* The Force Theme.mp3 */; };
		5A4748FD1F9BF89B000D58AD /* Home Now.mp3 in Resources */ = {isa = PBXBuildFile; fileRef = 5A4748FC1F9BF89A000D58AD /* Home Now.mp3 */; };
		5A4748FF1F9BFEE4000D58AD /* I Could Not Plan This.mp3 in Resources */ = {isa = PBXBuildFile; fileRef = 5A4748FE1F9BFEE4000D58AD /* I Could Not Plan This.mp3 */; };
		5A4D50B31FD219350040820C /* Dream.mp3 in Resources */ = {isa = PBXBuildFile; fileRef = 5A4D50B21FD219350040820C /* Dream.mp3 */; };
		5A4D50BA1FD710EE0040820C /* Polaroid.mp3 in Resources */ = {isa = PBXBuildFile; fileRef = 5A4D50B91FD710EE0040820C /* Polaroid.mp3 */; };
		5A50D84F1FA2453000D12D55 /* Isochronic.mp3 in Resources */ = {isa = PBXBuildFile; fileRef = 5A50D84E1FA2452F00D12D55 /* Isochronic.mp3 */; };
		5A5181841F567947007FA781 /* Song for Sienna.mp3 in Resources */ = {isa = PBXBuildFile; fileRef = 5A5181831F567947007FA781 /* Song for Sienna.mp3 */; };
		5A55982B1F7B5A9900AF9E9F /* What You Wanted.mp3 in Resources */ = {isa = PBXBuildFile; fileRef = 5A5598171F7B5A9100AF9E9F /* What You Wanted.mp3 */; };
		5A55982C1F7B5A9900AF9E9F /* Miracles.mp3 in Resources */ = {isa = PBXBuildFile; fileRef = 5A5598181F7B5A9200AF9E9F /* Miracles.mp3 */; };
		5A55982D1F7B5A9900AF9E9F /* Truth to Power.mp3 in Resources */ = {isa = PBXBuildFile; fileRef = 5A5598191F7B5A9200AF9E9F /* Truth to Power.mp3 */; };
		5A55982E1F7B5A9900AF9E9F /* Life in Color.mp3 in Resources */ = {isa = PBXBuildFile; fileRef = 5A55981A1F7B5A9300AF9E9F /* Life in Color.mp3 */; };
		5A55982F1F7B5A9900AF9E9F /* Better.mp3 in Resources */ = {isa = PBXBuildFile; fileRef = 5A55981B1F7B5A9300AF9E9F /* Better.mp3 */; };
		5A5598301F7B5A9900AF9E9F /* Lift Me Up.mp3 in Resources */ = {isa = PBXBuildFile; fileRef = 5A55981C1F7B5A9300AF9E9F /* Lift Me Up.mp3 */; };
		5A5598311F7B5A9900AF9E9F /* Counting Stars.mp3 in Resources */ = {isa = PBXBuildFile; fileRef = 5A55981D1F7B5A9400AF9E9F /* Counting Stars.mp3 */; };
		5A5598321F7B5A9900AF9E9F /* Hand of God.mp3 in Resources */ = {isa = PBXBuildFile; fileRef = 5A55981E1F7B5A9400AF9E9F /* Hand of God.mp3 */; };
		5A5598331F7B5A9900AF9E9F /* Marchin On.mp3 in Resources */ = {isa = PBXBuildFile; fileRef = 5A55981F1F7B5A9500AF9E9F /* Marchin On.mp3 */; };
		5A5598341F7B5A9900AF9E9F /* Praying by Kesha.mp3 in Resources */ = {isa = PBXBuildFile; fileRef = 5A5598201F7B5A9500AF9E9F /* Praying by Kesha.mp3 */; };
		5A5598351F7B5A9900AF9E9F /* Heaven.mp3 in Resources */ = {isa = PBXBuildFile; fileRef = 5A5598211F7B5A9500AF9E9F /* Heaven.mp3 */; };
		5A5598361F7B5A9900AF9E9F /* Learn to Let Go.mp3 in Resources */ = {isa = PBXBuildFile; fileRef = 5A5598221F7B5A9600AF9E9F /* Learn to Let Go.mp3 */; };
		5A5598381F7B5A9900AF9E9F /* 5 Secrets.mp3 in Resources */ = {isa = PBXBuildFile; fileRef = 5A5598241F7B5A9600AF9E9F /* 5 Secrets.mp3 */; };
		5A5598391F7B5A9900AF9E9F /* Preacher.mp3 in Resources */ = {isa = PBXBuildFile; fileRef = 5A5598251F7B5A9700AF9E9F /* Preacher.mp3 */; };
		5A55983A1F7B5A9900AF9E9F /* Human.mp3 in Resources */ = {isa = PBXBuildFile; fileRef = 5A5598261F7B5A9700AF9E9F /* Human.mp3 */; };
		5A55983B1F7B5A9900AF9E9F /* Looking Too Closely.mp3 in Resources */ = {isa = PBXBuildFile; fileRef = 5A5598271F7B5A9800AF9E9F /* Looking Too Closely.mp3 */; };
		5A55983C1F7B5A9900AF9E9F /* Let's Hurt Tonight.mp3 in Resources */ = {isa = PBXBuildFile; fileRef = 5A5598281F7B5A9800AF9E9F /* Let's Hurt Tonight.mp3 */; };
		5A55983D1F7B5A9900AF9E9F /* Praying.mp3 in Resources */ = {isa = PBXBuildFile; fileRef = 5A5598291F7B5A9800AF9E9F /* Praying.mp3 */; };
		5A55983E1F7B5A9900AF9E9F /* Au Revoir.mp3 in Resources */ = {isa = PBXBuildFile; fileRef = 5A55982A1F7B5A9900AF9E9F /* Au Revoir.mp3 */; };
		5A5598401F7B5E6C00AF9E9F /* Courtyard Apocalypse.mp3 in Resources */ = {isa = PBXBuildFile; fileRef = 5A55983F1F7B5E6C00AF9E9F /* Courtyard Apocalypse.mp3 */; };
		5A5598421F7C1E7300AF9E9F /* On Top of the World.mp3 in Resources */ = {isa = PBXBuildFile; fileRef = 5A5598411F7C1E7300AF9E9F /* On Top of the World.mp3 */; };
		5A5598641F7ED9FC00AF9E9F /* Nothing Left to Say.mp3 in Resources */ = {isa = PBXBuildFile; fileRef = 5A5598631F7ED9FC00AF9E9F /* Nothing Left to Say.mp3 */; };
		5A57DB1E1FBF891200DC46B6 /* Luck.mp3 in Resources */ = {isa = PBXBuildFile; fileRef = 5A57DB1D1FBF891200DC46B6 /* Luck.mp3 */; };
		5A57DB201FBF893500DC46B6 /* Day to Feel Alive.mp3 in Resources */ = {isa = PBXBuildFile; fileRef = 5A57DB1F1FBF893500DC46B6 /* Day to Feel Alive.mp3 */; };
		5A57DB221FC0DF4200DC46B6 /* Hold Back The River.mp3 in Resources */ = {isa = PBXBuildFile; fileRef = 5A57DB211FC0DF4100DC46B6 /* Hold Back The River.mp3 */; };
		5A6236FF1F5C019B0027326D /* Viva La Vida.mp3 in Resources */ = {isa = PBXBuildFile; fileRef = 5A6236FE1F5C019B0027326D /* Viva La Vida.mp3 */; };
		5A6237071F5F44FF0027326D /* Collateral Beauty.mp3 in Resources */ = {isa = PBXBuildFile; fileRef = 5A6237061F5F44FF0027326D /* Collateral Beauty.mp3 */; };
		5A6E6531203CB4090062FD5B /* Sober Up.mp3 in Resources */ = {isa = PBXBuildFile; fileRef = 5A6E6530203CB4090062FD5B /* Sober Up.mp3 */; };
		5A896C2020AB8F3400974FE0 /* SessionViewController.swift in Sources */ = {isa = PBXBuildFile; fileRef = 5A896C1F20AB8F3400974FE0 /* SessionViewController.swift */; };
		5A896C2820C0F61A00974FE0 /* square.png in Resources */ = {isa = PBXBuildFile; fileRef = 5A896C2720C0F61A00974FE0 /* square.png */; };
		5A896C3320C6210600974FE0 /* eye@2x.png in Resources */ = {isa = PBXBuildFile; fileRef = 5A896C3020C6210600974FE0 /* eye@2x.png */; };
		5A896C3420C6210600974FE0 /* eye@3x.png in Resources */ = {isa = PBXBuildFile; fileRef = 5A896C3120C6210600974FE0 /* eye@3x.png */; };
		5A896C3520C6210600974FE0 /* eye@1x.png in Resources */ = {isa = PBXBuildFile; fileRef = 5A896C3220C6210600974FE0 /* eye@1x.png */; };
		5A8E45261F88416700B33FB7 /* 440 Triangle.mp3 in Resources */ = {isa = PBXBuildFile; fileRef = 5A8E45251F88416700B33FB7 /* 440 Triangle.mp3 */; };
		5A8E45281F901DB900B33FB7 /* Tell Me.mp3 in Resources */ = {isa = PBXBuildFile; fileRef = 5A8E45271F901DB800B33FB7 /* Tell Me.mp3 */; };
		5A9D6BDA1E9EF2A300918D8B /* Born.mp3 in Resources */ = {isa = PBXBuildFile; fileRef = 5A9D6BD91E9EF2A300918D8B /* Born.mp3 */; };
		5A9F2EAE203152C700655FC8 /* Leaf House.mp3 in Resources */ = {isa = PBXBuildFile; fileRef = 5A9F2EAD203152C700655FC8 /* Leaf House.mp3 */; };
		5AB5162B20A25D1C00BE5028 /* LibraryController.swift in Sources */ = {isa = PBXBuildFile; fileRef = 5AB5162A20A25D1C00BE5028 /* LibraryController.swift */; };
		5AB5162D20A2A05700BE5028 /* SongExporter.swift in Sources */ = {isa = PBXBuildFile; fileRef = 5AB5162C20A2A05700BE5028 /* SongExporter.swift */; };
		5AB5833D20DB563E008B051E /* BrainViewController.swift in Sources */ = {isa = PBXBuildFile; fileRef = 5AB5833C20DB563E008B051E /* BrainViewController.swift */; };
		5ABA30991DCBC97D006E5999 /* AppDelegate.swift in Sources */ = {isa = PBXBuildFile; fileRef = 5ABA30981DCBC97D006E5999 /* AppDelegate.swift */; };
		5ABA309B1DCBC97D006E5999 /* ViewController.swift in Sources */ = {isa = PBXBuildFile; fileRef = 5ABA309A1DCBC97D006E5999 /* ViewController.swift */; };
		5ABA309E1DCBC97D006E5999 /* Main.storyboard in Resources */ = {isa = PBXBuildFile; fileRef = 5ABA309C1DCBC97D006E5999 /* Main.storyboard */; };
		5ABA30A01DCBC97D006E5999 /* Assets.xcassets in Resources */ = {isa = PBXBuildFile; fileRef = 5ABA309F1DCBC97D006E5999 /* Assets.xcassets */; };
		5ABA30A31DCBC97D006E5999 /* LaunchScreen.storyboard in Resources */ = {isa = PBXBuildFile; fileRef = 5ABA30A11DCBC97D006E5999 /* LaunchScreen.storyboard */; };
		5ABE00F71FC970A10099405C /* 18 Musicians IV.mp3 in Resources */ = {isa = PBXBuildFile; fileRef = 5ABE00F61FC970A10099405C /* 18 Musicians IV.mp3 */; };
		5ABE00FA1FCB70A30099405C /* 18 Musicians II.mp3 in Resources */ = {isa = PBXBuildFile; fileRef = 5ABE00F81FCB70A20099405C /* 18 Musicians II.mp3 */; };
		5ABE00FB1FCB70A30099405C /* 18 Musicians III.mp3 in Resources */ = {isa = PBXBuildFile; fileRef = 5ABE00F91FCB70A30099405C /* 18 Musicians III.mp3 */; };
		5ABEAF621F19851E008E5BB5 /* PanAudioPlayer.swift in Sources */ = {isa = PBXBuildFile; fileRef = 5ABEAF611F19851E008E5BB5 /* PanAudioPlayer.swift */; };
		5AC062651FE2FF7000B6F797 /* The Fall.mp3 in Resources */ = {isa = PBXBuildFile; fileRef = 5A4D50B81FD221A10040820C /* The Fall.mp3 */; };
		5AC062671FE9E8AF00B6F797 /* Love Runs Out.mp3 in Resources */ = {isa = PBXBuildFile; fileRef = 5AC062661FE9E8AF00B6F797 /* Love Runs Out.mp3 */; };
		5AC5F1A0203A2320005EBFDA /* Keep Falling.mp3 in Resources */ = {isa = PBXBuildFile; fileRef = 5AC5F19E203A2320005EBFDA /* Keep Falling.mp3 */; };
		5AC5F1A1203A2320005EBFDA /* Dog Days Are Over.mp3 in Resources */ = {isa = PBXBuildFile; fileRef = 5AC5F19F203A2320005EBFDA /* Dog Days Are Over.mp3 */; };
		5AC5F1A3203A252B005EBFDA /* Something to be Proud Of.mp3 in Resources */ = {isa = PBXBuildFile; fileRef = 5AC5F1A2203A252B005EBFDA /* Something to be Proud Of.mp3 */; };
		5AC5F1A5203A2A15005EBFDA /* The System Only Dreams in Total Darkness.mp3 in Resources */ = {isa = PBXBuildFile; fileRef = 5AC5F1A4203A2A14005EBFDA /* The System Only Dreams in Total Darkness.mp3 */; };
		5AE0C7B41ECC0DEC00AF6926 /* I Lived.mp3 in Resources */ = {isa = PBXBuildFile; fileRef = 5AE0C7B31ECC0DEC00AF6926 /* I Lived.mp3 */; };
		5AED133720D0C03200C166D5 /* AppDelegate.swift in Sources */ = {isa = PBXBuildFile; fileRef = 5AED133620D0C03200C166D5 /* AppDelegate.swift */; };
		5AED133920D0C03200C166D5 /* ViewController.swift in Sources */ = {isa = PBXBuildFile; fileRef = 5AED133820D0C03200C166D5 /* ViewController.swift */; };
		5AED133E20D0C03400C166D5 /* Main.storyboard in Resources */ = {isa = PBXBuildFile; fileRef = 5AED133C20D0C03400C166D5 /* Main.storyboard */; };
		5AED134420D0C0E700C166D5 /* PanAudioPlayer.swift in Sources */ = {isa = PBXBuildFile; fileRef = 5ABEAF611F19851E008E5BB5 /* PanAudioPlayer.swift */; };
		5AED134520D0C5C900C166D5 /* Assets.xcassets in Resources */ = {isa = PBXBuildFile; fileRef = 5ABA309F1DCBC97D006E5999 /* Assets.xcassets */; };
		5AED134720D7F95F00C166D5 /* AVFoundation.framework in Frameworks */ = {isa = PBXBuildFile; fileRef = 5AED134620D7F95F00C166D5 /* AVFoundation.framework */; };
		5AED134A20D7FAC500C166D5 /* boum.m4a in Resources */ = {isa = PBXBuildFile; fileRef = 5AED134920D7FAC500C166D5 /* boum.m4a */; };
		5AF19F8A1E95A0B1004E38C9 /* AVFoundation.framework in Frameworks */ = {isa = PBXBuildFile; fileRef = 5AF19F891E95A0B1004E38C9 /* AVFoundation.framework */; };
		5AF19F8C1E95A0BA004E38C9 /* MediaPlayer.framework in Frameworks */ = {isa = PBXBuildFile; fileRef = 5AF19F8B1E95A0BA004E38C9 /* MediaPlayer.framework */; };
		5AFA297F1F993BFA005B4D79 /* Glorious.mp3 in Resources */ = {isa = PBXBuildFile; fileRef = 5AFA297E1F993BF9005B4D79 /* Glorious.mp3 */; };
		5AFFE8161F0117E400C713FF /* Start Over.mp3 in Resources */ = {isa = PBXBuildFile; fileRef = 5AFFE8151F0117E400C713FF /* Start Over.mp3 */; };
/* End PBXBuildFile section */

/* Begin PBXCopyFilesBuildPhase section */
		5A0E1BCA2086A21600FD3954 /* Embed App Extensions */ = {
			isa = PBXCopyFilesBuildPhase;
			buildActionMask = 2147483647;
			dstPath = "";
			dstSubfolderSpec = 13;
			files = (
			);
			name = "Embed App Extensions";
			runOnlyForDeploymentPostprocessing = 0;
		};
/* End PBXCopyFilesBuildPhase section */

/* Begin PBXFileReference section */
		5A017D3C1FDA395F0030103B /* It's Time.mp3 */ = {isa = PBXFileReference; lastKnownFileType = audio.mp3; path = "It's Time.mp3"; sourceTree = "<group>"; };
		5A017D3E1FDA531F0030103B /* Good Old Days (feat. Kesha).mp3 */ = {isa = PBXFileReference; lastKnownFileType = audio.mp3; path = "Good Old Days (feat. Kesha).mp3"; sourceTree = "<group>"; };
		5A0B3FEC1F74CEF100A60D9F /* Tracks.plist */ = {isa = PBXFileReference; fileEncoding = 4; lastKnownFileType = text.plist.xml; path = Tracks.plist; sourceTree = "<group>"; };
		5A0D0F2A202393E60086F50E /* Working Man.mp3 */ = {isa = PBXFileReference; lastKnownFileType = audio.mp3; path = "Working Man.mp3"; sourceTree = "<group>"; };
		5A0D0F2C2027A2BF0086F50E /* Fallen.mp3 */ = {isa = PBXFileReference; lastKnownFileType = audio.mp3; path = Fallen.mp3; sourceTree = "<group>"; };
		5A0D0F2E202808600086F50E /* My Fault.mp3 */ = {isa = PBXFileReference; lastKnownFileType = audio.mp3; path = "My Fault.mp3"; sourceTree = "<group>"; };
		5A0D0F302028086A0086F50E /* Round and Round.mp3 */ = {isa = PBXFileReference; lastKnownFileType = audio.mp3; path = "Round and Round.mp3"; sourceTree = "<group>"; };
		5A0D0F312028086B0086F50E /* America.mp3 */ = {isa = PBXFileReference; lastKnownFileType = audio.mp3; path = America.mp3; sourceTree = "<group>"; };
		5A0D0F34202EB7AA0086F50E /* Feel Again.mp3 */ = {isa = PBXFileReference; lastKnownFileType = audio.mp3; path = "Feel Again.mp3"; sourceTree = "<group>"; };
		5A15980E200BFE4A00CD4E36 /* Knocking at the Door.mp3 */ = {isa = PBXFileReference; lastKnownFileType = audio.mp3; path = "Knocking at the Door.mp3"; sourceTree = "<group>"; };
		5A159810200E9BAE00CD4E36 /* Whatever It Takes.mp3 */ = {isa = PBXFileReference; lastKnownFileType = audio.mp3; path = "Whatever It Takes.mp3"; sourceTree = "<group>"; };
		5A3049481EAF18D10000A144 /* If I Lose Myself.mp3 */ = {isa = PBXFileReference; lastKnownFileType = audio.mp3; path = "If I Lose Myself.mp3"; sourceTree = "<group>"; };
		5A3CD1A61F6A57920015683B /* Battle of the Heroes.mp3 */ = {isa = PBXFileReference; lastKnownFileType = audio.mp3; path = "Battle of the Heroes.mp3"; sourceTree = "<group>"; };
		5A3CD1A71F6A57920015683B /* Beyond Main Theme.mp3 */ = {isa = PBXFileReference; lastKnownFileType = audio.mp3; path = "Beyond Main Theme.mp3"; sourceTree = "<group>"; };
		5A3CD1A81F6A57920015683B /* Counting Stars Instrumental.mp3 */ = {isa = PBXFileReference; lastKnownFileType = audio.mp3; path = "Counting Stars Instrumental.mp3"; sourceTree = "<group>"; };
		5A3CD1A91F6A57920015683B /* Enterprising Young Men.mp3 */ = {isa = PBXFileReference; lastKnownFileType = audio.mp3; path = "Enterprising Young Men.mp3"; sourceTree = "<group>"; };
		5A3CD1AA1F6A57920015683B /* Feel Again Instrumental.mp3 */ = {isa = PBXFileReference; lastKnownFileType = audio.mp3; path = "Feel Again Instrumental.mp3"; sourceTree = "<group>"; };
		5A3CD1AB1F6A57920015683B /* Jedi Steps and Finale.mp3 */ = {isa = PBXFileReference; lastKnownFileType = audio.mp3; path = "Jedi Steps and Finale.mp3"; sourceTree = "<group>"; };
		5A3CD1AC1F6A57920015683B /* Main Star Wars.mp3 */ = {isa = PBXFileReference; lastKnownFileType = audio.mp3; path = "Main Star Wars.mp3"; sourceTree = "<group>"; };
		5A3CD1AD1F6A57920015683B /* Star Trek Main Theme.mp3 */ = {isa = PBXFileReference; lastKnownFileType = audio.mp3; path = "Star Trek Main Theme.mp3"; sourceTree = "<group>"; };
		5A3CD1AE1F6A57920015683B /* The Force Suite.mp3 */ = {isa = PBXFileReference; lastKnownFileType = audio.mp3; path = "The Force Suite.mp3"; sourceTree = "<group>"; };
		5A3CD1AF1F6A57920015683B /* The Force Theme.mp3 */ = {isa = PBXFileReference; lastKnownFileType = audio.mp3; path = "The Force Theme.mp3"; sourceTree = "<group>"; };
		5A4748FC1F9BF89A000D58AD /* Home Now.mp3 */ = {isa = PBXFileReference; lastKnownFileType = audio.mp3; path = "Home Now.mp3"; sourceTree = "<group>"; };
		5A4748FE1F9BFEE4000D58AD /* I Could Not Plan This.mp3 */ = {isa = PBXFileReference; lastKnownFileType = audio.mp3; path = "I Could Not Plan This.mp3"; sourceTree = "<group>"; };
		5A4D50B21FD219350040820C /* Dream.mp3 */ = {isa = PBXFileReference; lastKnownFileType = audio.mp3; path = Dream.mp3; sourceTree = "<group>"; };
		5A4D50B81FD221A10040820C /* The Fall.mp3 */ = {isa = PBXFileReference; lastKnownFileType = audio.mp3; path = "The Fall.mp3"; sourceTree = "<group>"; };
		5A4D50B91FD710EE0040820C /* Polaroid.mp3 */ = {isa = PBXFileReference; lastKnownFileType = audio.mp3; path = Polaroid.mp3; sourceTree = "<group>"; };
		5A50D84E1FA2452F00D12D55 /* Isochronic.mp3 */ = {isa = PBXFileReference; lastKnownFileType = audio.mp3; path = Isochronic.mp3; sourceTree = "<group>"; };
		5A5181831F567947007FA781 /* Song for Sienna.mp3 */ = {isa = PBXFileReference; lastKnownFileType = audio.mp3; path = "Song for Sienna.mp3"; sourceTree = "<group>"; };
		5A5598171F7B5A9100AF9E9F /* What You Wanted.mp3 */ = {isa = PBXFileReference; lastKnownFileType = audio.mp3; path = "What You Wanted.mp3"; sourceTree = "<group>"; };
		5A5598181F7B5A9200AF9E9F /* Miracles.mp3 */ = {isa = PBXFileReference; lastKnownFileType = audio.mp3; path = Miracles.mp3; sourceTree = "<group>"; };
		5A5598191F7B5A9200AF9E9F /* Truth to Power.mp3 */ = {isa = PBXFileReference; lastKnownFileType = audio.mp3; path = "Truth to Power.mp3"; sourceTree = "<group>"; };
		5A55981A1F7B5A9300AF9E9F /* Life in Color.mp3 */ = {isa = PBXFileReference; lastKnownFileType = audio.mp3; path = "Life in Color.mp3"; sourceTree = "<group>"; };
		5A55981B1F7B5A9300AF9E9F /* Better.mp3 */ = {isa = PBXFileReference; lastKnownFileType = audio.mp3; path = Better.mp3; sourceTree = "<group>"; };
		5A55981C1F7B5A9300AF9E9F /* Lift Me Up.mp3 */ = {isa = PBXFileReference; lastKnownFileType = audio.mp3; path = "Lift Me Up.mp3"; sourceTree = "<group>"; };
		5A55981D1F7B5A9400AF9E9F /* Counting Stars.mp3 */ = {isa = PBXFileReference; lastKnownFileType = audio.mp3; path = "Counting Stars.mp3"; sourceTree = "<group>"; };
		5A55981E1F7B5A9400AF9E9F /* Hand of God.mp3 */ = {isa = PBXFileReference; lastKnownFileType = audio.mp3; path = "Hand of God.mp3"; sourceTree = "<group>"; };
		5A55981F1F7B5A9500AF9E9F /* Marchin On.mp3 */ = {isa = PBXFileReference; lastKnownFileType = audio.mp3; path = "Marchin On.mp3"; sourceTree = "<group>"; };
		5A5598201F7B5A9500AF9E9F /* Praying by Kesha.mp3 */ = {isa = PBXFileReference; lastKnownFileType = audio.mp3; path = "Praying by Kesha.mp3"; sourceTree = "<group>"; };
		5A5598211F7B5A9500AF9E9F /* Heaven.mp3 */ = {isa = PBXFileReference; lastKnownFileType = audio.mp3; path = Heaven.mp3; sourceTree = "<group>"; };
		5A5598221F7B5A9600AF9E9F /* Learn to Let Go.mp3 */ = {isa = PBXFileReference; lastKnownFileType = audio.mp3; path = "Learn to Let Go.mp3"; sourceTree = "<group>"; };
		5A5598241F7B5A9600AF9E9F /* 5 Secrets.mp3 */ = {isa = PBXFileReference; lastKnownFileType = audio.mp3; path = "5 Secrets.mp3"; sourceTree = "<group>"; };
		5A5598251F7B5A9700AF9E9F /* Preacher.mp3 */ = {isa = PBXFileReference; lastKnownFileType = audio.mp3; path = Preacher.mp3; sourceTree = "<group>"; };
		5A5598261F7B5A9700AF9E9F /* Human.mp3 */ = {isa = PBXFileReference; lastKnownFileType = audio.mp3; path = Human.mp3; sourceTree = "<group>"; };
		5A5598271F7B5A9800AF9E9F /* Looking Too Closely.mp3 */ = {isa = PBXFileReference; lastKnownFileType = audio.mp3; path = "Looking Too Closely.mp3"; sourceTree = "<group>"; };
		5A5598281F7B5A9800AF9E9F /* Let's Hurt Tonight.mp3 */ = {isa = PBXFileReference; lastKnownFileType = audio.mp3; path = "Let's Hurt Tonight.mp3"; sourceTree = "<group>"; };
		5A5598291F7B5A9800AF9E9F /* Praying.mp3 */ = {isa = PBXFileReference; lastKnownFileType = audio.mp3; path = Praying.mp3; sourceTree = "<group>"; };
		5A55982A1F7B5A9900AF9E9F /* Au Revoir.mp3 */ = {isa = PBXFileReference; lastKnownFileType = audio.mp3; path = "Au Revoir.mp3"; sourceTree = "<group>"; };
		5A55983F1F7B5E6C00AF9E9F /* Courtyard Apocalypse.mp3 */ = {isa = PBXFileReference; lastKnownFileType = audio.mp3; path = "Courtyard Apocalypse.mp3"; sourceTree = "<group>"; };
		5A5598411F7C1E7300AF9E9F /* On Top of the World.mp3 */ = {isa = PBXFileReference; lastKnownFileType = audio.mp3; path = "On Top of the World.mp3"; sourceTree = "<group>"; };
		5A5598631F7ED9FC00AF9E9F /* Nothing Left to Say.mp3 */ = {isa = PBXFileReference; lastKnownFileType = audio.mp3; path = "Nothing Left to Say.mp3"; sourceTree = "<group>"; };
		5A57DB1D1FBF891200DC46B6 /* Luck.mp3 */ = {isa = PBXFileReference; lastKnownFileType = audio.mp3; name = Luck.mp3; path = "../../../../Music/Converted by MediaHuman/Luck.mp3"; sourceTree = "<group>"; };
		5A57DB1F1FBF893500DC46B6 /* Day to Feel Alive.mp3 */ = {isa = PBXFileReference; lastKnownFileType = audio.mp3; name = "Day to Feel Alive.mp3"; path = "../../../../Music/Converted by MediaHuman/Day to Feel Alive.mp3"; sourceTree = "<group>"; };
		5A57DB211FC0DF4100DC46B6 /* Hold Back The River.mp3 */ = {isa = PBXFileReference; lastKnownFileType = audio.mp3; name = "Hold Back The River.mp3"; path = "../../../../Music/Converted by MediaHuman/Hold Back The River.mp3"; sourceTree = "<group>"; };
		5A6236FE1F5C019B0027326D /* Viva La Vida.mp3 */ = {isa = PBXFileReference; lastKnownFileType = audio.mp3; path = "Viva La Vida.mp3"; sourceTree = "<group>"; };
		5A6237061F5F44FF0027326D /* Collateral Beauty.mp3 */ = {isa = PBXFileReference; lastKnownFileType = audio.mp3; path = "Collateral Beauty.mp3"; sourceTree = "<group>"; };
		5A6E6530203CB4090062FD5B /* Sober Up.mp3 */ = {isa = PBXFileReference; lastKnownFileType = audio.mp3; path = "Sober Up.mp3"; sourceTree = "<group>"; };
		5A896C1F20AB8F3400974FE0 /* SessionViewController.swift */ = {isa = PBXFileReference; lastKnownFileType = sourcecode.swift; path = SessionViewController.swift; sourceTree = "<group>"; };
		5A896C2720C0F61A00974FE0 /* square.png */ = {isa = PBXFileReference; lastKnownFileType = image.png; path = square.png; sourceTree = "<group>"; };
		5A896C3020C6210600974FE0 /* eye@2x.png */ = {isa = PBXFileReference; lastKnownFileType = image.png; path = "eye@2x.png"; sourceTree = "<group>"; };
		5A896C3120C6210600974FE0 /* eye@3x.png */ = {isa = PBXFileReference; lastKnownFileType = image.png; path = "eye@3x.png"; sourceTree = "<group>"; };
		5A896C3220C6210600974FE0 /* eye@1x.png */ = {isa = PBXFileReference; lastKnownFileType = image.png; path = "eye@1x.png"; sourceTree = "<group>"; };
		5A8E45251F88416700B33FB7 /* 440 Triangle.mp3 */ = {isa = PBXFileReference; lastKnownFileType = audio.mp3; path = "440 Triangle.mp3"; sourceTree = "<group>"; };
		5A8E45271F901DB800B33FB7 /* Tell Me.mp3 */ = {isa = PBXFileReference; lastKnownFileType = audio.mp3; path = "Tell Me.mp3"; sourceTree = "<group>"; };
		5A9D6BD91E9EF2A300918D8B /* Born.mp3 */ = {isa = PBXFileReference; lastKnownFileType = audio.mp3; path = Born.mp3; sourceTree = "<group>"; };
		5A9F2EAD203152C700655FC8 /* Leaf House.mp3 */ = {isa = PBXFileReference; lastKnownFileType = audio.mp3; path = "Leaf House.mp3"; sourceTree = "<group>"; };
		5AB5162A20A25D1C00BE5028 /* LibraryController.swift */ = {isa = PBXFileReference; fileEncoding = 4; lastKnownFileType = sourcecode.swift; path = LibraryController.swift; sourceTree = "<group>"; };
		5AB5162C20A2A05700BE5028 /* SongExporter.swift */ = {isa = PBXFileReference; fileEncoding = 4; lastKnownFileType = sourcecode.swift; path = SongExporter.swift; sourceTree = "<group>"; };
		5AB5833C20DB563E008B051E /* BrainViewController.swift */ = {isa = PBXFileReference; lastKnownFileType = sourcecode.swift; path = BrainViewController.swift; sourceTree = "<group>"; };
		5ABA30951DCBC97D006E5999 /* AudioPlayer1.app */ = {isa = PBXFileReference; explicitFileType = wrapper.application; includeInIndex = 0; path = AudioPlayer1.app; sourceTree = BUILT_PRODUCTS_DIR; };
		5ABA30981DCBC97D006E5999 /* AppDelegate.swift */ = {isa = PBXFileReference; lastKnownFileType = sourcecode.swift; path = AppDelegate.swift; sourceTree = "<group>"; };
		5ABA309A1DCBC97D006E5999 /* ViewController.swift */ = {isa = PBXFileReference; lastKnownFileType = sourcecode.swift; path = ViewController.swift; sourceTree = "<group>"; };
		5ABA309D1DCBC97D006E5999 /* Base */ = {isa = PBXFileReference; lastKnownFileType = file.storyboard; name = Base; path = Base.lproj/Main.storyboard; sourceTree = "<group>"; };
		5ABA309F1DCBC97D006E5999 /* Assets.xcassets */ = {isa = PBXFileReference; lastKnownFileType = folder.assetcatalog; path = Assets.xcassets; sourceTree = "<group>"; };
		5ABA30A21DCBC97D006E5999 /* Base */ = {isa = PBXFileReference; lastKnownFileType = file.storyboard; name = Base; path = Base.lproj/LaunchScreen.storyboard; sourceTree = "<group>"; };
		5ABA30A41DCBC97D006E5999 /* Info.plist */ = {isa = PBXFileReference; lastKnownFileType = text.plist.xml; path = Info.plist; sourceTree = "<group>"; };
		5ABE00F61FC970A10099405C /* 18 Musicians IV.mp3 */ = {isa = PBXFileReference; lastKnownFileType = audio.mp3; name = "18 Musicians IV.mp3"; path = "../../../../Music/Converted by MediaHuman/18 Musicians IV.mp3"; sourceTree = "<group>"; };
		5ABE00F81FCB70A20099405C /* 18 Musicians II.mp3 */ = {isa = PBXFileReference; lastKnownFileType = audio.mp3; name = "18 Musicians II.mp3"; path = "../../../../Music/Converted by MediaHuman/18 Musicians II.mp3"; sourceTree = "<group>"; };
		5ABE00F91FCB70A30099405C /* 18 Musicians III.mp3 */ = {isa = PBXFileReference; lastKnownFileType = audio.mp3; name = "18 Musicians III.mp3"; path = "../../../../Music/Converted by MediaHuman/18 Musicians III.mp3"; sourceTree = "<group>"; };
		5ABEAF611F19851E008E5BB5 /* PanAudioPlayer.swift */ = {isa = PBXFileReference; fileEncoding = 4; lastKnownFileType = sourcecode.swift; path = PanAudioPlayer.swift; sourceTree = "<group>"; };
		5AC062661FE9E8AF00B6F797 /* Love Runs Out.mp3 */ = {isa = PBXFileReference; lastKnownFileType = audio.mp3; path = "Love Runs Out.mp3"; sourceTree = "<group>"; };
		5AC5F19E203A2320005EBFDA /* Keep Falling.mp3 */ = {isa = PBXFileReference; lastKnownFileType = audio.mp3; path = "Keep Falling.mp3"; sourceTree = "<group>"; };
		5AC5F19F203A2320005EBFDA /* Dog Days Are Over.mp3 */ = {isa = PBXFileReference; lastKnownFileType = audio.mp3; path = "Dog Days Are Over.mp3"; sourceTree = "<group>"; };
		5AC5F1A2203A252B005EBFDA /* Something to be Proud Of.mp3 */ = {isa = PBXFileReference; lastKnownFileType = audio.mp3; path = "Something to be Proud Of.mp3"; sourceTree = "<group>"; };
		5AC5F1A4203A2A14005EBFDA /* The System Only Dreams in Total Darkness.mp3 */ = {isa = PBXFileReference; lastKnownFileType = audio.mp3; path = "The System Only Dreams in Total Darkness.mp3"; sourceTree = "<group>"; };
		5AE0C7B31ECC0DEC00AF6926 /* I Lived.mp3 */ = {isa = PBXFileReference; lastKnownFileType = audio.mp3; path = "I Lived.mp3"; sourceTree = "<group>"; };
		5AED133420D0C03200C166D5 /* Rhythmic.app */ = {isa = PBXFileReference; explicitFileType = wrapper.application; includeInIndex = 0; path = Rhythmic.app; sourceTree = BUILT_PRODUCTS_DIR; };
		5AED133620D0C03200C166D5 /* AppDelegate.swift */ = {isa = PBXFileReference; lastKnownFileType = sourcecode.swift; path = AppDelegate.swift; sourceTree = "<group>"; };
		5AED133820D0C03200C166D5 /* ViewController.swift */ = {isa = PBXFileReference; lastKnownFileType = sourcecode.swift; path = ViewController.swift; sourceTree = "<group>"; };
		5AED133D20D0C03400C166D5 /* Base */ = {isa = PBXFileReference; lastKnownFileType = file.storyboard; name = Base; path = Base.lproj/Main.storyboard; sourceTree = "<group>"; };
		5AED133F20D0C03400C166D5 /* Info.plist */ = {isa = PBXFileReference; lastKnownFileType = text.plist.xml; path = Info.plist; sourceTree = "<group>"; };
		5AED134020D0C03400C166D5 /* Rhythmic.entitlements */ = {isa = PBXFileReference; lastKnownFileType = text.plist.entitlements; path = Rhythmic.entitlements; sourceTree = "<group>"; };
		5AED134620D7F95F00C166D5 /* AVFoundation.framework */ = {isa = PBXFileReference; lastKnownFileType = wrapper.framework; name = AVFoundation.framework; path = Platforms/MacOSX.platform/Developer/SDKs/MacOSX10.13.sdk/System/Library/Frameworks/AVFoundation.framework; sourceTree = DEVELOPER_DIR; };
		5AED134920D7FAC500C166D5 /* boum.m4a */ = {isa = PBXFileReference; lastKnownFileType = file; name = boum.m4a; path = ../boum.m4a; sourceTree = "<group>"; };
		5AF19F891E95A0B1004E38C9 /* AVFoundation.framework */ = {isa = PBXFileReference; lastKnownFileType = wrapper.framework; name = AVFoundation.framework; path = System/Library/Frameworks/AVFoundation.framework; sourceTree = SDKROOT; };
		5AF19F8B1E95A0BA004E38C9 /* MediaPlayer.framework */ = {isa = PBXFileReference; lastKnownFileType = wrapper.framework; name = MediaPlayer.framework; path = System/Library/Frameworks/MediaPlayer.framework; sourceTree = SDKROOT; };
		5AFA297E1F993BF9005B4D79 /* Glorious.mp3 */ = {isa = PBXFileReference; lastKnownFileType = audio.mp3; path = Glorious.mp3; sourceTree = "<group>"; };
		5AFFE8151F0117E400C713FF /* Start Over.mp3 */ = {isa = PBXFileReference; lastKnownFileType = audio.mp3; name = "Start Over.mp3"; path = "AudioPlayer1/Start Over.mp3"; sourceTree = "<group>"; };
/* End PBXFileReference section */

/* Begin PBXFrameworksBuildPhase section */
		5ABA30921DCBC97D006E5999 /* Frameworks */ = {
			isa = PBXFrameworksBuildPhase;
			buildActionMask = 2147483647;
			files = (
				5AF19F8C1E95A0BA004E38C9 /* MediaPlayer.framework in Frameworks */,
				5AF19F8A1E95A0B1004E38C9 /* AVFoundation.framework in Frameworks */,
			);
			runOnlyForDeploymentPostprocessing = 0;
		};
		5AED133120D0C03200C166D5 /* Frameworks */ = {
			isa = PBXFrameworksBuildPhase;
			buildActionMask = 2147483647;
			files = (
				5AED134720D7F95F00C166D5 /* AVFoundation.framework in Frameworks */,
			);
			runOnlyForDeploymentPostprocessing = 0;
		};
/* End PBXFrameworksBuildPhase section */

/* Begin PBXGroup section */
		5A2C0BCC20CC4A0700742203 /* iOS */ = {
			isa = PBXGroup;
			children = (
				5ABA30981DCBC97D006E5999 /* AppDelegate.swift */,
				5ABA309A1DCBC97D006E5999 /* ViewController.swift */,
				5A896C1F20AB8F3400974FE0 /* SessionViewController.swift */,
				5AB5833C20DB563E008B051E /* BrainViewController.swift */,
				5AB5162A20A25D1C00BE5028 /* LibraryController.swift */,
				5AB5162C20A2A05700BE5028 /* SongExporter.swift */,
				5A0B3FEC1F74CEF100A60D9F /* Tracks.plist */,
				5ABA309C1DCBC97D006E5999 /* Main.storyboard */,
				5ABA30A11DCBC97D006E5999 /* LaunchScreen.storyboard */,
				5ABA30A41DCBC97D006E5999 /* Info.plist */,
			);
			name = iOS;
			sourceTree = "<group>";
		};
		5A896C2920C61FE800974FE0 /* Image Assets */ = {
			isa = PBXGroup;
			children = (
				5A896C3220C6210600974FE0 /* eye@1x.png */,
				5A896C3020C6210600974FE0 /* eye@2x.png */,
				5A896C3120C6210600974FE0 /* eye@3x.png */,
				5A896C2720C0F61A00974FE0 /* square.png */,
			);
			name = "Image Assets";
			sourceTree = "<group>";
		};
		5ABA308C1DCBC97D006E5999 = {
			isa = PBXGroup;
			children = (
				5ABEAF751F36E4AA008E5BB5 /* Audio Assets */,
				5ABA30971DCBC97D006E5999 /* AudioPlayer1 */,
				5AED133520D0C03200C166D5 /* Rhythmic */,
				5ABA30961DCBC97D006E5999 /* Products */,
				5AF19F881E95A0B1004E38C9 /* Frameworks */,
			);
			sourceTree = "<group>";
		};
		5ABA30961DCBC97D006E5999 /* Products */ = {
			isa = PBXGroup;
			children = (
				5ABA30951DCBC97D006E5999 /* AudioPlayer1.app */,
				5AED133420D0C03200C166D5 /* Rhythmic.app */,
			);
			name = Products;
			sourceTree = "<group>";
		};
		5ABA30971DCBC97D006E5999 /* AudioPlayer1 */ = {
			isa = PBXGroup;
			children = (
				5A896C2920C61FE800974FE0 /* Image Assets */,
				5A2C0BCC20CC4A0700742203 /* iOS */,
				5ABEAF611F19851E008E5BB5 /* PanAudioPlayer.swift */,
				5ABA309F1DCBC97D006E5999 /* Assets.xcassets */,
			);
			path = AudioPlayer1;
			sourceTree = "<group>";
		};
		5ABEAF751F36E4AA008E5BB5 /* Audio Assets */ = {
			isa = PBXGroup;
			children = (
				5AED134920D7FAC500C166D5 /* boum.m4a */,
				5A6E6530203CB4090062FD5B /* Sober Up.mp3 */,
				5AC5F1A4203A2A14005EBFDA /* The System Only Dreams in Total Darkness.mp3 */,
				5AC5F1A2203A252B005EBFDA /* Something to be Proud Of.mp3 */,
				5AC5F19F203A2320005EBFDA /* Dog Days Are Over.mp3 */,
				5AC5F19E203A2320005EBFDA /* Keep Falling.mp3 */,
				5A9F2EAD203152C700655FC8 /* Leaf House.mp3 */,
				5A0D0F34202EB7AA0086F50E /* Feel Again.mp3 */,
				5A0D0F312028086B0086F50E /* America.mp3 */,
				5A0D0F302028086A0086F50E /* Round and Round.mp3 */,
				5A0D0F2E202808600086F50E /* My Fault.mp3 */,
				5A0D0F2C2027A2BF0086F50E /* Fallen.mp3 */,
				5A0D0F2A202393E60086F50E /* Working Man.mp3 */,
				5A159810200E9BAE00CD4E36 /* Whatever It Takes.mp3 */,
				5A15980E200BFE4A00CD4E36 /* Knocking at the Door.mp3 */,
				5AC062661FE9E8AF00B6F797 /* Love Runs Out.mp3 */,
				5A017D3E1FDA531F0030103B /* Good Old Days (feat. Kesha).mp3 */,
				5A017D3C1FDA395F0030103B /* It's Time.mp3 */,
				5A4D50B91FD710EE0040820C /* Polaroid.mp3 */,
				5A4D50B81FD221A10040820C /* The Fall.mp3 */,
				5A4D50B21FD219350040820C /* Dream.mp3 */,
				5ABE00F81FCB70A20099405C /* 18 Musicians II.mp3 */,
				5ABE00F91FCB70A30099405C /* 18 Musicians III.mp3 */,
				5ABE00F61FC970A10099405C /* 18 Musicians IV.mp3 */,
				5A57DB211FC0DF4100DC46B6 /* Hold Back The River.mp3 */,
				5A57DB1F1FBF893500DC46B6 /* Day to Feel Alive.mp3 */,
				5A57DB1D1FBF891200DC46B6 /* Luck.mp3 */,
				5A50D84E1FA2452F00D12D55 /* Isochronic.mp3 */,
				5A4748FE1F9BFEE4000D58AD /* I Could Not Plan This.mp3 */,
				5A4748FC1F9BF89A000D58AD /* Home Now.mp3 */,
				5AFA297E1F993BF9005B4D79 /* Glorious.mp3 */,
				5A8E45271F901DB800B33FB7 /* Tell Me.mp3 */,
				5A8E45251F88416700B33FB7 /* 440 Triangle.mp3 */,
				5A5598631F7ED9FC00AF9E9F /* Nothing Left to Say.mp3 */,
				5A5598411F7C1E7300AF9E9F /* On Top of the World.mp3 */,
				5A55983F1F7B5E6C00AF9E9F /* Courtyard Apocalypse.mp3 */,
				5A5598241F7B5A9600AF9E9F /* 5 Secrets.mp3 */,
				5A55982A1F7B5A9900AF9E9F /* Au Revoir.mp3 */,
				5A55981B1F7B5A9300AF9E9F /* Better.mp3 */,
				5A55981D1F7B5A9400AF9E9F /* Counting Stars.mp3 */,
				5A55981E1F7B5A9400AF9E9F /* Hand of God.mp3 */,
				5A5598211F7B5A9500AF9E9F /* Heaven.mp3 */,
				5A5598261F7B5A9700AF9E9F /* Human.mp3 */,
				5A5598221F7B5A9600AF9E9F /* Learn to Let Go.mp3 */,
				5A5598281F7B5A9800AF9E9F /* Let's Hurt Tonight.mp3 */,
				5A55981A1F7B5A9300AF9E9F /* Life in Color.mp3 */,
				5A55981C1F7B5A9300AF9E9F /* Lift Me Up.mp3 */,
				5A5598271F7B5A9800AF9E9F /* Looking Too Closely.mp3 */,
				5A55981F1F7B5A9500AF9E9F /* Marchin On.mp3 */,
				5A5598181F7B5A9200AF9E9F /* Miracles.mp3 */,
				5A5598201F7B5A9500AF9E9F /* Praying by Kesha.mp3 */,
				5A5598291F7B5A9800AF9E9F /* Praying.mp3 */,
				5A5598251F7B5A9700AF9E9F /* Preacher.mp3 */,
				5A5598191F7B5A9200AF9E9F /* Truth to Power.mp3 */,
				5A5598171F7B5A9100AF9E9F /* What You Wanted.mp3 */,
				5A3CD1A61F6A57920015683B /* Battle of the Heroes.mp3 */,
				5A3CD1A71F6A57920015683B /* Beyond Main Theme.mp3 */,
				5A3CD1A81F6A57920015683B /* Counting Stars Instrumental.mp3 */,
				5A3CD1A91F6A57920015683B /* Enterprising Young Men.mp3 */,
				5A3CD1AA1F6A57920015683B /* Feel Again Instrumental.mp3 */,
				5A3CD1AB1F6A57920015683B /* Jedi Steps and Finale.mp3 */,
				5A3CD1AC1F6A57920015683B /* Main Star Wars.mp3 */,
				5A3CD1AD1F6A57920015683B /* Star Trek Main Theme.mp3 */,
				5A3CD1AE1F6A57920015683B /* The Force Suite.mp3 */,
				5A3CD1AF1F6A57920015683B /* The Force Theme.mp3 */,
				5A6237061F5F44FF0027326D /* Collateral Beauty.mp3 */,
				5A6236FE1F5C019B0027326D /* Viva La Vida.mp3 */,
				5A5181831F567947007FA781 /* Song for Sienna.mp3 */,
				5AE0C7B31ECC0DEC00AF6926 /* I Lived.mp3 */,
				5A3049481EAF18D10000A144 /* If I Lose Myself.mp3 */,
				5A9D6BD91E9EF2A300918D8B /* Born.mp3 */,
				5AFFE8151F0117E400C713FF /* Start Over.mp3 */,
			);
			name = "Audio Assets";
			sourceTree = "<group>";
		};
		5AED133520D0C03200C166D5 /* Rhythmic */ = {
			isa = PBXGroup;
			children = (
				5AED133620D0C03200C166D5 /* AppDelegate.swift */,
				5AED133820D0C03200C166D5 /* ViewController.swift */,
				5AED133C20D0C03400C166D5 /* Main.storyboard */,
				5AED133F20D0C03400C166D5 /* Info.plist */,
				5AED134020D0C03400C166D5 /* Rhythmic.entitlements */,
			);
			path = Rhythmic;
			sourceTree = "<group>";
		};
		5AF19F881E95A0B1004E38C9 /* Frameworks */ = {
			isa = PBXGroup;
			children = (
				5AED134620D7F95F00C166D5 /* AVFoundation.framework */,
				5AF19F8B1E95A0BA004E38C9 /* MediaPlayer.framework */,
				5AF19F891E95A0B1004E38C9 /* AVFoundation.framework */,
			);
			name = Frameworks;
			sourceTree = "<group>";
		};
/* End PBXGroup section */

/* Begin PBXNativeTarget section */
		5ABA30941DCBC97D006E5999 /* AudioPlayer1 */ = {
			isa = PBXNativeTarget;
			buildConfigurationList = 5ABA30A71DCBC97D006E5999 /* Build configuration list for PBXNativeTarget "AudioPlayer1" */;
			buildPhases = (
				5ABA30911DCBC97D006E5999 /* Sources */,
				5ABA30921DCBC97D006E5999 /* Frameworks */,
				5ABA30931DCBC97D006E5999 /* Resources */,
				5A0E1BCA2086A21600FD3954 /* Embed App Extensions */,
			);
			buildRules = (
			);
			dependencies = (
			);
			name = AudioPlayer1;
			productName = AudioPlayer1;
			productReference = 5ABA30951DCBC97D006E5999 /* AudioPlayer1.app */;
			productType = "com.apple.product-type.application";
		};
		5AED133320D0C03200C166D5 /* Rhythmic */ = {
			isa = PBXNativeTarget;
			buildConfigurationList = 5AED134320D0C03400C166D5 /* Build configuration list for PBXNativeTarget "Rhythmic" */;
			buildPhases = (
				5AED133020D0C03200C166D5 /* Sources */,
				5AED133120D0C03200C166D5 /* Frameworks */,
				5AED133220D0C03200C166D5 /* Resources */,
			);
			buildRules = (
			);
			dependencies = (
			);
			name = Rhythmic;
			productName = Rhythmic;
			productReference = 5AED133420D0C03200C166D5 /* Rhythmic.app */;
			productType = "com.apple.product-type.application";
		};
/* End PBXNativeTarget section */

/* Begin PBXProject section */
		5ABA308D1DCBC97D006E5999 /* Project object */ = {
			isa = PBXProject;
			attributes = {
				LastSwiftUpdateCheck = 0940;
				LastUpgradeCheck = 0930;
				ORGANIZATIONNAME = "Hunter Eisler";
				TargetAttributes = {
					5ABA30941DCBC97D006E5999 = {
						CreatedOnToolsVersion = 8.1;
						DevelopmentTeam = TN69P7NFS6;
						LastSwiftMigration = 0900;
						ProvisioningStyle = Automatic;
						SystemCapabilities = {
							com.apple.Siri = {
								enabled = 0;
							};
						};
					};
					5AED133320D0C03200C166D5 = {
						CreatedOnToolsVersion = 9.4;
						DevelopmentTeam = TN69P7NFS6;
						ProvisioningStyle = Automatic;
					};
				};
			};
			buildConfigurationList = 5ABA30901DCBC97D006E5999 /* Build configuration list for PBXProject "AudioPlayer1" */;
			compatibilityVersion = "Xcode 3.2";
			developmentRegion = English;
			hasScannedForEncodings = 0;
			knownRegions = (
				en,
				Base,
			);
			mainGroup = 5ABA308C1DCBC97D006E5999;
			productRefGroup = 5ABA30961DCBC97D006E5999 /* Products */;
			projectDirPath = "";
			projectRoot = "";
			targets = (
				5ABA30941DCBC97D006E5999 /* AudioPlayer1 */,
				5AED133320D0C03200C166D5 /* Rhythmic */,
			);
		};
/* End PBXProject section */

/* Begin PBXResourcesBuildPhase section */
		5ABA30931DCBC97D006E5999 /* Resources */ = {
			isa = PBXResourcesBuildPhase;
			buildActionMask = 2147483647;
			files = (
				5A15980F200BFE4A00CD4E36 /* Knocking at the Door.mp3 in Resources */,
				5A55983A1F7B5A9900AF9E9F /* Human.mp3 in Resources */,
				5A55983E1F7B5A9900AF9E9F /* Au Revoir.mp3 in Resources */,
				5A3CD1B91F6A57920015683B /* The Force Theme.mp3 in Resources */,
				5A55983D1F7B5A9900AF9E9F /* Praying.mp3 in Resources */,
				5A3CD1B31F6A57920015683B /* Enterprising Young Men.mp3 in Resources */,
				5A4748FD1F9BF89B000D58AD /* Home Now.mp3 in Resources */,
				5A3CD1B11F6A57920015683B /* Beyond Main Theme.mp3 in Resources */,
				5AE0C7B41ECC0DEC00AF6926 /* I Lived.mp3 in Resources */,
				5ABE00FB1FCB70A30099405C /* 18 Musicians III.mp3 in Resources */,
				5A6236FF1F5C019B0027326D /* Viva La Vida.mp3 in Resources */,
				5AFFE8161F0117E400C713FF /* Start Over.mp3 in Resources */,
				5ABE00FA1FCB70A30099405C /* 18 Musicians II.mp3 in Resources */,
				5A896C3420C6210600974FE0 /* eye@3x.png in Resources */,
				5A5598341F7B5A9900AF9E9F /* Praying by Kesha.mp3 in Resources */,
				5A6E6531203CB4090062FD5B /* Sober Up.mp3 in Resources */,
				5A6237071F5F44FF0027326D /* Collateral Beauty.mp3 in Resources */,
				5A55982E1F7B5A9900AF9E9F /* Life in Color.mp3 in Resources */,
				5AC5F1A3203A252B005EBFDA /* Something to be Proud Of.mp3 in Resources */,
				5A9F2EAE203152C700655FC8 /* Leaf House.mp3 in Resources */,
				5A55982C1F7B5A9900AF9E9F /* Miracles.mp3 in Resources */,
				5A50D84F1FA2453000D12D55 /* Isochronic.mp3 in Resources */,
				5ABA30A31DCBC97D006E5999 /* LaunchScreen.storyboard in Resources */,
				5A55983B1F7B5A9900AF9E9F /* Looking Too Closely.mp3 in Resources */,
				5ABA30A01DCBC97D006E5999 /* Assets.xcassets in Resources */,
				5A5598321F7B5A9900AF9E9F /* Hand of God.mp3 in Resources */,
				5AC5F1A0203A2320005EBFDA /* Keep Falling.mp3 in Resources */,
				5A4D50BA1FD710EE0040820C /* Polaroid.mp3 in Resources */,
				5A159811200E9BAE00CD4E36 /* Whatever It Takes.mp3 in Resources */,
				5A5598361F7B5A9900AF9E9F /* Learn to Let Go.mp3 in Resources */,
				5ABA309E1DCBC97D006E5999 /* Main.storyboard in Resources */,
				5A5598331F7B5A9900AF9E9F /* Marchin On.mp3 in Resources */,
				5A4D50B31FD219350040820C /* Dream.mp3 in Resources */,
				5A9D6BDA1E9EF2A300918D8B /* Born.mp3 in Resources */,
				5AC5F1A5203A2A15005EBFDA /* The System Only Dreams in Total Darkness.mp3 in Resources */,
				5A896C2820C0F61A00974FE0 /* square.png in Resources */,
				5A8E45281F901DB900B33FB7 /* Tell Me.mp3 in Resources */,
				5A5598401F7B5E6C00AF9E9F /* Courtyard Apocalypse.mp3 in Resources */,
				5A55983C1F7B5A9900AF9E9F /* Let's Hurt Tonight.mp3 in Resources */,
				5A55982B1F7B5A9900AF9E9F /* What You Wanted.mp3 in Resources */,
				5A3CD1B21F6A57920015683B /* Counting Stars Instrumental.mp3 in Resources */,
				5A4748FF1F9BFEE4000D58AD /* I Could Not Plan This.mp3 in Resources */,
				5A5598381F7B5A9900AF9E9F /* 5 Secrets.mp3 in Resources */,
				5A0D0F322028086B0086F50E /* Round and Round.mp3 in Resources */,
				5A57DB221FC0DF4200DC46B6 /* Hold Back The River.mp3 in Resources */,
				5A017D3D1FDA395F0030103B /* It's Time.mp3 in Resources */,
				5A5598641F7ED9FC00AF9E9F /* Nothing Left to Say.mp3 in Resources */,
				5A3049491EAF18D10000A144 /* If I Lose Myself.mp3 in Resources */,
				5A55982D1F7B5A9900AF9E9F /* Truth to Power.mp3 in Resources */,
				5A017D3F1FDA531F0030103B /* Good Old Days (feat. Kesha).mp3 in Resources */,
				5A0D0F2B202393E60086F50E /* Working Man.mp3 in Resources */,
				5A3CD1B71F6A57920015683B /* Star Trek Main Theme.mp3 in Resources */,
				5A5598421F7C1E7300AF9E9F /* On Top of the World.mp3 in Resources */,
				5A55982F1F7B5A9900AF9E9F /* Better.mp3 in Resources */,
				5AC062671FE9E8AF00B6F797 /* Love Runs Out.mp3 in Resources */,
				5A8E45261F88416700B33FB7 /* 440 Triangle.mp3 in Resources */,
				5A0D0F2F202808600086F50E /* My Fault.mp3 in Resources */,
				5A0B3FED1F74CEF100A60D9F /* Tracks.plist in Resources */,
				5A0D0F332028086B0086F50E /* America.mp3 in Resources */,
				5A5598311F7B5A9900AF9E9F /* Counting Stars.mp3 in Resources */,
				5AFA297F1F993BFA005B4D79 /* Glorious.mp3 in Resources */,
				5A3CD1B61F6A57920015683B /* Main Star Wars.mp3 in Resources */,
				5ABE00F71FC970A10099405C /* 18 Musicians IV.mp3 in Resources */,
				5A5598301F7B5A9900AF9E9F /* Lift Me Up.mp3 in Resources */,
				5A896C3520C6210600974FE0 /* eye@1x.png in Resources */,
				5A57DB201FBF893500DC46B6 /* Day to Feel Alive.mp3 in Resources */,
				5A896C3320C6210600974FE0 /* eye@2x.png in Resources */,
				5A3CD1B41F6A57920015683B /* Feel Again Instrumental.mp3 in Resources */,
				5A0D0F2D2027A2BF0086F50E /* Fallen.mp3 in Resources */,
				5A5181841F567947007FA781 /* Song for Sienna.mp3 in Resources */,
				5A3CD1B51F6A57920015683B /* Jedi Steps and Finale.mp3 in Resources */,
				5A5598391F7B5A9900AF9E9F /* Preacher.mp3 in Resources */,
				5A3CD1B01F6A57920015683B /* Battle of the Heroes.mp3 in Resources */,
				5AC5F1A1203A2320005EBFDA /* Dog Days Are Over.mp3 in Resources */,
				5A57DB1E1FBF891200DC46B6 /* Luck.mp3 in Resources */,
				5A3CD1B81F6A57920015683B /* The Force Suite.mp3 in Resources */,
				5AC062651FE2FF7000B6F797 /* The Fall.mp3 in Resources */,
				5A5598351F7B5A9900AF9E9F /* Heaven.mp3 in Resources */,
				5A0D0F35202EB7AA0086F50E /* Feel Again.mp3 in Resources */,
			);
			runOnlyForDeploymentPostprocessing = 0;
		};
		5AED133220D0C03200C166D5 /* Resources */ = {
			isa = PBXResourcesBuildPhase;
			buildActionMask = 2147483647;
			files = (
				5AED134520D0C5C900C166D5 /* Assets.xcassets in Resources */,
				5AED134A20D7FAC500C166D5 /* boum.m4a in Resources */,
				5AED133E20D0C03400C166D5 /* Main.storyboard in Resources */,
			);
			runOnlyForDeploymentPostprocessing = 0;
		};
/* End PBXResourcesBuildPhase section */

/* Begin PBXSourcesBuildPhase section */
		5ABA30911DCBC97D006E5999 /* Sources */ = {
			isa = PBXSourcesBuildPhase;
			buildActionMask = 2147483647;
			files = (
				5AB5162D20A2A05700BE5028 /* SongExporter.swift in Sources */,
				5ABEAF621F19851E008E5BB5 /* PanAudioPlayer.swift in Sources */,
				5ABA309B1DCBC97D006E5999 /* ViewController.swift in Sources */,
				5A896C2020AB8F3400974FE0 /* SessionViewController.swift in Sources */,
				5ABA30991DCBC97D006E5999 /* AppDelegate.swift in Sources */,
				5AB5833D20DB563E008B051E /* BrainViewController.swift in Sources */,
				5AB5162B20A25D1C00BE5028 /* LibraryController.swift in Sources */,
			);
			runOnlyForDeploymentPostprocessing = 0;
		};
		5AED133020D0C03200C166D5 /* Sources */ = {
			isa = PBXSourcesBuildPhase;
			buildActionMask = 2147483647;
			files = (
				5AED134420D0C0E700C166D5 /* PanAudioPlayer.swift in Sources */,
				5AED133920D0C03200C166D5 /* ViewController.swift in Sources */,
				5AED133720D0C03200C166D5 /* AppDelegate.swift in Sources */,
			);
			runOnlyForDeploymentPostprocessing = 0;
		};
/* End PBXSourcesBuildPhase section */

/* Begin PBXVariantGroup section */
		5ABA309C1DCBC97D006E5999 /* Main.storyboard */ = {
			isa = PBXVariantGroup;
			children = (
				5ABA309D1DCBC97D006E5999 /* Base */,
			);
			name = Main.storyboard;
			sourceTree = "<group>";
		};
		5ABA30A11DCBC97D006E5999 /* LaunchScreen.storyboard */ = {
			isa = PBXVariantGroup;
			children = (
				5ABA30A21DCBC97D006E5999 /* Base */,
			);
			name = LaunchScreen.storyboard;
			sourceTree = "<group>";
		};
		5AED133C20D0C03400C166D5 /* Main.storyboard */ = {
			isa = PBXVariantGroup;
			children = (
				5AED133D20D0C03400C166D5 /* Base */,
			);
			name = Main.storyboard;
			sourceTree = "<group>";
		};
/* End PBXVariantGroup section */

/* Begin XCBuildConfiguration section */
		5ABA30A51DCBC97D006E5999 /* Debug */ = {
			isa = XCBuildConfiguration;
			buildSettings = {
				ALWAYS_SEARCH_USER_PATHS = NO;
				CLANG_ANALYZER_NONNULL = YES;
				CLANG_CXX_LANGUAGE_STANDARD = "gnu++0x";
				CLANG_CXX_LIBRARY = "libc++";
				CLANG_ENABLE_MODULES = YES;
				CLANG_ENABLE_OBJC_ARC = YES;
				CLANG_WARN_BLOCK_CAPTURE_AUTORELEASING = YES;
				CLANG_WARN_BOOL_CONVERSION = YES;
				CLANG_WARN_COMMA = YES;
				CLANG_WARN_CONSTANT_CONVERSION = YES;
				CLANG_WARN_DEPRECATED_OBJC_IMPLEMENTATIONS = YES;
				CLANG_WARN_DIRECT_OBJC_ISA_USAGE = YES_ERROR;
				CLANG_WARN_DOCUMENTATION_COMMENTS = YES;
				CLANG_WARN_EMPTY_BODY = YES;
				CLANG_WARN_ENUM_CONVERSION = YES;
				CLANG_WARN_INFINITE_RECURSION = YES;
				CLANG_WARN_INT_CONVERSION = YES;
				CLANG_WARN_NON_LITERAL_NULL_CONVERSION = YES;
				CLANG_WARN_OBJC_IMPLICIT_RETAIN_SELF = YES;
				CLANG_WARN_OBJC_LITERAL_CONVERSION = YES;
				CLANG_WARN_OBJC_ROOT_CLASS = YES_ERROR;
				CLANG_WARN_RANGE_LOOP_ANALYSIS = YES;
				CLANG_WARN_STRICT_PROTOTYPES = YES;
				CLANG_WARN_SUSPICIOUS_MOVE = YES;
				CLANG_WARN_SUSPICIOUS_MOVES = YES;
				CLANG_WARN_UNREACHABLE_CODE = YES;
				CLANG_WARN__DUPLICATE_METHOD_MATCH = YES;
				CODE_SIGN_IDENTITY = "iPhone Developer";
				"CODE_SIGN_IDENTITY[sdk=iphoneos*]" = "iPhone Developer";
				COPY_PHASE_STRIP = NO;
				DEBUG_INFORMATION_FORMAT = dwarf;
				ENABLE_STRICT_OBJC_MSGSEND = YES;
				ENABLE_TESTABILITY = YES;
				GCC_C_LANGUAGE_STANDARD = gnu99;
				GCC_DYNAMIC_NO_PIC = NO;
				GCC_NO_COMMON_BLOCKS = YES;
				GCC_OPTIMIZATION_LEVEL = 0;
				GCC_PREPROCESSOR_DEFINITIONS = (
					"DEBUG=1",
					"$(inherited)",
				);
				GCC_WARN_64_TO_32_BIT_CONVERSION = YES;
				GCC_WARN_ABOUT_RETURN_TYPE = YES_ERROR;
				GCC_WARN_UNDECLARED_SELECTOR = YES;
				GCC_WARN_UNINITIALIZED_AUTOS = YES_AGGRESSIVE;
				GCC_WARN_UNUSED_FUNCTION = YES;
				GCC_WARN_UNUSED_VARIABLE = YES;
				IPHONEOS_DEPLOYMENT_TARGET = 10.1;
				MTL_ENABLE_DEBUG_INFO = YES;
				ONLY_ACTIVE_ARCH = YES;
				SDKROOT = iphoneos;
				SWIFT_ACTIVE_COMPILATION_CONDITIONS = DEBUG;
				SWIFT_OPTIMIZATION_LEVEL = "-Onone";
				TARGETED_DEVICE_FAMILY = "1,2";
			};
			name = Debug;
		};
		5ABA30A61DCBC97D006E5999 /* Release */ = {
			isa = XCBuildConfiguration;
			buildSettings = {
				ALWAYS_SEARCH_USER_PATHS = NO;
				CLANG_ANALYZER_NONNULL = YES;
				CLANG_CXX_LANGUAGE_STANDARD = "gnu++0x";
				CLANG_CXX_LIBRARY = "libc++";
				CLANG_ENABLE_MODULES = YES;
				CLANG_ENABLE_OBJC_ARC = YES;
				CLANG_WARN_BLOCK_CAPTURE_AUTORELEASING = YES;
				CLANG_WARN_BOOL_CONVERSION = YES;
				CLANG_WARN_COMMA = YES;
				CLANG_WARN_CONSTANT_CONVERSION = YES;
				CLANG_WARN_DEPRECATED_OBJC_IMPLEMENTATIONS = YES;
				CLANG_WARN_DIRECT_OBJC_ISA_USAGE = YES_ERROR;
				CLANG_WARN_DOCUMENTATION_COMMENTS = YES;
				CLANG_WARN_EMPTY_BODY = YES;
				CLANG_WARN_ENUM_CONVERSION = YES;
				CLANG_WARN_INFINITE_RECURSION = YES;
				CLANG_WARN_INT_CONVERSION = YES;
				CLANG_WARN_NON_LITERAL_NULL_CONVERSION = YES;
				CLANG_WARN_OBJC_IMPLICIT_RETAIN_SELF = YES;
				CLANG_WARN_OBJC_LITERAL_CONVERSION = YES;
				CLANG_WARN_OBJC_ROOT_CLASS = YES_ERROR;
				CLANG_WARN_RANGE_LOOP_ANALYSIS = YES;
				CLANG_WARN_STRICT_PROTOTYPES = YES;
				CLANG_WARN_SUSPICIOUS_MOVE = YES;
				CLANG_WARN_SUSPICIOUS_MOVES = YES;
				CLANG_WARN_UNREACHABLE_CODE = YES;
				CLANG_WARN__DUPLICATE_METHOD_MATCH = YES;
				CODE_SIGN_IDENTITY = "iPhone Developer";
				"CODE_SIGN_IDENTITY[sdk=iphoneos*]" = "iPhone Distribution";
				COPY_PHASE_STRIP = NO;
				DEBUG_INFORMATION_FORMAT = "dwarf-with-dsym";
				ENABLE_NS_ASSERTIONS = NO;
				ENABLE_STRICT_OBJC_MSGSEND = YES;
				GCC_C_LANGUAGE_STANDARD = gnu99;
				GCC_NO_COMMON_BLOCKS = YES;
				GCC_WARN_64_TO_32_BIT_CONVERSION = YES;
				GCC_WARN_ABOUT_RETURN_TYPE = YES_ERROR;
				GCC_WARN_UNDECLARED_SELECTOR = YES;
				GCC_WARN_UNINITIALIZED_AUTOS = YES_AGGRESSIVE;
				GCC_WARN_UNUSED_FUNCTION = YES;
				GCC_WARN_UNUSED_VARIABLE = YES;
				IPHONEOS_DEPLOYMENT_TARGET = 10.1;
				MTL_ENABLE_DEBUG_INFO = NO;
				SDKROOT = iphoneos;
				SWIFT_OPTIMIZATION_LEVEL = "-Owholemodule";
				TARGETED_DEVICE_FAMILY = "1,2";
				VALIDATE_PRODUCT = YES;
			};
			name = Release;
		};
		5ABA30A81DCBC97D006E5999 /* Debug */ = {
			isa = XCBuildConfiguration;
			buildSettings = {
				ALWAYS_EMBED_SWIFT_STANDARD_LIBRARIES = YES;
				ASSETCATALOG_COMPILER_APPICON_NAME = "AppIcon-1";
				CLANG_ENABLE_MODULES = YES;
				"CODE_SIGN_IDENTITY[sdk=iphoneos*]" = "iPhone Developer";
				DEVELOPMENT_TEAM = TN69P7NFS6;
				FRAMEWORK_SEARCH_PATHS = (
					"$(inherited)",
					"$(PROJECT_DIR)/AudioPlayer1",
				);
				INFOPLIST_FILE = AudioPlayer1/Info.plist;
				IPHONEOS_DEPLOYMENT_TARGET = 11.0;
				LD_RUNPATH_SEARCH_PATHS = "$(inherited) @executable_path/Frameworks";
				OTHER_LDFLAGS = "";
				PRODUCT_BUNDLE_IDENTIFIER = com.eisler.AudioPlayer1;
				PRODUCT_NAME = "$(TARGET_NAME)";
				PROVISIONING_PROFILE_SPECIFIER = "";
				SWIFT_INSTALL_OBJC_HEADER = NO;
				SWIFT_OBJC_BRIDGING_HEADER = "";
				SWIFT_OBJC_INTERFACE_HEADER_NAME = "";
				SWIFT_OPTIMIZATION_LEVEL = "-Onone";
				SWIFT_SWIFT3_OBJC_INFERENCE = Default;
				SWIFT_VERSION = 4.0;
			};
			name = Debug;
		};
		5ABA30A91DCBC97D006E5999 /* Release */ = {
			isa = XCBuildConfiguration;
			buildSettings = {
				ALWAYS_EMBED_SWIFT_STANDARD_LIBRARIES = YES;
				ASSETCATALOG_COMPILER_APPICON_NAME = "AppIcon-1";
				CLANG_ENABLE_MODULES = YES;
				"CODE_SIGN_IDENTITY[sdk=iphoneos*]" = "iPhone Developer";
				DEVELOPMENT_TEAM = TN69P7NFS6;
				FRAMEWORK_SEARCH_PATHS = (
					"$(inherited)",
					"$(PROJECT_DIR)/AudioPlayer1",
				);
				INFOPLIST_FILE = AudioPlayer1/Info.plist;
				IPHONEOS_DEPLOYMENT_TARGET = 11.0;
				LD_RUNPATH_SEARCH_PATHS = "$(inherited) @executable_path/Frameworks";
				OTHER_LDFLAGS = "";
				PRODUCT_BUNDLE_IDENTIFIER = com.eisler.AudioPlayer1;
				PRODUCT_NAME = "$(TARGET_NAME)";
				PROVISIONING_PROFILE_SPECIFIER = "";
				SWIFT_INSTALL_OBJC_HEADER = NO;
				SWIFT_OBJC_BRIDGING_HEADER = "";
				SWIFT_OBJC_INTERFACE_HEADER_NAME = "";
				SWIFT_SWIFT3_OBJC_INFERENCE = Default;
				SWIFT_VERSION = 4.0;
			};
			name = Release;
		};
		5AED134120D0C03400C166D5 /* Debug */ = {
			isa = XCBuildConfiguration;
			buildSettings = {
				ASSETCATALOG_COMPILER_APPICON_NAME = AppIcon;
				CLANG_ANALYZER_NUMBER_OBJECT_CONVERSION = YES_AGGRESSIVE;
				CLANG_CXX_LANGUAGE_STANDARD = "gnu++14";
				CLANG_ENABLE_OBJC_WEAK = YES;
				CLANG_WARN_UNGUARDED_AVAILABILITY = YES_AGGRESSIVE;
				CODE_SIGN_ENTITLEMENTS = Rhythmic/Rhythmic.entitlements;
				CODE_SIGN_IDENTITY = "Mac Developer";
				CODE_SIGN_STYLE = Automatic;
				COMBINE_HIDPI_IMAGES = YES;
				DEVELOPMENT_TEAM = TN69P7NFS6;
				GCC_C_LANGUAGE_STANDARD = gnu11;
				INFOPLIST_FILE = Rhythmic/Info.plist;
				LD_RUNPATH_SEARCH_PATHS = "$(inherited) @executable_path/../Frameworks";
				MACOSX_DEPLOYMENT_TARGET = 10.13;
				PRODUCT_BUNDLE_IDENTIFIER = com.eisler.Rhythmic;
				PRODUCT_NAME = "$(TARGET_NAME)";
				SDKROOT = macosx;
				SWIFT_VERSION = 4.0;
			};
			name = Debug;
		};
		5AED134220D0C03400C166D5 /* Release */ = {
			isa = XCBuildConfiguration;
			buildSettings = {
				ASSETCATALOG_COMPILER_APPICON_NAME = AppIcon;
				CLANG_ANALYZER_NUMBER_OBJECT_CONVERSION = YES_AGGRESSIVE;
				CLANG_CXX_LANGUAGE_STANDARD = "gnu++14";
				CLANG_ENABLE_OBJC_WEAK = YES;
				CLANG_WARN_UNGUARDED_AVAILABILITY = YES_AGGRESSIVE;
				CODE_SIGN_ENTITLEMENTS = Rhythmic/Rhythmic.entitlements;
				CODE_SIGN_IDENTITY = "Mac Developer";
				CODE_SIGN_STYLE = Automatic;
				COMBINE_HIDPI_IMAGES = YES;
				DEVELOPMENT_TEAM = TN69P7NFS6;
				GCC_C_LANGUAGE_STANDARD = gnu11;
				INFOPLIST_FILE = Rhythmic/Info.plist;
				LD_RUNPATH_SEARCH_PATHS = "$(inherited) @executable_path/../Frameworks";
				MACOSX_DEPLOYMENT_TARGET = 10.13;
				PRODUCT_BUNDLE_IDENTIFIER = com.eisler.Rhythmic;
				PRODUCT_NAME = "$(TARGET_NAME)";
				SDKROOT = macosx;
				SWIFT_VERSION = 4.0;
			};
			name = Release;
		};
/* End XCBuildConfiguration section */

/* Begin XCConfigurationList section */
		5ABA30901DCBC97D006E5999 /* Build configuration list for PBXProject "AudioPlayer1" */ = {
			isa = XCConfigurationList;
			buildConfigurations = (
				5ABA30A51DCBC97D006E5999 /* Debug */,
				5ABA30A61DCBC97D006E5999 /* Release */,
			);
			defaultConfigurationIsVisible = 0;
			defaultConfigurationName = Release;
		};
		5ABA30A71DCBC97D006E5999 /* Build configuration list for PBXNativeTarget "AudioPlayer1" */ = {
			isa = XCConfigurationList;
			buildConfigurations = (
				5ABA30A81DCBC97D006E5999 /* Debug */,
				5ABA30A91DCBC97D006E5999 /* Release */,
			);
			defaultConfigurationIsVisible = 0;
			defaultConfigurationName = Release;
		};
		5AED134320D0C03400C166D5 /* Build configuration list for PBXNativeTarget "Rhythmic" */ = {
			isa = XCConfigurationList;
			buildConfigurations = (
				5AED134120D0C03400C166D5 /* Debug */,
				5AED134220D0C03400C166D5 /* Release */,
			);
			defaultConfigurationIsVisible = 0;
			defaultConfigurationName = Release;
		};
/* End XCConfigurationList section */
	};
	rootObject = 5ABA308D1DCBC97D006E5999 /* Project object */;
}
