// !$*UTF8*$!
{
	archiveVersion = 1;
	classes = {
	};
	objectVersion = 46;
	objects = {

/* Begin PBXBuildFile section */
		5A01949B215C9225003C76F5 /* tracks_test in Resources */ = {isa = PBXBuildFile; fileRef = 5A01949A215C9225003C76F5 /* tracks_test */; };
		5A01949C215C947B003C76F5 /* tracks_test in Resources */ = {isa = PBXBuildFile; fileRef = 5A01949A215C9225003C76F5 /* tracks_test */; };
		5A01949E215D5B75003C76F5 /* Settings.bundle in Resources */ = {isa = PBXBuildFile; fileRef = 5A01949D215D5B75003C76F5 /* Settings.bundle */; };
		5A0194A0215F0917003C76F5 /* Handlers.swift in Sources */ = {isa = PBXBuildFile; fileRef = 5A01949F215F0917003C76F5 /* Handlers.swift */; };
		5A0B3FED1F74CEF100A60D9F /* Preload.plist in Resources */ = {isa = PBXBuildFile; fileRef = 5A0B3FEC1F74CEF100A60D9F /* Preload.plist */; };
		5A16FC8E24E3A68300DA6EAB /* SceneDelegate.swift in Sources */ = {isa = PBXBuildFile; fileRef = 5A16FC8D24E3A68300DA6EAB /* SceneDelegate.swift */; };
		5A16FC9124E4874B00DA6EAB /* ContentView.swift in Sources */ = {isa = PBXBuildFile; fileRef = 5A16FC9024E4872D00DA6EAB /* ContentView.swift */; };
		5A16FC9324E506AE00DA6EAB /* StateTests.swift in Sources */ = {isa = PBXBuildFile; fileRef = 5A16FC9224E506AE00DA6EAB /* StateTests.swift */; };
		5A16FC9524E506F900DA6EAB /* AppState.swift in Sources */ = {isa = PBXBuildFile; fileRef = 5A16FC9424E506F900DA6EAB /* AppState.swift */; };
		5A16FC9724E5FE5500DA6EAB /* Interactor.swift in Sources */ = {isa = PBXBuildFile; fileRef = 5A16FC9624E5FE5500DA6EAB /* Interactor.swift */; };
		5A241D6521811E0200BBA177 /* CoreGraphics.framework in Frameworks */ = {isa = PBXBuildFile; fileRef = 5A241D6421811E0200BBA177 /* CoreGraphics.framework */; };
		5A2FE942251410D600A6C688 /* EssentiaTempoHandler.mm in Sources */ = {isa = PBXBuildFile; fileRef = 5A2FE941251410D600A6C688 /* EssentiaTempoHandler.mm */; };
		5A2FE9B62514925A00A6C688 /* Accelerate.framework in Frameworks */ = {isa = PBXBuildFile; fileRef = 5A2FE9B52514925A00A6C688 /* Accelerate.framework */; };
		5A2FEA5825155ABC00A6C688 /* libessentia.a in Frameworks */ = {isa = PBXBuildFile; fileRef = 5A2FEA4F25155ABC00A6C688 /* libessentia.a */; };
		5A2FEA5925155ABC00A6C688 /* libsamplerate.a in Frameworks */ = {isa = PBXBuildFile; fileRef = 5A2FEA5525155ABC00A6C688 /* libsamplerate.a */; };
		5A2FEA5C2515619B00A6C688 /* libavresample.a in Frameworks */ = {isa = PBXBuildFile; fileRef = 5A2FEA5A2515619B00A6C688 /* libavresample.a */; };
		5A2FEA63251567FD00A6C688 /* libavcodec.a in Frameworks */ = {isa = PBXBuildFile; fileRef = 5A2FEA5D251567FD00A6C688 /* libavcodec.a */; };
		5A2FEA64251567FD00A6C688 /* libswscale.a in Frameworks */ = {isa = PBXBuildFile; fileRef = 5A2FEA5E251567FD00A6C688 /* libswscale.a */; };
		5A2FEA65251567FD00A6C688 /* libavfilter.a in Frameworks */ = {isa = PBXBuildFile; fileRef = 5A2FEA5F251567FD00A6C688 /* libavfilter.a */; };
		5A2FEA66251567FD00A6C688 /* libavformat.a in Frameworks */ = {isa = PBXBuildFile; fileRef = 5A2FEA60251567FD00A6C688 /* libavformat.a */; };
		5A2FEA67251567FD00A6C688 /* libavutil.a in Frameworks */ = {isa = PBXBuildFile; fileRef = 5A2FEA61251567FD00A6C688 /* libavutil.a */; };
		5A2FEA68251567FD00A6C688 /* libavdevice.a in Frameworks */ = {isa = PBXBuildFile; fileRef = 5A2FEA62251567FD00A6C688 /* libavdevice.a */; };
		5A2FEA69251568B100A6C688 /* libswresample.a in Frameworks */ = {isa = PBXBuildFile; fileRef = 5A2FEA4B25155ABC00A6C688 /* libswresample.a */; };
		5A2FEA6B2515691700A6C688 /* VideoToolbox.framework in Frameworks */ = {isa = PBXBuildFile; fileRef = 5A2FEA6A2515691700A6C688 /* VideoToolbox.framework */; };
		5A2FEA6D251569B800A6C688 /* libbz2.tbd in Frameworks */ = {isa = PBXBuildFile; fileRef = 5A2FEA6C2515699000A6C688 /* libbz2.tbd */; };
		5A2FEA6F25156B6400A6C688 /* libz.tbd in Frameworks */ = {isa = PBXBuildFile; fileRef = 5A2FEA6E25156B6400A6C688 /* libz.tbd */; };
		5A2FEA7525156C0400A6C688 /* libiconv.tbd in Frameworks */ = {isa = PBXBuildFile; fileRef = 5A2FEA7425156C0400A6C688 /* libiconv.tbd */; };
		5A2FEA772515D21000A6C688 /* dLog.swift in Sources */ = {isa = PBXBuildFile; fileRef = 5A2FEA762515D21000A6C688 /* dLog.swift */; };
		5A2FEA792515D25200A6C688 /* FileFinder.swift in Sources */ = {isa = PBXBuildFile; fileRef = 5A2FEA782515D25200A6C688 /* FileFinder.swift */; };
		5A2FEA7B2515D4BD00A6C688 /* InfoView.swift in Sources */ = {isa = PBXBuildFile; fileRef = 5A2FEA7A2515D4BC00A6C688 /* InfoView.swift */; };
		5A2FEA7D2515D55600A6C688 /* Essentia Licensing.txt in Resources */ = {isa = PBXBuildFile; fileRef = 5A2FEA7C2515D55600A6C688 /* Essentia Licensing.txt */; };
		5A2FEA812515E14900A6C688 /* StoreKit.framework in Frameworks */ = {isa = PBXBuildFile; fileRef = 5A2FEA802515E14900A6C688 /* StoreKit.framework */; };
		5A2FEA832515E18300A6C688 /* IAPManager.swift in Sources */ = {isa = PBXBuildFile; fileRef = 5A2FEA822515E18300A6C688 /* IAPManager.swift */; };
		5A402BD12159D207005BD956 /* ManagerTests.swift in Sources */ = {isa = PBXBuildFile; fileRef = 5A402BD02159D207005BD956 /* ManagerTests.swift */; };
		5A402BD32159D62C005BD956 /* Managers.swift in Sources */ = {isa = PBXBuildFile; fileRef = 5A402BD22159D62C005BD956 /* Managers.swift */; };
		5A402BD6215B4E9E005BD956 /* Controls.xib in Resources */ = {isa = PBXBuildFile; fileRef = 5A402BD5215B4E9E005BD956 /* Controls.xib */; };
		5A4060BE25077FED002A806D /* NewMusicView.swift in Sources */ = {isa = PBXBuildFile; fileRef = 5A4060BD25077FED002A806D /* NewMusicView.swift */; };
		5A4060C025078003002A806D /* NewMusicState.swift in Sources */ = {isa = PBXBuildFile; fileRef = 5A4060BF25078003002A806D /* NewMusicState.swift */; };
		5A4FE9AA25118929006BE8AC /* Localizable.strings in Resources */ = {isa = PBXBuildFile; fileRef = 5A4FE9AC25118929006BE8AC /* Localizable.strings */; };
		5A7AD6F82179859500090A86 /* ViewModelTests.swift in Sources */ = {isa = PBXBuildFile; fileRef = 5A7AD6F72179859400090A86 /* ViewModelTests.swift */; };
		5A7AD6FA2179881B00090A86 /* HandlerTests.swift in Sources */ = {isa = PBXBuildFile; fileRef = 5A7AD6F92179881B00090A86 /* HandlerTests.swift */; };
		5A7AD6FC2179886B00090A86 /* QueueTests.swift in Sources */ = {isa = PBXBuildFile; fileRef = 5A7AD6FB2179886B00090A86 /* QueueTests.swift */; };
		5AB5162D20A2A05700BE5028 /* SongExporter.swift in Sources */ = {isa = PBXBuildFile; fileRef = 5AB5162C20A2A05700BE5028 /* SongExporter.swift */; };
		5ABA30991DCBC97D006E5999 /* AppDelegate.swift in Sources */ = {isa = PBXBuildFile; fileRef = 5ABA30981DCBC97D006E5999 /* AppDelegate.swift */; };
		5ABA309E1DCBC97D006E5999 /* Main.storyboard in Resources */ = {isa = PBXBuildFile; fileRef = 5ABA309C1DCBC97D006E5999 /* Main.storyboard */; };
		5ABA30A01DCBC97D006E5999 /* Assets.xcassets in Resources */ = {isa = PBXBuildFile; fileRef = 5ABA309F1DCBC97D006E5999 /* Assets.xcassets */; };
		5ABA30A31DCBC97D006E5999 /* LaunchScreen.storyboard in Resources */ = {isa = PBXBuildFile; fileRef = 5ABA30A11DCBC97D006E5999 /* LaunchScreen.storyboard */; };
		5ABEAF621F19851E008E5BB5 /* Models.swift in Sources */ = {isa = PBXBuildFile; fileRef = 5ABEAF611F19851E008E5BB5 /* Models.swift */; };
		5AF19F8A1E95A0B1004E38C9 /* AVFoundation.framework in Frameworks */ = {isa = PBXBuildFile; fileRef = 5AF19F891E95A0B1004E38C9 /* AVFoundation.framework */; };
		5AF19F8C1E95A0BA004E38C9 /* MediaPlayer.framework in Frameworks */ = {isa = PBXBuildFile; fileRef = 5AF19F8B1E95A0BA004E38C9 /* MediaPlayer.framework */; };
/* End PBXBuildFile section */

/* Begin PBXContainerItemProxy section */
		5A51AC22214DCC0A0063E3FF /* PBXContainerItemProxy */ = {
			isa = PBXContainerItemProxy;
			containerPortal = 5ABA308D1DCBC97D006E5999 /* Project object */;
			proxyType = 1;
			remoteGlobalIDString = 5ABA30941DCBC97D006E5999;
			remoteInfo = AudioPlayer1;
		};
/* End PBXContainerItemProxy section */

/* Begin PBXCopyFilesBuildPhase section */
		5A0E1BCA2086A21600FD3954 /* Embed App Extensions */ = {
			isa = PBXCopyFilesBuildPhase;
			buildActionMask = 2147483647;
			dstPath = "";
			dstSubfolderSpec = 13;
			files = (
			);
			name = "Embed App Extensions";
			runOnlyForDeploymentPostprocessing = 0;
		};
/* End PBXCopyFilesBuildPhase section */

/* Begin PBXFileReference section */
		5A01949A215C9225003C76F5 /* tracks_test */ = {isa = PBXFileReference; fileEncoding = 4; lastKnownFileType = text; path = tracks_test; sourceTree = "<group>"; };
		5A01949D215D5B75003C76F5 /* Settings.bundle */ = {isa = PBXFileReference; lastKnownFileType = "wrapper.plug-in"; path = Settings.bundle; sourceTree = "<group>"; };
		5A01949F215F0917003C76F5 /* Handlers.swift */ = {isa = PBXFileReference; lastKnownFileType = sourcecode.swift; path = Handlers.swift; sourceTree = "<group>"; };
		5A0B3FEC1F74CEF100A60D9F /* Preload.plist */ = {isa = PBXFileReference; fileEncoding = 4; lastKnownFileType = text.plist.xml; path = Preload.plist; sourceTree = "<group>"; };
		5A16FC8D24E3A68300DA6EAB /* SceneDelegate.swift */ = {isa = PBXFileReference; lastKnownFileType = sourcecode.swift; path = SceneDelegate.swift; sourceTree = "<group>"; };
		5A16FC9024E4872D00DA6EAB /* ContentView.swift */ = {isa = PBXFileReference; lastKnownFileType = sourcecode.swift; path = ContentView.swift; sourceTree = "<group>"; };
		5A16FC9224E506AE00DA6EAB /* StateTests.swift */ = {isa = PBXFileReference; lastKnownFileType = sourcecode.swift; path = StateTests.swift; sourceTree = "<group>"; };
		5A16FC9424E506F900DA6EAB /* AppState.swift */ = {isa = PBXFileReference; lastKnownFileType = sourcecode.swift; path = AppState.swift; sourceTree = "<group>"; };
		5A16FC9624E5FE5500DA6EAB /* Interactor.swift */ = {isa = PBXFileReference; lastKnownFileType = sourcecode.swift; path = Interactor.swift; sourceTree = "<group>"; };
		5A241D3521810E9300BBA177 /* AudioPlayer1-Bridging-Header.h */ = {isa = PBXFileReference; lastKnownFileType = sourcecode.c.h; path = "AudioPlayer1-Bridging-Header.h"; sourceTree = "<group>"; };
		5A241D6421811E0200BBA177 /* CoreGraphics.framework */ = {isa = PBXFileReference; lastKnownFileType = wrapper.framework; name = CoreGraphics.framework; path = System/Library/Frameworks/CoreGraphics.framework; sourceTree = SDKROOT; };
		5A2FE93F25140E4D00A6C688 /* libessentia.a */ = {isa = PBXFileReference; lastKnownFileType = archive.ar; name = libessentia.a; path = AudioPlayer1/Essentia/libessentia.a; sourceTree = "<group>"; };
		5A2FE941251410D600A6C688 /* EssentiaTempoHandler.mm */ = {isa = PBXFileReference; lastKnownFileType = sourcecode.cpp.objcpp; path = EssentiaTempoHandler.mm; sourceTree = "<group>"; };
		5A2FE9B52514925A00A6C688 /* Accelerate.framework */ = {isa = PBXFileReference; lastKnownFileType = wrapper.framework; name = Accelerate.framework; path = System/Library/Frameworks/Accelerate.framework; sourceTree = SDKROOT; };
		5A2FE9DF25155ABB00A6C688 /* essentia.h */ = {isa = PBXFileReference; fileEncoding = 4; lastKnownFileType = sourcecode.c.h; path = essentia.h; sourceTree = "<group>"; };
		5A2FE9E025155ABB00A6C688 /* iotypewrappers_impl.h */ = {isa = PBXFileReference; fileEncoding = 4; lastKnownFileType = sourcecode.c.h; path = iotypewrappers_impl.h; sourceTree = "<group>"; };
		5A2FE9E125155ABB00A6C688 /* range.h */ = {isa = PBXFileReference; fileEncoding = 4; lastKnownFileType = sourcecode.c.h; path = range.h; sourceTree = "<group>"; };
		5A2FE9E225155ABB00A6C688 /* version.h */ = {isa = PBXFileReference; fileEncoding = 4; lastKnownFileType = sourcecode.c.h; path = version.h; sourceTree = "<group>"; };
		5A2FE9E325155ABB00A6C688 /* pool.h */ = {isa = PBXFileReference; fileEncoding = 4; lastKnownFileType = sourcecode.c.h; path = pool.h; sourceTree = "<group>"; };
		5A2FE9E425155ABB00A6C688 /* configurable.h */ = {isa = PBXFileReference; fileEncoding = 4; lastKnownFileType = sourcecode.c.h; path = configurable.h; sourceTree = "<group>"; };
		5A2FE9E525155ABB00A6C688 /* streamconnector.h */ = {isa = PBXFileReference; fileEncoding = 4; lastKnownFileType = sourcecode.c.h; path = streamconnector.h; sourceTree = "<group>"; };
		5A2FE9E625155ABB00A6C688 /* algorithm.h */ = {isa = PBXFileReference; fileEncoding = 4; lastKnownFileType = sourcecode.c.h; path = algorithm.h; sourceTree = "<group>"; };
		5A2FE9E725155ABB00A6C688 /* config.h */ = {isa = PBXFileReference; fileEncoding = 4; lastKnownFileType = sourcecode.c.h; path = config.h; sourceTree = "<group>"; };
		5A2FE9E825155ABB00A6C688 /* types.h */ = {isa = PBXFileReference; fileEncoding = 4; lastKnownFileType = sourcecode.c.h; path = types.h; sourceTree = "<group>"; };
		5A2FE9E925155ABB00A6C688 /* parameter.h */ = {isa = PBXFileReference; fileEncoding = 4; lastKnownFileType = sourcecode.c.h; path = parameter.h; sourceTree = "<group>"; };
		5A2FE9EA25155ABB00A6C688 /* threading.h */ = {isa = PBXFileReference; fileEncoding = 4; lastKnownFileType = sourcecode.c.h; path = threading.h; sourceTree = "<group>"; };
		5A2FE9EB25155ABB00A6C688 /* iotypewrappers.h */ = {isa = PBXFileReference; fileEncoding = 4; lastKnownFileType = sourcecode.c.h; path = iotypewrappers.h; sourceTree = "<group>"; };
		5A2FE9ED25155ABB00A6C688 /* network.h */ = {isa = PBXFileReference; fileEncoding = 4; lastKnownFileType = sourcecode.c.h; path = network.h; sourceTree = "<group>"; };
		5A2FE9EE25155ABB00A6C688 /* networkparser.h */ = {isa = PBXFileReference; fileEncoding = 4; lastKnownFileType = sourcecode.c.h; path = networkparser.h; sourceTree = "<group>"; };
		5A2FE9EF25155ABB00A6C688 /* graphutils.h */ = {isa = PBXFileReference; fileEncoding = 4; lastKnownFileType = sourcecode.c.h; path = graphutils.h; sourceTree = "<group>"; };
		5A2FE9F025155ABB00A6C688 /* essentiamath.h */ = {isa = PBXFileReference; fileEncoding = 4; lastKnownFileType = sourcecode.c.h; path = essentiamath.h; sourceTree = "<group>"; };
		5A2FE9F125155ABB00A6C688 /* stringutil.h */ = {isa = PBXFileReference; fileEncoding = 4; lastKnownFileType = sourcecode.c.h; path = stringutil.h; sourceTree = "<group>"; };
		5A2FE9F225155ABB00A6C688 /* essentiautil.h */ = {isa = PBXFileReference; fileEncoding = 4; lastKnownFileType = sourcecode.c.h; path = essentiautil.h; sourceTree = "<group>"; };
		5A2FE9F525155ABB00A6C688 /* asciidagparser.h */ = {isa = PBXFileReference; fileEncoding = 4; lastKnownFileType = sourcecode.c.h; path = asciidagparser.h; sourceTree = "<group>"; };
		5A2FE9F625155ABB00A6C688 /* asciidag.h */ = {isa = PBXFileReference; fileEncoding = 4; lastKnownFileType = sourcecode.c.h; path = asciidag.h; sourceTree = "<group>"; };
		5A2FE9F725155ABB00A6C688 /* metadatautils.h */ = {isa = PBXFileReference; fileEncoding = 4; lastKnownFileType = sourcecode.c.h; path = metadatautils.h; sourceTree = "<group>"; };
		5A2FE9F825155ABB00A6C688 /* audiocontext.h */ = {isa = PBXFileReference; fileEncoding = 4; lastKnownFileType = sourcecode.c.h; path = audiocontext.h; sourceTree = "<group>"; };
		5A2FE9FA25155ABB00A6C688 /* MusicLowlevelDescriptors.h */ = {isa = PBXFileReference; fileEncoding = 4; lastKnownFileType = sourcecode.c.h; path = MusicLowlevelDescriptors.h; sourceTree = "<group>"; };
		5A2FE9FB25155ABB00A6C688 /* MusicDescriptorsSet.h */ = {isa = PBXFileReference; fileEncoding = 4; lastKnownFileType = sourcecode.c.h; path = MusicDescriptorsSet.h; sourceTree = "<group>"; };
		5A2FE9FC25155ABB00A6C688 /* extractor_version.h */ = {isa = PBXFileReference; fileEncoding = 4; lastKnownFileType = sourcecode.c.h; path = extractor_version.h; sourceTree = "<group>"; };
		5A2FE9FD25155ABB00A6C688 /* MusicTonalDescriptors.h */ = {isa = PBXFileReference; fileEncoding = 4; lastKnownFileType = sourcecode.c.h; path = MusicTonalDescriptors.h; sourceTree = "<group>"; };
		5A2FE9FE25155ABB00A6C688 /* MusicRhythmDescriptors.h */ = {isa = PBXFileReference; fileEncoding = 4; lastKnownFileType = sourcecode.c.h; path = MusicRhythmDescriptors.h; sourceTree = "<group>"; };
		5A2FE9FF25155ABB00A6C688 /* tagwhitelist.h */ = {isa = PBXFileReference; fileEncoding = 4; lastKnownFileType = sourcecode.c.h; path = tagwhitelist.h; sourceTree = "<group>"; };
		5A2FEA0025155ABB00A6C688 /* bpmutil.h */ = {isa = PBXFileReference; fileEncoding = 4; lastKnownFileType = sourcecode.c.h; path = bpmutil.h; sourceTree = "<group>"; };
		5A2FEA0125155ABB00A6C688 /* output.h */ = {isa = PBXFileReference; fileEncoding = 4; lastKnownFileType = sourcecode.c.h; path = output.h; sourceTree = "<group>"; };
		5A2FEA0325155ABB00A6C688 /* tnt_fortran_array3d.h */ = {isa = PBXFileReference; fileEncoding = 4; lastKnownFileType = sourcecode.c.h; path = tnt_fortran_array3d.h; sourceTree = "<group>"; };
		5A2FEA0425155ABB00A6C688 /* tnt2vector.h */ = {isa = PBXFileReference; fileEncoding = 4; lastKnownFileType = sourcecode.c.h; path = tnt2vector.h; sourceTree = "<group>"; };
		5A2FEA0525155ABB00A6C688 /* tnt_math_utils.h */ = {isa = PBXFileReference; fileEncoding = 4; lastKnownFileType = sourcecode.c.h; path = tnt_math_utils.h; sourceTree = "<group>"; };
		5A2FEA0625155ABB00A6C688 /* tnt_array1d.h */ = {isa = PBXFileReference; fileEncoding = 4; lastKnownFileType = sourcecode.c.h; path = tnt_array1d.h; sourceTree = "<group>"; };
		5A2FEA0725155ABB00A6C688 /* tnt_fortran_array2d.h */ = {isa = PBXFileReference; fileEncoding = 4; lastKnownFileType = sourcecode.c.h; path = tnt_fortran_array2d.h; sourceTree = "<group>"; };
		5A2FEA0825155ABB00A6C688 /* tnt_version.h */ = {isa = PBXFileReference; fileEncoding = 4; lastKnownFileType = sourcecode.c.h; path = tnt_version.h; sourceTree = "<group>"; };
		5A2FEA0925155ABB00A6C688 /* tnt_array3d_utils.h */ = {isa = PBXFileReference; fileEncoding = 4; lastKnownFileType = sourcecode.c.h; path = tnt_array3d_utils.h; sourceTree = "<group>"; };
		5A2FEA0A25155ABB00A6C688 /* tnt_array2d_utils.h */ = {isa = PBXFileReference; fileEncoding = 4; lastKnownFileType = sourcecode.c.h; path = tnt_array2d_utils.h; sourceTree = "<group>"; };
		5A2FEA0B25155ABB00A6C688 /* jama_svd.h */ = {isa = PBXFileReference; fileEncoding = 4; lastKnownFileType = sourcecode.c.h; path = jama_svd.h; sourceTree = "<group>"; };
		5A2FEA0C25155ABB00A6C688 /* tnt2essentiautils.h */ = {isa = PBXFileReference; fileEncoding = 4; lastKnownFileType = sourcecode.c.h; path = tnt2essentiautils.h; sourceTree = "<group>"; };
		5A2FEA0D25155ABB00A6C688 /* tnt_fortran_array1d_utils.h */ = {isa = PBXFileReference; fileEncoding = 4; lastKnownFileType = sourcecode.c.h; path = tnt_fortran_array1d_utils.h; sourceTree = "<group>"; };
		5A2FEA0E25155ABB00A6C688 /* tnt_i_refvec.h */ = {isa = PBXFileReference; fileEncoding = 4; lastKnownFileType = sourcecode.c.h; path = tnt_i_refvec.h; sourceTree = "<group>"; };
		5A2FEA0F25155ABB00A6C688 /* tnt_cmat.h */ = {isa = PBXFileReference; fileEncoding = 4; lastKnownFileType = sourcecode.c.h; path = tnt_cmat.h; sourceTree = "<group>"; };
		5A2FEA1025155ABB00A6C688 /* tnt_vec.h */ = {isa = PBXFileReference; fileEncoding = 4; lastKnownFileType = sourcecode.c.h; path = tnt_vec.h; sourceTree = "<group>"; };
		5A2FEA1125155ABB00A6C688 /* tnt.h */ = {isa = PBXFileReference; fileEncoding = 4; lastKnownFileType = sourcecode.c.h; path = tnt.h; sourceTree = "<group>"; };
		5A2FEA1225155ABB00A6C688 /* jama_qr.h */ = {isa = PBXFileReference; fileEncoding = 4; lastKnownFileType = sourcecode.c.h; path = jama_qr.h; sourceTree = "<group>"; };
		5A2FEA1325155ABB00A6C688 /* jama_cholesky.h */ = {isa = PBXFileReference; fileEncoding = 4; lastKnownFileType = sourcecode.c.h; path = jama_cholesky.h; sourceTree = "<group>"; };
		5A2FEA1425155ABB00A6C688 /* tnt_stopwatch.h */ = {isa = PBXFileReference; fileEncoding = 4; lastKnownFileType = sourcecode.c.h; path = tnt_stopwatch.h; sourceTree = "<group>"; };
		5A2FEA1525155ABB00A6C688 /* tnt_subscript.h */ = {isa = PBXFileReference; fileEncoding = 4; lastKnownFileType = sourcecode.c.h; path = tnt_subscript.h; sourceTree = "<group>"; };
		5A2FEA1625155ABB00A6C688 /* tnt_array3d.h */ = {isa = PBXFileReference; fileEncoding = 4; lastKnownFileType = sourcecode.c.h; path = tnt_array3d.h; sourceTree = "<group>"; };
		5A2FEA1725155ABB00A6C688 /* tnt_fortran_array1d.h */ = {isa = PBXFileReference; fileEncoding = 4; lastKnownFileType = sourcecode.c.h; path = tnt_fortran_array1d.h; sourceTree = "<group>"; };
		5A2FEA1825155ABB00A6C688 /* jama_lu.h */ = {isa = PBXFileReference; fileEncoding = 4; lastKnownFileType = sourcecode.c.h; path = jama_lu.h; sourceTree = "<group>"; };
		5A2FEA1925155ABB00A6C688 /* tnt_fortran_array3d_utils.h */ = {isa = PBXFileReference; fileEncoding = 4; lastKnownFileType = sourcecode.c.h; path = tnt_fortran_array3d_utils.h; sourceTree = "<group>"; };
		5A2FEA1A25155ABC00A6C688 /* tnt_fortran_array2d_utils.h */ = {isa = PBXFileReference; fileEncoding = 4; lastKnownFileType = sourcecode.c.h; path = tnt_fortran_array2d_utils.h; sourceTree = "<group>"; };
		5A2FEA1B25155ABC00A6C688 /* tnt_sparse_matrix_csr.h */ = {isa = PBXFileReference; fileEncoding = 4; lastKnownFileType = sourcecode.c.h; path = tnt_sparse_matrix_csr.h; sourceTree = "<group>"; };
		5A2FEA1C25155ABC00A6C688 /* jama_eig.h */ = {isa = PBXFileReference; fileEncoding = 4; lastKnownFileType = sourcecode.c.h; path = jama_eig.h; sourceTree = "<group>"; };
		5A2FEA1D25155ABC00A6C688 /* tnt_array1d_utils.h */ = {isa = PBXFileReference; fileEncoding = 4; lastKnownFileType = sourcecode.c.h; path = tnt_array1d_utils.h; sourceTree = "<group>"; };
		5A2FEA1E25155ABC00A6C688 /* tnt_array2d.h */ = {isa = PBXFileReference; fileEncoding = 4; lastKnownFileType = sourcecode.c.h; path = tnt_array2d.h; sourceTree = "<group>"; };
		5A2FEA1F25155ABC00A6C688 /* ringbufferimpl.h */ = {isa = PBXFileReference; fileEncoding = 4; lastKnownFileType = sourcecode.c.h; path = ringbufferimpl.h; sourceTree = "<group>"; };
		5A2FEA2025155ABC00A6C688 /* synth_utils.h */ = {isa = PBXFileReference; fileEncoding = 4; lastKnownFileType = sourcecode.c.h; path = synth_utils.h; sourceTree = "<group>"; };
		5A2FEA2125155ABC00A6C688 /* betools.h */ = {isa = PBXFileReference; fileEncoding = 4; lastKnownFileType = sourcecode.c.h; path = betools.h; sourceTree = "<group>"; };
		5A2FEA2225155ABC00A6C688 /* MersenneTwister.h */ = {isa = PBXFileReference; fileEncoding = 4; lastKnownFileType = sourcecode.c.h; path = MersenneTwister.h; sourceTree = "<group>"; };
		5A2FEA2425155ABC00A6C688 /* FreesoundLowlevelDescriptors.h */ = {isa = PBXFileReference; fileEncoding = 4; lastKnownFileType = sourcecode.c.h; path = FreesoundLowlevelDescriptors.h; sourceTree = "<group>"; };
		5A2FEA2525155ABC00A6C688 /* FreesoundDescriptorsSet.h */ = {isa = PBXFileReference; fileEncoding = 4; lastKnownFileType = sourcecode.c.h; path = FreesoundDescriptorsSet.h; sourceTree = "<group>"; };
		5A2FEA2625155ABC00A6C688 /* FreesoundTonalDescriptors.h */ = {isa = PBXFileReference; fileEncoding = 4; lastKnownFileType = sourcecode.c.h; path = FreesoundTonalDescriptors.h; sourceTree = "<group>"; };
		5A2FEA2725155ABC00A6C688 /* FreesoundSfxDescriptors.h */ = {isa = PBXFileReference; fileEncoding = 4; lastKnownFileType = sourcecode.c.h; path = FreesoundSfxDescriptors.h; sourceTree = "<group>"; };
		5A2FEA2825155ABC00A6C688 /* extractor_version.h */ = {isa = PBXFileReference; fileEncoding = 4; lastKnownFileType = sourcecode.c.h; path = extractor_version.h; sourceTree = "<group>"; };
		5A2FEA2925155ABC00A6C688 /* FreesoundRhythmDescriptors.h */ = {isa = PBXFileReference; fileEncoding = 4; lastKnownFileType = sourcecode.c.h; path = FreesoundRhythmDescriptors.h; sourceTree = "<group>"; };
		5A2FEA2A25155ABC00A6C688 /* ffmpegapi.h */ = {isa = PBXFileReference; fileEncoding = 4; lastKnownFileType = sourcecode.c.h; path = ffmpegapi.h; sourceTree = "<group>"; };
		5A2FEA2B25155ABC00A6C688 /* peak.h */ = {isa = PBXFileReference; fileEncoding = 4; lastKnownFileType = sourcecode.c.h; path = peak.h; sourceTree = "<group>"; };
		5A2FEA2C25155ABC00A6C688 /* yamlast.h */ = {isa = PBXFileReference; fileEncoding = 4; lastKnownFileType = sourcecode.c.h; path = yamlast.h; sourceTree = "<group>"; };
		5A2FEA2D25155ABC00A6C688 /* jsonconvert.h */ = {isa = PBXFileReference; fileEncoding = 4; lastKnownFileType = sourcecode.c.h; path = jsonconvert.h; sourceTree = "<group>"; };
		5A2FEA2E25155ABC00A6C688 /* atomic.h */ = {isa = PBXFileReference; fileEncoding = 4; lastKnownFileType = sourcecode.c.h; path = atomic.h; sourceTree = "<group>"; };
		5A2FEA2F25155ABC00A6C688 /* bpfutil.h */ = {isa = PBXFileReference; fileEncoding = 4; lastKnownFileType = sourcecode.c.h; path = bpfutil.h; sourceTree = "<group>"; };
		5A2FEA3025155ABC00A6C688 /* roguevector.h */ = {isa = PBXFileReference; fileEncoding = 4; lastKnownFileType = sourcecode.c.h; path = roguevector.h; sourceTree = "<group>"; };
		5A2FEA3225155ABC00A6C688 /* accumulatoralgorithm.h */ = {isa = PBXFileReference; fileEncoding = 4; lastKnownFileType = sourcecode.c.h; path = accumulatoralgorithm.h; sourceTree = "<group>"; };
		5A2FEA3325155ABC00A6C688 /* source.h */ = {isa = PBXFileReference; fileEncoding = 4; lastKnownFileType = sourcecode.c.h; path = source.h; sourceTree = "<group>"; };
		5A2FEA3525155ABC00A6C688 /* vectoroutput.h */ = {isa = PBXFileReference; fileEncoding = 4; lastKnownFileType = sourcecode.c.h; path = vectoroutput.h; sourceTree = "<group>"; };
		5A2FEA3625155ABC00A6C688 /* poolstorage.h */ = {isa = PBXFileReference; fileEncoding = 4; lastKnownFileType = sourcecode.c.h; path = poolstorage.h; sourceTree = "<group>"; };
		5A2FEA3725155ABC00A6C688 /* ringbufferinput.h */ = {isa = PBXFileReference; fileEncoding = 4; lastKnownFileType = sourcecode.c.h; path = ringbufferinput.h; sourceTree = "<group>"; };
		5A2FEA3825155ABC00A6C688 /* diskwriter.h */ = {isa = PBXFileReference; fileEncoding = 4; lastKnownFileType = sourcecode.c.h; path = diskwriter.h; sourceTree = "<group>"; };
		5A2FEA3925155ABC00A6C688 /* ringbuffervectoroutput.h */ = {isa = PBXFileReference; fileEncoding = 4; lastKnownFileType = sourcecode.c.h; path = ringbuffervectoroutput.h; sourceTree = "<group>"; };
		5A2FEA3A25155ABC00A6C688 /* devnull.h */ = {isa = PBXFileReference; fileEncoding = 4; lastKnownFileType = sourcecode.c.h; path = devnull.h; sourceTree = "<group>"; };
		5A2FEA3B25155ABC00A6C688 /* vectorinput.h */ = {isa = PBXFileReference; fileEncoding = 4; lastKnownFileType = sourcecode.c.h; path = vectorinput.h; sourceTree = "<group>"; };
		5A2FEA3C25155ABC00A6C688 /* fileoutput.h */ = {isa = PBXFileReference; fileEncoding = 4; lastKnownFileType = sourcecode.c.h; path = fileoutput.h; sourceTree = "<group>"; };
		5A2FEA3D25155ABC00A6C688 /* ringbufferoutput.h */ = {isa = PBXFileReference; fileEncoding = 4; lastKnownFileType = sourcecode.c.h; path = ringbufferoutput.h; sourceTree = "<group>"; };
		5A2FEA3E25155ABC00A6C688 /* copy.h */ = {isa = PBXFileReference; fileEncoding = 4; lastKnownFileType = sourcecode.c.h; path = copy.h; sourceTree = "<group>"; };
		5A2FEA3F25155ABC00A6C688 /* phantombuffer.h */ = {isa = PBXFileReference; fileEncoding = 4; lastKnownFileType = sourcecode.c.h; path = phantombuffer.h; sourceTree = "<group>"; };
		5A2FEA4025155ABC00A6C688 /* sourceproxy.h */ = {isa = PBXFileReference; fileEncoding = 4; lastKnownFileType = sourcecode.c.h; path = sourceproxy.h; sourceTree = "<group>"; };
		5A2FEA4125155ABC00A6C688 /* sink.h */ = {isa = PBXFileReference; fileEncoding = 4; lastKnownFileType = sourcecode.c.h; path = sink.h; sourceTree = "<group>"; };
		5A2FEA4225155ABC00A6C688 /* streamingalgorithmwrapper.h */ = {isa = PBXFileReference; fileEncoding = 4; lastKnownFileType = sourcecode.c.h; path = streamingalgorithmwrapper.h; sourceTree = "<group>"; };
		5A2FEA4325155ABC00A6C688 /* sourcebase.h */ = {isa = PBXFileReference; fileEncoding = 4; lastKnownFileType = sourcecode.c.h; path = sourcebase.h; sourceTree = "<group>"; };
		5A2FEA4425155ABC00A6C688 /* streamingalgorithmcomposite.h */ = {isa = PBXFileReference; fileEncoding = 4; lastKnownFileType = sourcecode.c.h; path = streamingalgorithmcomposite.h; sourceTree = "<group>"; };
		5A2FEA4525155ABC00A6C688 /* phantombuffer_impl.h */ = {isa = PBXFileReference; fileEncoding = 4; lastKnownFileType = sourcecode.c.h; path = phantombuffer_impl.h; sourceTree = "<group>"; };
		5A2FEA4625155ABC00A6C688 /* sinkproxy.h */ = {isa = PBXFileReference; fileEncoding = 4; lastKnownFileType = sourcecode.c.h; path = sinkproxy.h; sourceTree = "<group>"; };
		5A2FEA4725155ABC00A6C688 /* multiratebuffer.h */ = {isa = PBXFileReference; fileEncoding = 4; lastKnownFileType = sourcecode.c.h; path = multiratebuffer.h; sourceTree = "<group>"; };
		5A2FEA4825155ABC00A6C688 /* streamingalgorithm.h */ = {isa = PBXFileReference; fileEncoding = 4; lastKnownFileType = sourcecode.c.h; path = streamingalgorithm.h; sourceTree = "<group>"; };
		5A2FEA4925155ABC00A6C688 /* sinkbase.h */ = {isa = PBXFileReference; fileEncoding = 4; lastKnownFileType = sourcecode.c.h; path = sinkbase.h; sourceTree = "<group>"; };
		5A2FEA4B25155ABC00A6C688 /* libswresample.a */ = {isa = PBXFileReference; lastKnownFileType = archive.ar; path = libswresample.a; sourceTree = "<group>"; };
		5A2FEA4C25155ABC00A6C688 /* debugging.h */ = {isa = PBXFileReference; fileEncoding = 4; lastKnownFileType = sourcecode.c.h; path = debugging.h; sourceTree = "<group>"; };
		5A2FEA4D25155ABC00A6C688 /* algorithmfactory.h */ = {isa = PBXFileReference; fileEncoding = 4; lastKnownFileType = sourcecode.c.h; path = algorithmfactory.h; sourceTree = "<group>"; };
		5A2FEA4F25155ABC00A6C688 /* libessentia.a */ = {isa = PBXFileReference; lastKnownFileType = archive.ar; path = libessentia.a; sourceTree = "<group>"; };
		5A2FEA5025155ABC00A6C688 /* connector.h */ = {isa = PBXFileReference; fileEncoding = 4; lastKnownFileType = sourcecode.c.h; path = connector.h; sourceTree = "<group>"; };
		5A2FEA5125155ABC00A6C688 /* algorithmfactory_impl.h */ = {isa = PBXFileReference; fileEncoding = 4; lastKnownFileType = sourcecode.c.h; path = algorithmfactory_impl.h; sourceTree = "<group>"; };
		5A2FEA5525155ABC00A6C688 /* libsamplerate.a */ = {isa = PBXFileReference; lastKnownFileType = archive.ar; path = libsamplerate.a; sourceTree = "<group>"; };
		5A2FEA5625155ABC00A6C688 /* streamutil.h */ = {isa = PBXFileReference; fileEncoding = 4; lastKnownFileType = sourcecode.c.h; path = streamutil.h; sourceTree = "<group>"; };
		5A2FEA5A2515619B00A6C688 /* libavresample.a */ = {isa = PBXFileReference; lastKnownFileType = archive.ar; path = libavresample.a; sourceTree = "<group>"; };
		5A2FEA5D251567FD00A6C688 /* libavcodec.a */ = {isa = PBXFileReference; lastKnownFileType = archive.ar; path = libavcodec.a; sourceTree = "<group>"; };
		5A2FEA5E251567FD00A6C688 /* libswscale.a */ = {isa = PBXFileReference; lastKnownFileType = archive.ar; path = libswscale.a; sourceTree = "<group>"; };
		5A2FEA5F251567FD00A6C688 /* libavfilter.a */ = {isa = PBXFileReference; lastKnownFileType = archive.ar; path = libavfilter.a; sourceTree = "<group>"; };
		5A2FEA60251567FD00A6C688 /* libavformat.a */ = {isa = PBXFileReference; lastKnownFileType = archive.ar; path = libavformat.a; sourceTree = "<group>"; };
		5A2FEA61251567FD00A6C688 /* libavutil.a */ = {isa = PBXFileReference; lastKnownFileType = archive.ar; path = libavutil.a; sourceTree = "<group>"; };
		5A2FEA62251567FD00A6C688 /* libavdevice.a */ = {isa = PBXFileReference; lastKnownFileType = archive.ar; path = libavdevice.a; sourceTree = "<group>"; };
		5A2FEA6A2515691700A6C688 /* VideoToolbox.framework */ = {isa = PBXFileReference; lastKnownFileType = wrapper.framework; name = VideoToolbox.framework; path = System/Library/Frameworks/VideoToolbox.framework; sourceTree = SDKROOT; };
		5A2FEA6C2515699000A6C688 /* libbz2.tbd */ = {isa = PBXFileReference; lastKnownFileType = "sourcecode.text-based-dylib-definition"; name = libbz2.tbd; path = usr/lib/libbz2.tbd; sourceTree = SDKROOT; };
		5A2FEA6E25156B6400A6C688 /* libz.tbd */ = {isa = PBXFileReference; lastKnownFileType = "sourcecode.text-based-dylib-definition"; name = libz.tbd; path = usr/lib/libz.tbd; sourceTree = SDKROOT; };
		5A2FEA7025156BAE00A6C688 /* libc.tbd */ = {isa = PBXFileReference; lastKnownFileType = "sourcecode.text-based-dylib-definition"; name = libc.tbd; path = usr/lib/libc.tbd; sourceTree = SDKROOT; };
		5A2FEA7225156BD200A6C688 /* libc++.tbd */ = {isa = PBXFileReference; lastKnownFileType = "sourcecode.text-based-dylib-definition"; name = "libc++.tbd"; path = "usr/lib/libc++.tbd"; sourceTree = SDKROOT; };
		5A2FEA7425156C0400A6C688 /* libiconv.tbd */ = {isa = PBXFileReference; lastKnownFileType = "sourcecode.text-based-dylib-definition"; name = libiconv.tbd; path = usr/lib/libiconv.tbd; sourceTree = SDKROOT; };
		5A2FEA762515D21000A6C688 /* dLog.swift */ = {isa = PBXFileReference; fileEncoding = 4; lastKnownFileType = sourcecode.swift; path = dLog.swift; sourceTree = "<group>"; };
		5A2FEA782515D25200A6C688 /* FileFinder.swift */ = {isa = PBXFileReference; lastKnownFileType = sourcecode.swift; path = FileFinder.swift; sourceTree = "<group>"; };
		5A2FEA7A2515D4BC00A6C688 /* InfoView.swift */ = {isa = PBXFileReference; lastKnownFileType = sourcecode.swift; path = InfoView.swift; sourceTree = "<group>"; };
		5A2FEA7C2515D55600A6C688 /* Essentia Licensing.txt */ = {isa = PBXFileReference; fileEncoding = 4; lastKnownFileType = text; path = "Essentia Licensing.txt"; sourceTree = "<group>"; };
		5A2FEA802515E14900A6C688 /* StoreKit.framework */ = {isa = PBXFileReference; lastKnownFileType = wrapper.framework; name = StoreKit.framework; path = System/Library/Frameworks/StoreKit.framework; sourceTree = SDKROOT; };
		5A2FEA822515E18300A6C688 /* IAPManager.swift */ = {isa = PBXFileReference; lastKnownFileType = sourcecode.swift; path = IAPManager.swift; sourceTree = "<group>"; };
		5A402BCC2159B932005BD956 /* AudioKit.framework */ = {isa = PBXFileReference; lastKnownFileType = wrapper.framework; name = AudioKit.framework; path = AudioPlayer1/AudioKit.framework; sourceTree = "<group>"; };
		5A402BD02159D207005BD956 /* ManagerTests.swift */ = {isa = PBXFileReference; lastKnownFileType = sourcecode.swift; path = ManagerTests.swift; sourceTree = "<group>"; };
		5A402BD22159D62C005BD956 /* Managers.swift */ = {isa = PBXFileReference; lastKnownFileType = sourcecode.swift; path = Managers.swift; sourceTree = "<group>"; };
		5A402BD5215B4E9E005BD956 /* Controls.xib */ = {isa = PBXFileReference; lastKnownFileType = file.xib; path = Controls.xib; sourceTree = "<group>"; };
		5A4060BD25077FED002A806D /* NewMusicView.swift */ = {isa = PBXFileReference; lastKnownFileType = sourcecode.swift; path = NewMusicView.swift; sourceTree = "<group>"; };
		5A4060BF25078003002A806D /* NewMusicState.swift */ = {isa = PBXFileReference; lastKnownFileType = sourcecode.swift; path = NewMusicState.swift; sourceTree = "<group>"; };
		5A4FE9AB25118929006BE8AC /* en */ = {isa = PBXFileReference; lastKnownFileType = text.plist.strings; name = en; path = en.lproj/Localizable.strings; sourceTree = "<group>"; };
		5A4FE9AD25118988006BE8AC /* es */ = {isa = PBXFileReference; lastKnownFileType = text.plist.strings; name = es; path = es.lproj/Localizable.strings; sourceTree = "<group>"; };
		5A4FE9AE25118D1B006BE8AC /* zh-Hans */ = {isa = PBXFileReference; lastKnownFileType = text.plist.strings; name = "zh-Hans"; path = "zh-Hans.lproj/Localizable.strings"; sourceTree = "<group>"; };
		5A4FE9AF251191D9006BE8AC /* zh-Hant */ = {isa = PBXFileReference; lastKnownFileType = text.plist.strings; name = "zh-Hant"; path = "zh-Hant.lproj/Localizable.strings"; sourceTree = "<group>"; };
		5A4FE9B025119278006BE8AC /* ja */ = {isa = PBXFileReference; lastKnownFileType = text.plist.strings; name = ja; path = ja.lproj/Localizable.strings; sourceTree = "<group>"; };
		5A4FE9B12511933F006BE8AC /* fr */ = {isa = PBXFileReference; lastKnownFileType = text.plist.strings; name = fr; path = fr.lproj/Localizable.strings; sourceTree = "<group>"; };
		5A4FE9B225119405006BE8AC /* de */ = {isa = PBXFileReference; lastKnownFileType = text.plist.strings; name = de; path = de.lproj/Localizable.strings; sourceTree = "<group>"; };
		5A4FE9B325119699006BE8AC /* ru */ = {isa = PBXFileReference; lastKnownFileType = text.plist.strings; name = ru; path = ru.lproj/Localizable.strings; sourceTree = "<group>"; };
		5A4FE9B4251197B6006BE8AC /* pt-BR */ = {isa = PBXFileReference; lastKnownFileType = text.plist.strings; name = "pt-BR"; path = "pt-BR.lproj/Localizable.strings"; sourceTree = "<group>"; };
		5A4FE9B525119880006BE8AC /* pt-PT */ = {isa = PBXFileReference; lastKnownFileType = text.plist.strings; name = "pt-PT"; path = "pt-PT.lproj/Localizable.strings"; sourceTree = "<group>"; };
		5A4FE9B625119891006BE8AC /* it */ = {isa = PBXFileReference; lastKnownFileType = text.plist.strings; name = it; path = it.lproj/Localizable.strings; sourceTree = "<group>"; };
		5A4FE9B72511993D006BE8AC /* ko */ = {isa = PBXFileReference; lastKnownFileType = text.plist.strings; name = ko; path = ko.lproj/Localizable.strings; sourceTree = "<group>"; };
		5A4FE9B8251199CF006BE8AC /* ar */ = {isa = PBXFileReference; lastKnownFileType = text.plist.strings; name = ar; path = ar.lproj/Localizable.strings; sourceTree = "<group>"; };
		5A4FE9B925119AB1006BE8AC /* tr */ = {isa = PBXFileReference; lastKnownFileType = text.plist.strings; name = tr; path = tr.lproj/Localizable.strings; sourceTree = "<group>"; };
		5A4FE9BA25119B56006BE8AC /* th */ = {isa = PBXFileReference; lastKnownFileType = text.plist.strings; name = th; path = th.lproj/Localizable.strings; sourceTree = "<group>"; };
		5A51AC1D214DCC090063E3FF /* AudioPlayerTests.xctest */ = {isa = PBXFileReference; explicitFileType = wrapper.cfbundle; includeInIndex = 0; path = AudioPlayerTests.xctest; sourceTree = BUILT_PRODUCTS_DIR; };
		5A51AC21214DCC0A0063E3FF /* Info.plist */ = {isa = PBXFileReference; lastKnownFileType = text.plist.xml; path = Info.plist; sourceTree = "<group>"; };
		5A765B9624E248BA00815BB3 /* AudioPlayer1.entitlements */ = {isa = PBXFileReference; lastKnownFileType = text.plist.entitlements; path = AudioPlayer1.entitlements; sourceTree = "<group>"; };
		5A7AD6F72179859400090A86 /* ViewModelTests.swift */ = {isa = PBXFileReference; lastKnownFileType = sourcecode.swift; path = ViewModelTests.swift; sourceTree = "<group>"; };
		5A7AD6F92179881B00090A86 /* HandlerTests.swift */ = {isa = PBXFileReference; lastKnownFileType = sourcecode.swift; path = HandlerTests.swift; sourceTree = "<group>"; };
		5A7AD6FB2179886B00090A86 /* QueueTests.swift */ = {isa = PBXFileReference; lastKnownFileType = sourcecode.swift; path = QueueTests.swift; sourceTree = "<group>"; };
		5AB5162C20A2A05700BE5028 /* SongExporter.swift */ = {isa = PBXFileReference; fileEncoding = 4; lastKnownFileType = sourcecode.swift; path = SongExporter.swift; sourceTree = "<group>"; };
		5ABA30951DCBC97D006E5999 /* AudioPlayer1.app */ = {isa = PBXFileReference; explicitFileType = wrapper.application; includeInIndex = 0; path = AudioPlayer1.app; sourceTree = BUILT_PRODUCTS_DIR; };
		5ABA30981DCBC97D006E5999 /* AppDelegate.swift */ = {isa = PBXFileReference; lastKnownFileType = sourcecode.swift; path = AppDelegate.swift; sourceTree = "<group>"; };
		5ABA309D1DCBC97D006E5999 /* Base */ = {isa = PBXFileReference; lastKnownFileType = file.storyboard; name = Base; path = Base.lproj/Main.storyboard; sourceTree = "<group>"; };
		5ABA309F1DCBC97D006E5999 /* Assets.xcassets */ = {isa = PBXFileReference; lastKnownFileType = folder.assetcatalog; path = Assets.xcassets; sourceTree = "<group>"; };
		5ABA30A21DCBC97D006E5999 /* Base */ = {isa = PBXFileReference; lastKnownFileType = file.storyboard; name = Base; path = Base.lproj/LaunchScreen.storyboard; sourceTree = "<group>"; };
		5ABA30A41DCBC97D006E5999 /* Info.plist */ = {isa = PBXFileReference; lastKnownFileType = text.plist.xml; path = Info.plist; sourceTree = "<group>"; };
		5ABEAF611F19851E008E5BB5 /* Models.swift */ = {isa = PBXFileReference; fileEncoding = 4; lastKnownFileType = sourcecode.swift; path = Models.swift; sourceTree = "<group>"; };
		5AF19F891E95A0B1004E38C9 /* AVFoundation.framework */ = {isa = PBXFileReference; lastKnownFileType = wrapper.framework; name = AVFoundation.framework; path = System/Library/Frameworks/AVFoundation.framework; sourceTree = SDKROOT; };
		5AF19F8B1E95A0BA004E38C9 /* MediaPlayer.framework */ = {isa = PBXFileReference; lastKnownFileType = wrapper.framework; name = MediaPlayer.framework; path = System/Library/Frameworks/MediaPlayer.framework; sourceTree = SDKROOT; };
/* End PBXFileReference section */

/* Begin PBXFrameworksBuildPhase section */
		5A51AC1A214DCC090063E3FF /* Frameworks */ = {
			isa = PBXFrameworksBuildPhase;
			buildActionMask = 2147483647;
			files = (
			);
			runOnlyForDeploymentPostprocessing = 0;
		};
		5ABA30921DCBC97D006E5999 /* Frameworks */ = {
			isa = PBXFrameworksBuildPhase;
			buildActionMask = 2147483647;
			files = (
				5A2FEA7525156C0400A6C688 /* libiconv.tbd in Frameworks */,
				5A2FEA6F25156B6400A6C688 /* libz.tbd in Frameworks */,
				5A2FEA6D251569B800A6C688 /* libbz2.tbd in Frameworks */,
				5A2FEA65251567FD00A6C688 /* libavfilter.a in Frameworks */,
				5A241D6521811E0200BBA177 /* CoreGraphics.framework in Frameworks */,
				5A2FEA5925155ABC00A6C688 /* libsamplerate.a in Frameworks */,
				5A2FEA64251567FD00A6C688 /* libswscale.a in Frameworks */,
				5A2FEA812515E14900A6C688 /* StoreKit.framework in Frameworks */,
				5A2FEA67251567FD00A6C688 /* libavutil.a in Frameworks */,
				5A2FE9B62514925A00A6C688 /* Accelerate.framework in Frameworks */,
				5AF19F8C1E95A0BA004E38C9 /* MediaPlayer.framework in Frameworks */,
				5A2FEA69251568B100A6C688 /* libswresample.a in Frameworks */,
				5A2FEA66251567FD00A6C688 /* libavformat.a in Frameworks */,
				5AF19F8A1E95A0B1004E38C9 /* AVFoundation.framework in Frameworks */,
				5A2FEA68251567FD00A6C688 /* libavdevice.a in Frameworks */,
				5A2FEA6B2515691700A6C688 /* VideoToolbox.framework in Frameworks */,
				5A2FEA63251567FD00A6C688 /* libavcodec.a in Frameworks */,
				5A2FEA5825155ABC00A6C688 /* libessentia.a in Frameworks */,
				5A2FEA5C2515619B00A6C688 /* libavresample.a in Frameworks */,
			);
			runOnlyForDeploymentPostprocessing = 0;
		};
/* End PBXFrameworksBuildPhase section */

/* Begin PBXGroup section */
		5A16FC8F24E4871100DA6EAB /* SwiftUI */ = {
			isa = PBXGroup;
			children = (
				5A4060BA25077F4E002A806D /* UIKitRepresentable */,
				5A16FC9024E4872D00DA6EAB /* ContentView.swift */,
				5A2FEA7A2515D4BC00A6C688 /* InfoView.swift */,
				5A4060BD25077FED002A806D /* NewMusicView.swift */,
				5A16FC9424E506F900DA6EAB /* AppState.swift */,
				5A16FC9624E5FE5500DA6EAB /* Interactor.swift */,
				5A4060BF25078003002A806D /* NewMusicState.swift */,
			);
			path = SwiftUI;
			sourceTree = "<group>";
		};
		5A2C0BCC20CC4A0700742203 /* iOS */ = {
			isa = PBXGroup;
			children = (
				5A2FE9DE25155ABB00A6C688 /* essentia-lib */,
				5A16FC8F24E4871100DA6EAB /* SwiftUI */,
				5ABA30981DCBC97D006E5999 /* AppDelegate.swift */,
				5A16FC8D24E3A68300DA6EAB /* SceneDelegate.swift */,
				5AB5162C20A2A05700BE5028 /* SongExporter.swift */,
				5A0B3FEC1F74CEF100A60D9F /* Preload.plist */,
				5ABA309C1DCBC97D006E5999 /* Main.storyboard */,
				5ABA30A11DCBC97D006E5999 /* LaunchScreen.storyboard */,
				5A402BD5215B4E9E005BD956 /* Controls.xib */,
				5ABA30A41DCBC97D006E5999 /* Info.plist */,
				5A01949D215D5B75003C76F5 /* Settings.bundle */,
				5A2FE941251410D600A6C688 /* EssentiaTempoHandler.mm */,
			);
			name = iOS;
			sourceTree = "<group>";
		};
		5A2FE9DE25155ABB00A6C688 /* essentia-lib */ = {
			isa = PBXGroup;
			children = (
				5A2FEA5D251567FD00A6C688 /* libavcodec.a */,
				5A2FEA62251567FD00A6C688 /* libavdevice.a */,
				5A2FEA5F251567FD00A6C688 /* libavfilter.a */,
				5A2FEA60251567FD00A6C688 /* libavformat.a */,
				5A2FEA61251567FD00A6C688 /* libavutil.a */,
				5A2FEA5E251567FD00A6C688 /* libswscale.a */,
				5A2FEA5A2515619B00A6C688 /* libavresample.a */,
				5A2FE9DF25155ABB00A6C688 /* essentia.h */,
				5A2FE9E025155ABB00A6C688 /* iotypewrappers_impl.h */,
				5A2FE9E125155ABB00A6C688 /* range.h */,
				5A2FE9E225155ABB00A6C688 /* version.h */,
				5A2FE9E325155ABB00A6C688 /* pool.h */,
				5A2FE9E425155ABB00A6C688 /* configurable.h */,
				5A2FE9E525155ABB00A6C688 /* streamconnector.h */,
				5A2FE9E625155ABB00A6C688 /* algorithm.h */,
				5A2FE9E725155ABB00A6C688 /* config.h */,
				5A2FE9E825155ABB00A6C688 /* types.h */,
				5A2FE9E925155ABB00A6C688 /* parameter.h */,
				5A2FE9EA25155ABB00A6C688 /* threading.h */,
				5A2FE9EB25155ABB00A6C688 /* iotypewrappers.h */,
				5A2FE9EC25155ABB00A6C688 /* scheduler */,
				5A2FE9F025155ABB00A6C688 /* essentiamath.h */,
				5A2FE9F125155ABB00A6C688 /* stringutil.h */,
				5A2FE9F225155ABB00A6C688 /* essentiautil.h */,
				5A2FE9F425155ABB00A6C688 /* utils */,
				5A2FEA3025155ABC00A6C688 /* roguevector.h */,
				5A2FEA3125155ABC00A6C688 /* streaming */,
				5A2FEA4B25155ABC00A6C688 /* libswresample.a */,
				5A2FEA4C25155ABC00A6C688 /* debugging.h */,
				5A2FEA4D25155ABC00A6C688 /* algorithmfactory.h */,
				5A2FEA4F25155ABC00A6C688 /* libessentia.a */,
				5A2FEA5025155ABC00A6C688 /* connector.h */,
				5A2FEA5125155ABC00A6C688 /* algorithmfactory_impl.h */,
				5A2FEA5525155ABC00A6C688 /* libsamplerate.a */,
				5A2FEA5625155ABC00A6C688 /* streamutil.h */,
			);
			path = "essentia-lib";
			sourceTree = "<group>";
		};
		5A2FE9EC25155ABB00A6C688 /* scheduler */ = {
			isa = PBXGroup;
			children = (
				5A2FE9ED25155ABB00A6C688 /* network.h */,
				5A2FE9EE25155ABB00A6C688 /* networkparser.h */,
				5A2FE9EF25155ABB00A6C688 /* graphutils.h */,
			);
			path = scheduler;
			sourceTree = "<group>";
		};
		5A2FE9F425155ABB00A6C688 /* utils */ = {
			isa = PBXGroup;
			children = (
				5A2FE9F525155ABB00A6C688 /* asciidagparser.h */,
				5A2FE9F625155ABB00A6C688 /* asciidag.h */,
				5A2FE9F725155ABB00A6C688 /* metadatautils.h */,
				5A2FE9F825155ABB00A6C688 /* audiocontext.h */,
				5A2FE9F925155ABB00A6C688 /* extractor_music */,
				5A2FEA0025155ABB00A6C688 /* bpmutil.h */,
				5A2FEA0125155ABB00A6C688 /* output.h */,
				5A2FEA0225155ABB00A6C688 /* tnt */,
				5A2FEA1F25155ABC00A6C688 /* ringbufferimpl.h */,
				5A2FEA2025155ABC00A6C688 /* synth_utils.h */,
				5A2FEA2125155ABC00A6C688 /* betools.h */,
				5A2FEA2225155ABC00A6C688 /* MersenneTwister.h */,
				5A2FEA2325155ABC00A6C688 /* extractor_freesound */,
				5A2FEA2A25155ABC00A6C688 /* ffmpegapi.h */,
				5A2FEA2B25155ABC00A6C688 /* peak.h */,
				5A2FEA2C25155ABC00A6C688 /* yamlast.h */,
				5A2FEA2D25155ABC00A6C688 /* jsonconvert.h */,
				5A2FEA2E25155ABC00A6C688 /* atomic.h */,
				5A2FEA2F25155ABC00A6C688 /* bpfutil.h */,
			);
			path = utils;
			sourceTree = "<group>";
		};
		5A2FE9F925155ABB00A6C688 /* extractor_music */ = {
			isa = PBXGroup;
			children = (
				5A2FE9FA25155ABB00A6C688 /* MusicLowlevelDescriptors.h */,
				5A2FE9FB25155ABB00A6C688 /* MusicDescriptorsSet.h */,
				5A2FE9FC25155ABB00A6C688 /* extractor_version.h */,
				5A2FE9FD25155ABB00A6C688 /* MusicTonalDescriptors.h */,
				5A2FE9FE25155ABB00A6C688 /* MusicRhythmDescriptors.h */,
				5A2FE9FF25155ABB00A6C688 /* tagwhitelist.h */,
			);
			path = extractor_music;
			sourceTree = "<group>";
		};
		5A2FEA0225155ABB00A6C688 /* tnt */ = {
			isa = PBXGroup;
			children = (
				5A2FEA0325155ABB00A6C688 /* tnt_fortran_array3d.h */,
				5A2FEA0425155ABB00A6C688 /* tnt2vector.h */,
				5A2FEA0525155ABB00A6C688 /* tnt_math_utils.h */,
				5A2FEA0625155ABB00A6C688 /* tnt_array1d.h */,
				5A2FEA0725155ABB00A6C688 /* tnt_fortran_array2d.h */,
				5A2FEA0825155ABB00A6C688 /* tnt_version.h */,
				5A2FEA0925155ABB00A6C688 /* tnt_array3d_utils.h */,
				5A2FEA0A25155ABB00A6C688 /* tnt_array2d_utils.h */,
				5A2FEA0B25155ABB00A6C688 /* jama_svd.h */,
				5A2FEA0C25155ABB00A6C688 /* tnt2essentiautils.h */,
				5A2FEA0D25155ABB00A6C688 /* tnt_fortran_array1d_utils.h */,
				5A2FEA0E25155ABB00A6C688 /* tnt_i_refvec.h */,
				5A2FEA0F25155ABB00A6C688 /* tnt_cmat.h */,
				5A2FEA1025155ABB00A6C688 /* tnt_vec.h */,
				5A2FEA1125155ABB00A6C688 /* tnt.h */,
				5A2FEA1225155ABB00A6C688 /* jama_qr.h */,
				5A2FEA1325155ABB00A6C688 /* jama_cholesky.h */,
				5A2FEA1425155ABB00A6C688 /* tnt_stopwatch.h */,
				5A2FEA1525155ABB00A6C688 /* tnt_subscript.h */,
				5A2FEA1625155ABB00A6C688 /* tnt_array3d.h */,
				5A2FEA1725155ABB00A6C688 /* tnt_fortran_array1d.h */,
				5A2FEA1825155ABB00A6C688 /* jama_lu.h */,
				5A2FEA1925155ABB00A6C688 /* tnt_fortran_array3d_utils.h */,
				5A2FEA1A25155ABC00A6C688 /* tnt_fortran_array2d_utils.h */,
				5A2FEA1B25155ABC00A6C688 /* tnt_sparse_matrix_csr.h */,
				5A2FEA1C25155ABC00A6C688 /* jama_eig.h */,
				5A2FEA1D25155ABC00A6C688 /* tnt_array1d_utils.h */,
				5A2FEA1E25155ABC00A6C688 /* tnt_array2d.h */,
			);
			path = tnt;
			sourceTree = "<group>";
		};
		5A2FEA2325155ABC00A6C688 /* extractor_freesound */ = {
			isa = PBXGroup;
			children = (
				5A2FEA2425155ABC00A6C688 /* FreesoundLowlevelDescriptors.h */,
				5A2FEA2525155ABC00A6C688 /* FreesoundDescriptorsSet.h */,
				5A2FEA2625155ABC00A6C688 /* FreesoundTonalDescriptors.h */,
				5A2FEA2725155ABC00A6C688 /* FreesoundSfxDescriptors.h */,
				5A2FEA2825155ABC00A6C688 /* extractor_version.h */,
				5A2FEA2925155ABC00A6C688 /* FreesoundRhythmDescriptors.h */,
			);
			path = extractor_freesound;
			sourceTree = "<group>";
		};
		5A2FEA3125155ABC00A6C688 /* streaming */ = {
			isa = PBXGroup;
			children = (
				5A2FEA3225155ABC00A6C688 /* accumulatoralgorithm.h */,
				5A2FEA3325155ABC00A6C688 /* source.h */,
				5A2FEA3425155ABC00A6C688 /* algorithms */,
				5A2FEA3F25155ABC00A6C688 /* phantombuffer.h */,
				5A2FEA4025155ABC00A6C688 /* sourceproxy.h */,
				5A2FEA4125155ABC00A6C688 /* sink.h */,
				5A2FEA4225155ABC00A6C688 /* streamingalgorithmwrapper.h */,
				5A2FEA4325155ABC00A6C688 /* sourcebase.h */,
				5A2FEA4425155ABC00A6C688 /* streamingalgorithmcomposite.h */,
				5A2FEA4525155ABC00A6C688 /* phantombuffer_impl.h */,
				5A2FEA4625155ABC00A6C688 /* sinkproxy.h */,
				5A2FEA4725155ABC00A6C688 /* multiratebuffer.h */,
				5A2FEA4825155ABC00A6C688 /* streamingalgorithm.h */,
				5A2FEA4925155ABC00A6C688 /* sinkbase.h */,
			);
			path = streaming;
			sourceTree = "<group>";
		};
		5A2FEA3425155ABC00A6C688 /* algorithms */ = {
			isa = PBXGroup;
			children = (
				5A2FEA3525155ABC00A6C688 /* vectoroutput.h */,
				5A2FEA3625155ABC00A6C688 /* poolstorage.h */,
				5A2FEA3725155ABC00A6C688 /* ringbufferinput.h */,
				5A2FEA3825155ABC00A6C688 /* diskwriter.h */,
				5A2FEA3925155ABC00A6C688 /* ringbuffervectoroutput.h */,
				5A2FEA3A25155ABC00A6C688 /* devnull.h */,
				5A2FEA3B25155ABC00A6C688 /* vectorinput.h */,
				5A2FEA3C25155ABC00A6C688 /* fileoutput.h */,
				5A2FEA3D25155ABC00A6C688 /* ringbufferoutput.h */,
				5A2FEA3E25155ABC00A6C688 /* copy.h */,
			);
			path = algorithms;
			sourceTree = "<group>";
		};
		5A4060BA25077F4E002A806D /* UIKitRepresentable */ = {
			isa = PBXGroup;
			children = (
			);
			path = UIKitRepresentable;
			sourceTree = "<group>";
		};
		5A51AC1E214DCC090063E3FF /* AudioPlayerTests */ = {
			isa = PBXGroup;
			children = (
				5A01949A215C9225003C76F5 /* tracks_test */,
				5A16FC9224E506AE00DA6EAB /* StateTests.swift */,
				5A402BD02159D207005BD956 /* ManagerTests.swift */,
				5A7AD6F72179859400090A86 /* ViewModelTests.swift */,
				5A7AD6F92179881B00090A86 /* HandlerTests.swift */,
				5A7AD6FB2179886B00090A86 /* QueueTests.swift */,
				5A51AC21214DCC0A0063E3FF /* Info.plist */,
			);
			path = AudioPlayerTests;
			sourceTree = "<group>";
		};
		5ABA308C1DCBC97D006E5999 = {
			isa = PBXGroup;
			children = (
				5ABA30971DCBC97D006E5999 /* AudioPlayer1 */,
				5A51AC1E214DCC090063E3FF /* AudioPlayerTests */,
				5ABA30961DCBC97D006E5999 /* Products */,
				5AF19F881E95A0B1004E38C9 /* Frameworks */,
			);
			sourceTree = "<group>";
		};
		5ABA30961DCBC97D006E5999 /* Products */ = {
			isa = PBXGroup;
			children = (
				5ABA30951DCBC97D006E5999 /* AudioPlayer1.app */,
				5A51AC1D214DCC090063E3FF /* AudioPlayerTests.xctest */,
			);
			name = Products;
			sourceTree = "<group>";
		};
		5ABA30971DCBC97D006E5999 /* AudioPlayer1 */ = {
			isa = PBXGroup;
			children = (
				5A765B9624E248BA00815BB3 /* AudioPlayer1.entitlements */,
				5A2C0BCC20CC4A0700742203 /* iOS */,
				5ABEAF611F19851E008E5BB5 /* Models.swift */,
				5A01949F215F0917003C76F5 /* Handlers.swift */,
				5A402BD22159D62C005BD956 /* Managers.swift */,
				5A2FEA822515E18300A6C688 /* IAPManager.swift */,
				5A241D3521810E9300BBA177 /* AudioPlayer1-Bridging-Header.h */,
				5A2FEA762515D21000A6C688 /* dLog.swift */,
				5A2FEA782515D25200A6C688 /* FileFinder.swift */,
				5A2FEA7C2515D55600A6C688 /* Essentia Licensing.txt */,
				5ABA309F1DCBC97D006E5999 /* Assets.xcassets */,
				5A4FE9AC25118929006BE8AC /* Localizable.strings */,
			);
			path = AudioPlayer1;
			sourceTree = "<group>";
		};
		5AF19F881E95A0B1004E38C9 /* Frameworks */ = {
			isa = PBXGroup;
			children = (
				5A2FEA802515E14900A6C688 /* StoreKit.framework */,
				5A2FEA7425156C0400A6C688 /* libiconv.tbd */,
				5A2FEA7225156BD200A6C688 /* libc++.tbd */,
				5A2FEA7025156BAE00A6C688 /* libc.tbd */,
				5A2FEA6E25156B6400A6C688 /* libz.tbd */,
				5A2FEA6C2515699000A6C688 /* libbz2.tbd */,
				5A2FEA6A2515691700A6C688 /* VideoToolbox.framework */,
				5A2FE9B52514925A00A6C688 /* Accelerate.framework */,
				5A241D6421811E0200BBA177 /* CoreGraphics.framework */,
				5A402BCC2159B932005BD956 /* AudioKit.framework */,
				5AF19F8B1E95A0BA004E38C9 /* MediaPlayer.framework */,
				5AF19F891E95A0B1004E38C9 /* AVFoundation.framework */,
				5A2FE93F25140E4D00A6C688 /* libessentia.a */,
			);
			name = Frameworks;
			sourceTree = "<group>";
		};
/* End PBXGroup section */

/* Begin PBXNativeTarget section */
		5A51AC1C214DCC090063E3FF /* AudioPlayerTests */ = {
			isa = PBXNativeTarget;
			buildConfigurationList = 5A51AC26214DCC0A0063E3FF /* Build configuration list for PBXNativeTarget "AudioPlayerTests" */;
			buildPhases = (
				5A51AC19214DCC090063E3FF /* Sources */,
				5A51AC1A214DCC090063E3FF /* Frameworks */,
				5A51AC1B214DCC090063E3FF /* Resources */,
			);
			buildRules = (
			);
			dependencies = (
				5A51AC23214DCC0A0063E3FF /* PBXTargetDependency */,
			);
			name = AudioPlayerTests;
			productName = AudioPlayerTests;
			productReference = 5A51AC1D214DCC090063E3FF /* AudioPlayerTests.xctest */;
			productType = "com.apple.product-type.bundle.unit-test";
		};
		5ABA30941DCBC97D006E5999 /* AudioPlayer1 */ = {
			isa = PBXNativeTarget;
			buildConfigurationList = 5ABA30A71DCBC97D006E5999 /* Build configuration list for PBXNativeTarget "AudioPlayer1" */;
			buildPhases = (
				5ABA30911DCBC97D006E5999 /* Sources */,
				5ABA30921DCBC97D006E5999 /* Frameworks */,
				5ABA30931DCBC97D006E5999 /* Resources */,
				5A0E1BCA2086A21600FD3954 /* Embed App Extensions */,
				5A72E4D6218AA960000BB1A2 /* ShellScript */,
			);
			buildRules = (
			);
			dependencies = (
			);
			name = AudioPlayer1;
			productName = AudioPlayer1;
			productReference = 5ABA30951DCBC97D006E5999 /* AudioPlayer1.app */;
			productType = "com.apple.product-type.application";
		};
/* End PBXNativeTarget section */

/* Begin PBXProject section */
		5ABA308D1DCBC97D006E5999 /* Project object */ = {
			isa = PBXProject;
			attributes = {
				LastSwiftUpdateCheck = 1000;
				LastUpgradeCheck = 1200;
				ORGANIZATIONNAME = "Hunter Eisler";
				TargetAttributes = {
					5A51AC1C214DCC090063E3FF = {
						CreatedOnToolsVersion = 9.4.1;
						DevelopmentTeam = TN69P7NFS6;
						LastSwiftMigration = 1200;
						ProvisioningStyle = Automatic;
						TestTargetID = 5ABA30941DCBC97D006E5999;
					};
					5ABA30941DCBC97D006E5999 = {
						CreatedOnToolsVersion = 8.1;
						DevelopmentTeam = TN69P7NFS6;
						LastSwiftMigration = 1200;
						ProvisioningStyle = Automatic;
						SystemCapabilities = {
							com.apple.Push = {
								enabled = 1;
							};
							com.apple.Siri = {
								enabled = 0;
							};
							com.apple.iCloud = {
								enabled = 0;
							};
						};
					};
				};
			};
			buildConfigurationList = 5ABA30901DCBC97D006E5999 /* Build configuration list for PBXProject "AudioPlayer1" */;
			compatibilityVersion = "Xcode 3.2";
			developmentRegion = en;
			hasScannedForEncodings = 0;
			knownRegions = (
				en,
				Base,
				es,
				"zh-Hans",
				"zh-Hant",
				ja,
				fr,
				de,
				ru,
				"pt-BR",
				"pt-PT",
				it,
				ko,
				ar,
				tr,
				th,
			);
			mainGroup = 5ABA308C1DCBC97D006E5999;
			productRefGroup = 5ABA30961DCBC97D006E5999 /* Products */;
			projectDirPath = "";
			projectRoot = "";
			targets = (
				5ABA30941DCBC97D006E5999 /* AudioPlayer1 */,
				5A51AC1C214DCC090063E3FF /* AudioPlayerTests */,
			);
		};
/* End PBXProject section */

/* Begin PBXResourcesBuildPhase section */
		5A51AC1B214DCC090063E3FF /* Resources */ = {
			isa = PBXResourcesBuildPhase;
			buildActionMask = 2147483647;
			files = (
				5A01949B215C9225003C76F5 /* tracks_test in Resources */,
			);
			runOnlyForDeploymentPostprocessing = 0;
		};
		5ABA30931DCBC97D006E5999 /* Resources */ = {
			isa = PBXResourcesBuildPhase;
			buildActionMask = 2147483647;
			files = (
				5A402BD6215B4E9E005BD956 /* Controls.xib in Resources */,
				5ABA30A31DCBC97D006E5999 /* LaunchScreen.storyboard in Resources */,
				5ABA30A01DCBC97D006E5999 /* Assets.xcassets in Resources */,
				5A01949E215D5B75003C76F5 /* Settings.bundle in Resources */,
				5ABA309E1DCBC97D006E5999 /* Main.storyboard in Resources */,
				5A4FE9AA25118929006BE8AC /* Localizable.strings in Resources */,
				5A01949C215C947B003C76F5 /* tracks_test in Resources */,
				5A0B3FED1F74CEF100A60D9F /* Preload.plist in Resources */,
				5A2FEA7D2515D55600A6C688 /* Essentia Licensing.txt in Resources */,
			);
			runOnlyForDeploymentPostprocessing = 0;
		};
/* End PBXResourcesBuildPhase section */

/* Begin PBXShellScriptBuildPhase section */
		5A72E4D6218AA960000BB1A2 /* ShellScript */ = {
			isa = PBXShellScriptBuildPhase;
			buildActionMask = 2147483647;
			files = (
			);
			inputFileListPaths = (
			);
			inputPaths = (
			);
			outputFileListPaths = (
			);
			outputPaths = (
			);
			runOnlyForDeploymentPostprocessing = 0;
			shellPath = /bin/sh;
			shellScript = "# Type a script or drag a script file from your workspace to insert its path.\nKEYWORDS=\"TODO|FIXME|\\?\\?\\?:|\\!\\!\\!:\"\nfind \"${SRCROOT}\" \\( -name \"*.swift\" \\) -print0 | \\\nxargs -0 egrep --with-filename --line-number --only-matching \"($KEYWORDS).*\\$\" | \\\nperl -p -e \"s/($KEYWORDS)/ warning: \\$1/\"\n";
		};
/* End PBXShellScriptBuildPhase section */

/* Begin PBXSourcesBuildPhase section */
		5A51AC19214DCC090063E3FF /* Sources */ = {
			isa = PBXSourcesBuildPhase;
			buildActionMask = 2147483647;
			files = (
				5A7AD6F82179859500090A86 /* ViewModelTests.swift in Sources */,
				5A7AD6FA2179881B00090A86 /* HandlerTests.swift in Sources */,
				5A16FC9324E506AE00DA6EAB /* StateTests.swift in Sources */,
				5A402BD12159D207005BD956 /* ManagerTests.swift in Sources */,
				5A7AD6FC2179886B00090A86 /* QueueTests.swift in Sources */,
			);
			runOnlyForDeploymentPostprocessing = 0;
		};
		5ABA30911DCBC97D006E5999 /* Sources */ = {
			isa = PBXSourcesBuildPhase;
			buildActionMask = 2147483647;
			files = (
				5A2FEA832515E18300A6C688 /* IAPManager.swift in Sources */,
				5AB5162D20A2A05700BE5028 /* SongExporter.swift in Sources */,
				5A16FC9524E506F900DA6EAB /* AppState.swift in Sources */,
				5ABEAF621F19851E008E5BB5 /* Models.swift in Sources */,
				5A4060BE25077FED002A806D /* NewMusicView.swift in Sources */,
				5A2FEA772515D21000A6C688 /* dLog.swift in Sources */,
				5A2FEA792515D25200A6C688 /* FileFinder.swift in Sources */,
				5A16FC9124E4874B00DA6EAB /* ContentView.swift in Sources */,
				5A16FC8E24E3A68300DA6EAB /* SceneDelegate.swift in Sources */,
				5A0194A0215F0917003C76F5 /* Handlers.swift in Sources */,
				5A402BD32159D62C005BD956 /* Managers.swift in Sources */,
				5A4060C025078003002A806D /* NewMusicState.swift in Sources */,
				5A16FC9724E5FE5500DA6EAB /* Interactor.swift in Sources */,
				5A2FE942251410D600A6C688 /* EssentiaTempoHandler.mm in Sources */,
				5A2FEA7B2515D4BD00A6C688 /* InfoView.swift in Sources */,
				5ABA30991DCBC97D006E5999 /* AppDelegate.swift in Sources */,
			);
			runOnlyForDeploymentPostprocessing = 0;
		};
/* End PBXSourcesBuildPhase section */

/* Begin PBXTargetDependency section */
		5A51AC23214DCC0A0063E3FF /* PBXTargetDependency */ = {
			isa = PBXTargetDependency;
			target = 5ABA30941DCBC97D006E5999 /* AudioPlayer1 */;
			targetProxy = 5A51AC22214DCC0A0063E3FF /* PBXContainerItemProxy */;
		};
/* End PBXTargetDependency section */

/* Begin PBXVariantGroup section */
		5A4FE9AC25118929006BE8AC /* Localizable.strings */ = {
			isa = PBXVariantGroup;
			children = (
				5A4FE9AB25118929006BE8AC /* en */,
				5A4FE9AD25118988006BE8AC /* es */,
				5A4FE9AE25118D1B006BE8AC /* zh-Hans */,
				5A4FE9AF251191D9006BE8AC /* zh-Hant */,
				5A4FE9B025119278006BE8AC /* ja */,
				5A4FE9B12511933F006BE8AC /* fr */,
				5A4FE9B225119405006BE8AC /* de */,
				5A4FE9B325119699006BE8AC /* ru */,
				5A4FE9B4251197B6006BE8AC /* pt-BR */,
				5A4FE9B525119880006BE8AC /* pt-PT */,
				5A4FE9B625119891006BE8AC /* it */,
				5A4FE9B72511993D006BE8AC /* ko */,
				5A4FE9B8251199CF006BE8AC /* ar */,
				5A4FE9B925119AB1006BE8AC /* tr */,
				5A4FE9BA25119B56006BE8AC /* th */,
			);
			name = Localizable.strings;
			sourceTree = "<group>";
		};
		5ABA309C1DCBC97D006E5999 /* Main.storyboard */ = {
			isa = PBXVariantGroup;
			children = (
				5ABA309D1DCBC97D006E5999 /* Base */,
			);
			name = Main.storyboard;
			sourceTree = "<group>";
		};
		5ABA30A11DCBC97D006E5999 /* LaunchScreen.storyboard */ = {
			isa = PBXVariantGroup;
			children = (
				5ABA30A21DCBC97D006E5999 /* Base */,
			);
			name = LaunchScreen.storyboard;
			sourceTree = "<group>";
		};
/* End PBXVariantGroup section */

/* Begin XCBuildConfiguration section */
		5A51AC24214DCC0A0063E3FF /* Debug */ = {
			isa = XCBuildConfiguration;
			buildSettings = {
				BUNDLE_LOADER = "$(TEST_HOST)";
				CLANG_ANALYZER_NUMBER_OBJECT_CONVERSION = YES_AGGRESSIVE;
				CLANG_CXX_LANGUAGE_STANDARD = "gnu++14";
				CLANG_ENABLE_OBJC_WEAK = YES;
				CLANG_WARN_UNGUARDED_AVAILABILITY = YES_AGGRESSIVE;
				CODE_SIGN_STYLE = Automatic;
				DEVELOPMENT_TEAM = TN69P7NFS6;
				GCC_C_LANGUAGE_STANDARD = gnu11;
				INFOPLIST_FILE = AudioPlayerTests/Info.plist;
				IPHONEOS_DEPLOYMENT_TARGET = 13.0;
				LD_RUNPATH_SEARCH_PATHS = "$(inherited) @executable_path/Frameworks @loader_path/Frameworks";
				PRODUCT_BUNDLE_IDENTIFIER = com.eisler.AudioPlayerTests;
				PRODUCT_NAME = "$(TARGET_NAME)";
				SWIFT_VERSION = 5.0;
				TARGETED_DEVICE_FAMILY = "1,2";
				TEST_HOST = "$(BUILT_PRODUCTS_DIR)/AudioPlayer1.app/AudioPlayer1";
			};
			name = Debug;
		};
		5A51AC25214DCC0A0063E3FF /* Release */ = {
			isa = XCBuildConfiguration;
			buildSettings = {
				BUNDLE_LOADER = "$(TEST_HOST)";
				CLANG_ANALYZER_NUMBER_OBJECT_CONVERSION = YES_AGGRESSIVE;
				CLANG_CXX_LANGUAGE_STANDARD = "gnu++14";
				CLANG_ENABLE_OBJC_WEAK = YES;
				CLANG_WARN_UNGUARDED_AVAILABILITY = YES_AGGRESSIVE;
				CODE_SIGN_STYLE = Automatic;
				DEVELOPMENT_TEAM = TN69P7NFS6;
				GCC_C_LANGUAGE_STANDARD = gnu11;
				INFOPLIST_FILE = AudioPlayerTests/Info.plist;
				IPHONEOS_DEPLOYMENT_TARGET = 13.0;
				LD_RUNPATH_SEARCH_PATHS = "$(inherited) @executable_path/Frameworks @loader_path/Frameworks";
				PRODUCT_BUNDLE_IDENTIFIER = com.eisler.AudioPlayerTests;
				PRODUCT_NAME = "$(TARGET_NAME)";
				SWIFT_VERSION = 5.0;
				TARGETED_DEVICE_FAMILY = "1,2";
				TEST_HOST = "$(BUILT_PRODUCTS_DIR)/AudioPlayer1.app/AudioPlayer1";
			};
			name = Release;
		};
		5ABA30A51DCBC97D006E5999 /* Debug */ = {
			isa = XCBuildConfiguration;
			buildSettings = {
				ALWAYS_SEARCH_USER_PATHS = NO;
				CLANG_ANALYZER_LOCALIZABILITY_NONLOCALIZED = YES;
				CLANG_ANALYZER_NONNULL = YES;
				CLANG_CXX_LANGUAGE_STANDARD = "gnu++0x";
				CLANG_CXX_LIBRARY = "libc++";
				CLANG_ENABLE_MODULES = YES;
				CLANG_ENABLE_OBJC_ARC = YES;
				CLANG_WARN_BLOCK_CAPTURE_AUTORELEASING = YES;
				CLANG_WARN_BOOL_CONVERSION = YES;
				CLANG_WARN_COMMA = YES;
				CLANG_WARN_CONSTANT_CONVERSION = YES;
				CLANG_WARN_DEPRECATED_OBJC_IMPLEMENTATIONS = YES;
				CLANG_WARN_DIRECT_OBJC_ISA_USAGE = YES_ERROR;
				CLANG_WARN_DOCUMENTATION_COMMENTS = YES;
				CLANG_WARN_EMPTY_BODY = YES;
				CLANG_WARN_ENUM_CONVERSION = YES;
				CLANG_WARN_INFINITE_RECURSION = YES;
				CLANG_WARN_INT_CONVERSION = YES;
				CLANG_WARN_NON_LITERAL_NULL_CONVERSION = YES;
				CLANG_WARN_OBJC_IMPLICIT_RETAIN_SELF = YES;
				CLANG_WARN_OBJC_LITERAL_CONVERSION = YES;
				CLANG_WARN_OBJC_ROOT_CLASS = YES_ERROR;
				CLANG_WARN_QUOTED_INCLUDE_IN_FRAMEWORK_HEADER = YES;
				CLANG_WARN_RANGE_LOOP_ANALYSIS = YES;
				CLANG_WARN_STRICT_PROTOTYPES = YES;
				CLANG_WARN_SUSPICIOUS_MOVE = YES;
				CLANG_WARN_SUSPICIOUS_MOVES = YES;
				CLANG_WARN_UNREACHABLE_CODE = YES;
				CLANG_WARN__DUPLICATE_METHOD_MATCH = YES;
				CODE_SIGN_IDENTITY = "iPhone Developer";
				"CODE_SIGN_IDENTITY[sdk=iphoneos*]" = "iPhone Developer";
				COPY_PHASE_STRIP = NO;
				DEBUG_INFORMATION_FORMAT = dwarf;
				ENABLE_STRICT_OBJC_MSGSEND = YES;
				ENABLE_TESTABILITY = YES;
				GCC_C_LANGUAGE_STANDARD = gnu99;
				GCC_DYNAMIC_NO_PIC = NO;
				GCC_NO_COMMON_BLOCKS = YES;
				GCC_OPTIMIZATION_LEVEL = 0;
				GCC_PREPROCESSOR_DEFINITIONS = (
					"DEBUG=1",
					"$(inherited)",
				);
				GCC_WARN_64_TO_32_BIT_CONVERSION = YES;
				GCC_WARN_ABOUT_RETURN_TYPE = YES_ERROR;
				GCC_WARN_UNDECLARED_SELECTOR = YES;
				GCC_WARN_UNINITIALIZED_AUTOS = YES_AGGRESSIVE;
				GCC_WARN_UNUSED_FUNCTION = YES;
				GCC_WARN_UNUSED_VARIABLE = YES;
				IPHONEOS_DEPLOYMENT_TARGET = 13.0;
				MTL_ENABLE_DEBUG_INFO = YES;
				ONLY_ACTIVE_ARCH = YES;
				SDKROOT = iphoneos;
				SWIFT_ACTIVE_COMPILATION_CONDITIONS = DEBUG;
				SWIFT_OPTIMIZATION_LEVEL = "-Onone";
				TARGETED_DEVICE_FAMILY = "1,2";
			};
			name = Debug;
		};
		5ABA30A61DCBC97D006E5999 /* Release */ = {
			isa = XCBuildConfiguration;
			buildSettings = {
				ALWAYS_SEARCH_USER_PATHS = NO;
				CLANG_ANALYZER_LOCALIZABILITY_NONLOCALIZED = YES;
				CLANG_ANALYZER_NONNULL = YES;
				CLANG_CXX_LANGUAGE_STANDARD = "gnu++0x";
				CLANG_CXX_LIBRARY = "libc++";
				CLANG_ENABLE_MODULES = YES;
				CLANG_ENABLE_OBJC_ARC = YES;
				CLANG_WARN_BLOCK_CAPTURE_AUTORELEASING = YES;
				CLANG_WARN_BOOL_CONVERSION = YES;
				CLANG_WARN_COMMA = YES;
				CLANG_WARN_CONSTANT_CONVERSION = YES;
				CLANG_WARN_DEPRECATED_OBJC_IMPLEMENTATIONS = YES;
				CLANG_WARN_DIRECT_OBJC_ISA_USAGE = YES_ERROR;
				CLANG_WARN_DOCUMENTATION_COMMENTS = YES;
				CLANG_WARN_EMPTY_BODY = YES;
				CLANG_WARN_ENUM_CONVERSION = YES;
				CLANG_WARN_INFINITE_RECURSION = YES;
				CLANG_WARN_INT_CONVERSION = YES;
				CLANG_WARN_NON_LITERAL_NULL_CONVERSION = YES;
				CLANG_WARN_OBJC_IMPLICIT_RETAIN_SELF = YES;
				CLANG_WARN_OBJC_LITERAL_CONVERSION = YES;
				CLANG_WARN_OBJC_ROOT_CLASS = YES_ERROR;
				CLANG_WARN_QUOTED_INCLUDE_IN_FRAMEWORK_HEADER = YES;
				CLANG_WARN_RANGE_LOOP_ANALYSIS = YES;
				CLANG_WARN_STRICT_PROTOTYPES = YES;
				CLANG_WARN_SUSPICIOUS_MOVE = YES;
				CLANG_WARN_SUSPICIOUS_MOVES = YES;
				CLANG_WARN_UNREACHABLE_CODE = YES;
				CLANG_WARN__DUPLICATE_METHOD_MATCH = YES;
				CODE_SIGN_IDENTITY = "iPhone Developer";
				"CODE_SIGN_IDENTITY[sdk=iphoneos*]" = "iPhone Distribution";
				COPY_PHASE_STRIP = NO;
				DEBUG_INFORMATION_FORMAT = "dwarf-with-dsym";
				ENABLE_NS_ASSERTIONS = NO;
				ENABLE_STRICT_OBJC_MSGSEND = YES;
				GCC_C_LANGUAGE_STANDARD = gnu99;
				GCC_NO_COMMON_BLOCKS = YES;
				GCC_WARN_64_TO_32_BIT_CONVERSION = YES;
				GCC_WARN_ABOUT_RETURN_TYPE = YES_ERROR;
				GCC_WARN_UNDECLARED_SELECTOR = YES;
				GCC_WARN_UNINITIALIZED_AUTOS = YES_AGGRESSIVE;
				GCC_WARN_UNUSED_FUNCTION = YES;
				GCC_WARN_UNUSED_VARIABLE = YES;
				IPHONEOS_DEPLOYMENT_TARGET = 13.0;
				MTL_ENABLE_DEBUG_INFO = NO;
				SDKROOT = iphoneos;
				SWIFT_OPTIMIZATION_LEVEL = "-Owholemodule";
				TARGETED_DEVICE_FAMILY = "1,2";
				VALIDATE_PRODUCT = YES;
			};
			name = Release;
		};
		5ABA30A81DCBC97D006E5999 /* Debug */ = {
			isa = XCBuildConfiguration;
			buildSettings = {
				ASSETCATALOG_COMPILER_APPICON_NAME = TwoDotsIcon;
				CLANG_ENABLE_MODULES = YES;
				CODE_SIGN_ENTITLEMENTS = AudioPlayer1/AudioPlayer1.entitlements;
				"CODE_SIGN_IDENTITY[sdk=iphoneos*]" = "iPhone Developer";
				CURRENT_PROJECT_VERSION = 3;
				DEVELOPMENT_TEAM = TN69P7NFS6;
				ENABLE_BITCODE = NO;
				FRAMEWORK_SEARCH_PATHS = (
					"$(inherited)",
					"$(PROJECT_DIR)/AudioPlayer1",
				);
				GCC_SYMBOLS_PRIVATE_EXTERN = NO;
				INFOPLIST_FILE = AudioPlayer1/Info.plist;
				IPHONEOS_DEPLOYMENT_TARGET = 14.0;
				LD_RUNPATH_SEARCH_PATHS = "$(inherited) @executable_path/Frameworks";
				LIBRARY_SEARCH_PATHS = (
					"$(inherited)",
					"$(PROJECT_DIR)/AudioPlayer1",
					"$(PROJECT_DIR)/AudioPlayer1/essentia-lib",
				);
				MARKETING_VERSION = 1.0.1;
				OTHER_LDFLAGS = "-lstdc++";
				PRODUCT_BUNDLE_IDENTIFIER = com.eisler.AudioPlayer1;
				PRODUCT_NAME = "$(TARGET_NAME)";
				PROVISIONING_PROFILE_SPECIFIER = "";
				SUPPORTS_MACCATALYST = NO;
				SWIFT_INSTALL_OBJC_HEADER = NO;
				SWIFT_OBJC_BRIDGING_HEADER = "$(PROJECT_DIR)/$(PROJECT_NAME)/$(PROJECT_NAME)-Bridging-Header.h";
				SWIFT_OBJC_INTERFACE_HEADER_NAME = "";
				SWIFT_OPTIMIZATION_LEVEL = "-Onone";
				SWIFT_VERSION = 5.0;
			};
			name = Debug;
		};
		5ABA30A91DCBC97D006E5999 /* Release */ = {
			isa = XCBuildConfiguration;
			buildSettings = {
				ASSETCATALOG_COMPILER_APPICON_NAME = TwoDotsIcon;
				CLANG_ENABLE_MODULES = YES;
				CODE_SIGN_ENTITLEMENTS = AudioPlayer1/AudioPlayer1.entitlements;
				"CODE_SIGN_IDENTITY[sdk=iphoneos*]" = "iPhone Developer";
				CURRENT_PROJECT_VERSION = 3;
				DEVELOPMENT_TEAM = TN69P7NFS6;
				ENABLE_BITCODE = NO;
				FRAMEWORK_SEARCH_PATHS = (
					"$(inherited)",
					"$(PROJECT_DIR)/AudioPlayer1",
				);
				GCC_SYMBOLS_PRIVATE_EXTERN = NO;
				INFOPLIST_FILE = AudioPlayer1/Info.plist;
				IPHONEOS_DEPLOYMENT_TARGET = 14.0;
				LD_RUNPATH_SEARCH_PATHS = "$(inherited) @executable_path/Frameworks";
				LIBRARY_SEARCH_PATHS = (
					"$(inherited)",
					"$(PROJECT_DIR)/AudioPlayer1",
					"$(PROJECT_DIR)/AudioPlayer1/essentia-lib",
				);
				MARKETING_VERSION = 1.0.1;
				OTHER_LDFLAGS = "-lstdc++";
				PRODUCT_BUNDLE_IDENTIFIER = com.eisler.AudioPlayer1;
				PRODUCT_NAME = "$(TARGET_NAME)";
				PROVISIONING_PROFILE_SPECIFIER = "";
				SUPPORTS_MACCATALYST = NO;
				SWIFT_INSTALL_OBJC_HEADER = NO;
				SWIFT_OBJC_BRIDGING_HEADER = "$(PROJECT_DIR)/$(PROJECT_NAME)/$(PROJECT_NAME)-Bridging-Header.h";
				SWIFT_OBJC_INTERFACE_HEADER_NAME = "";
				SWIFT_VERSION = 5.0;
			};
			name = Release;
		};
/* End XCBuildConfiguration section */

/* Begin XCConfigurationList section */
		5A51AC26214DCC0A0063E3FF /* Build configuration list for PBXNativeTarget "AudioPlayerTests" */ = {
			isa = XCConfigurationList;
			buildConfigurations = (
				5A51AC24214DCC0A0063E3FF /* Debug */,
				5A51AC25214DCC0A0063E3FF /* Release */,
			);
			defaultConfigurationIsVisible = 0;
			defaultConfigurationName = Release;
		};
		5ABA30901DCBC97D006E5999 /* Build configuration list for PBXProject "AudioPlayer1" */ = {
			isa = XCConfigurationList;
			buildConfigurations = (
				5ABA30A51DCBC97D006E5999 /* Debug */,
				5ABA30A61DCBC97D006E5999 /* Release */,
			);
			defaultConfigurationIsVisible = 0;
			defaultConfigurationName = Release;
		};
		5ABA30A71DCBC97D006E5999 /* Build configuration list for PBXNativeTarget "AudioPlayer1" */ = {
			isa = XCConfigurationList;
			buildConfigurations = (
				5ABA30A81DCBC97D006E5999 /* Debug */,
				5ABA30A91DCBC97D006E5999 /* Release */,
			);
			defaultConfigurationIsVisible = 0;
			defaultConfigurationName = Release;
		};
/* End XCConfigurationList section */
	};
	rootObject = 5ABA308D1DCBC97D006E5999 /* Project object */;
}
